// !$*UTF8*$!
{
	archiveVersion = 1;
	classes = {
	};
	objectVersion = 46;
	objects = {

/* Begin PBXBuildFile section */
		A70462381AF7AB39005F2FE8 /* AVFoundation.framework in Frameworks */ = {isa = PBXBuildFile; fileRef = A70462371AF7AB39005F2FE8 /* AVFoundation.framework */; };
		A704623B1AF7ABEC005F2FE8 /* libz.dylib in Frameworks */ = {isa = PBXBuildFile; fileRef = A704623A1AF7ABEC005F2FE8 /* libz.dylib */; };
		A704623D1AF7ABFA005F2FE8 /* libstdc++.dylib in Frameworks */ = {isa = PBXBuildFile; fileRef = A704623C1AF7ABFA005F2FE8 /* libstdc++.dylib */; };
		A704623F1AF7AC09005F2FE8 /* ImageIO.framework in Frameworks */ = {isa = PBXBuildFile; fileRef = A704623E1AF7AC09005F2FE8 /* ImageIO.framework */; };
		A70462411AF7AC1A005F2FE8 /* Security.framework in Frameworks */ = {isa = PBXBuildFile; fileRef = A70462401AF7AC1A005F2FE8 /* Security.framework */; };
		A70462431AF7AC35005F2FE8 /* QuartzCore.framework in Frameworks */ = {isa = PBXBuildFile; fileRef = A70462421AF7AC35005F2FE8 /* QuartzCore.framework */; };
		A70462451AF7AC4B005F2FE8 /* AudioToolbox.framework in Frameworks */ = {isa = PBXBuildFile; fileRef = A70462441AF7AC4A005F2FE8 /* AudioToolbox.framework */; };
		A70462471AF7AC5A005F2FE8 /* MessageUI.framework in Frameworks */ = {isa = PBXBuildFile; fileRef = A70462461AF7AC5A005F2FE8 /* MessageUI.framework */; };
		A70462491AF7AC6A005F2FE8 /* CoreGraphics.framework in Frameworks */ = {isa = PBXBuildFile; fileRef = A70462481AF7AC6A005F2FE8 /* CoreGraphics.framework */; };
		A704624B1AF7AC89005F2FE8 /* SystemConfiguration.framework in Frameworks */ = {isa = PBXBuildFile; fileRef = A704624A1AF7AC89005F2FE8 /* SystemConfiguration.framework */; };
		A704624D1AF7AC9F005F2FE8 /* CoreTelephony.framework in Frameworks */ = {isa = PBXBuildFile; fileRef = A704624C1AF7AC9F005F2FE8 /* CoreTelephony.framework */; };
		A704624F1AF7ACDC005F2FE8 /* MobileCoreServices.framework in Frameworks */ = {isa = PBXBuildFile; fileRef = A704624E1AF7ACDC005F2FE8 /* MobileCoreServices.framework */; };
		A70462511AF7ACEE005F2FE8 /* libicucore.dylib in Frameworks */ = {isa = PBXBuildFile; fileRef = A70462501AF7ACEE005F2FE8 /* libicucore.dylib */; };
		A70462691AF7B2D1005F2FE8 /* Foundation.framework in Frameworks */ = {isa = PBXBuildFile; fileRef = A70462681AF7B2D1005F2FE8 /* Foundation.framework */; };
		A704627A1AF7C3FB005F2FE8 /* AnimCollectionViewCell.m in Sources */ = {isa = PBXBuildFile; fileRef = A70462791AF7C3FB005F2FE8 /* AnimCollectionViewCell.m */; };
		A778C4831AEFD8E80058185F /* PageViewTableViewCell.m in Sources */ = {isa = PBXBuildFile; fileRef = A778C4821AEFD8E80058185F /* PageViewTableViewCell.m */; };
		A778C4861AF11BC90058185F /* StoreViewTableViewCell.m in Sources */ = {isa = PBXBuildFile; fileRef = A778C4851AF11BC90058185F /* StoreViewTableViewCell.m */; };
		A78F9F551AED36C700F6CE9C /* main.m in Sources */ = {isa = PBXBuildFile; fileRef = A78F9F541AED36C700F6CE9C /* main.m */; };
		A78F9F581AED36C700F6CE9C /* AppDelegate.m in Sources */ = {isa = PBXBuildFile; fileRef = A78F9F571AED36C700F6CE9C /* AppDelegate.m */; };
		A78F9F5E1AED36C700F6CE9C /* Main.storyboard in Resources */ = {isa = PBXBuildFile; fileRef = A78F9F5C1AED36C700F6CE9C /* Main.storyboard */; };
		A78F9F601AED36C700F6CE9C /* Images.xcassets in Resources */ = {isa = PBXBuildFile; fileRef = A78F9F5F1AED36C700F6CE9C /* Images.xcassets */; };
		A78F9F631AED36C700F6CE9C /* LaunchScreen.xib in Resources */ = {isa = PBXBuildFile; fileRef = A78F9F611AED36C700F6CE9C /* LaunchScreen.xib */; };
		A78F9F6F1AED36C700F6CE9C /* ChnwordTests.m in Sources */ = {isa = PBXBuildFile; fileRef = A78F9F6E1AED36C700F6CE9C /* ChnwordTests.m */; };
		A78F9F7B1AEE684D00F6CE9C /* SplashViewController.m in Sources */ = {isa = PBXBuildFile; fileRef = A78F9F7A1AEE684D00F6CE9C /* SplashViewController.m */; };
		A78F9F7E1AEE685900F6CE9C /* GuideViewController.m in Sources */ = {isa = PBXBuildFile; fileRef = A78F9F7D1AEE685900F6CE9C /* GuideViewController.m */; };
		A78F9F811AEE68B900F6CE9C /* MainViewController.m in Sources */ = {isa = PBXBuildFile; fileRef = A78F9F801AEE68B900F6CE9C /* MainViewController.m */; };
		A78F9F841AEE68C900F6CE9C /* PageViewController.m in Sources */ = {isa = PBXBuildFile; fileRef = A78F9F831AEE68C900F6CE9C /* PageViewController.m */; };
		A78F9F871AEE68DA00F6CE9C /* StoreViewController.m in Sources */ = {isa = PBXBuildFile; fileRef = A78F9F861AEE68DA00F6CE9C /* StoreViewController.m */; };
		A78F9F8A1AEE68E500F6CE9C /* UserViewController.m in Sources */ = {isa = PBXBuildFile; fileRef = A78F9F891AEE68E500F6CE9C /* UserViewController.m */; };
		A78F9F901AEE6AB400F6CE9C /* AnimViewController.m in Sources */ = {isa = PBXBuildFile; fileRef = A78F9F8F1AEE6AB400F6CE9C /* AnimViewController.m */; };
		A78F9F931AEE6ABF00F6CE9C /* ScanViewController.m in Sources */ = {isa = PBXBuildFile; fileRef = A78F9F921AEE6ABF00F6CE9C /* ScanViewController.m */; };
		A78F9F961AEE6BB200F6CE9C /* ResultViewController.m in Sources */ = {isa = PBXBuildFile; fileRef = A78F9F951AEE6BB200F6CE9C /* ResultViewController.m */; };
		A78F9F991AEE730200F6CE9C /* RegisterViewController.m in Sources */ = {isa = PBXBuildFile; fileRef = A78F9F981AEE730200F6CE9C /* RegisterViewController.m */; };
		A78F9F9B1AEE736000F6CE9C /* Resource in Resources */ = {isa = PBXBuildFile; fileRef = A78F9F9A1AEE736000F6CE9C /* Resource */; };
		A7DD18DD1AF916BB00F4FE21 /* CoreLocation.framework in Frameworks */ = {isa = PBXBuildFile; fileRef = A7DD18DC1AF916BB00F4FE21 /* CoreLocation.framework */; };
		A7E14C641AF6646D00018386 /* ModelTableViewCell.m in Sources */ = {isa = PBXBuildFile; fileRef = A7E14C631AF6646D00018386 /* ModelTableViewCell.m */; };
		A7E14C671AF664D300018386 /* FontCollectionViewCell.m in Sources */ = {isa = PBXBuildFile; fileRef = A7E14C661AF664D300018386 /* FontCollectionViewCell.m */; };
/* End PBXBuildFile section */

/* Begin PBXContainerItemProxy section */
		A78F9F691AED36C700F6CE9C /* PBXContainerItemProxy */ = {
			isa = PBXContainerItemProxy;
			containerPortal = A78F9F471AED36C700F6CE9C /* Project object */;
			proxyType = 1;
			remoteGlobalIDString = A78F9F4E1AED36C700F6CE9C;
			remoteInfo = Chnword;
		};
/* End PBXContainerItemProxy section */

/* Begin PBXFileReference section */
		A70462371AF7AB39005F2FE8 /* AVFoundation.framework */ = {isa = PBXFileReference; lastKnownFileType = wrapper.framework; name = AVFoundation.framework; path = System/Library/Frameworks/AVFoundation.framework; sourceTree = SDKROOT; };
		A704623A1AF7ABEC005F2FE8 /* libz.dylib */ = {isa = PBXFileReference; lastKnownFileType = "compiled.mach-o.dylib"; name = libz.dylib; path = usr/lib/libz.dylib; sourceTree = SDKROOT; };
		A704623C1AF7ABFA005F2FE8 /* libstdc++.dylib */ = {isa = PBXFileReference; lastKnownFileType = "compiled.mach-o.dylib"; name = "libstdc++.dylib"; path = "usr/lib/libstdc++.dylib"; sourceTree = SDKROOT; };
		A704623E1AF7AC09005F2FE8 /* ImageIO.framework */ = {isa = PBXFileReference; lastKnownFileType = wrapper.framework; name = ImageIO.framework; path = System/Library/Frameworks/ImageIO.framework; sourceTree = SDKROOT; };
		A70462401AF7AC1A005F2FE8 /* Security.framework */ = {isa = PBXFileReference; lastKnownFileType = wrapper.framework; name = Security.framework; path = System/Library/Frameworks/Security.framework; sourceTree = SDKROOT; };
		A70462421AF7AC35005F2FE8 /* QuartzCore.framework */ = {isa = PBXFileReference; lastKnownFileType = wrapper.framework; name = QuartzCore.framework; path = System/Library/Frameworks/QuartzCore.framework; sourceTree = SDKROOT; };
		A70462441AF7AC4A005F2FE8 /* AudioToolbox.framework */ = {isa = PBXFileReference; lastKnownFileType = wrapper.framework; name = AudioToolbox.framework; path = System/Library/Frameworks/AudioToolbox.framework; sourceTree = SDKROOT; };
		A70462461AF7AC5A005F2FE8 /* MessageUI.framework */ = {isa = PBXFileReference; lastKnownFileType = wrapper.framework; name = MessageUI.framework; path = System/Library/Frameworks/MessageUI.framework; sourceTree = SDKROOT; };
		A70462481AF7AC6A005F2FE8 /* CoreGraphics.framework */ = {isa = PBXFileReference; lastKnownFileType = wrapper.framework; name = CoreGraphics.framework; path = System/Library/Frameworks/CoreGraphics.framework; sourceTree = SDKROOT; };
		A704624A1AF7AC89005F2FE8 /* SystemConfiguration.framework */ = {isa = PBXFileReference; lastKnownFileType = wrapper.framework; name = SystemConfiguration.framework; path = System/Library/Frameworks/SystemConfiguration.framework; sourceTree = SDKROOT; };
		A704624C1AF7AC9F005F2FE8 /* CoreTelephony.framework */ = {isa = PBXFileReference; lastKnownFileType = wrapper.framework; name = CoreTelephony.framework; path = System/Library/Frameworks/CoreTelephony.framework; sourceTree = SDKROOT; };
		A704624E1AF7ACDC005F2FE8 /* MobileCoreServices.framework */ = {isa = PBXFileReference; lastKnownFileType = wrapper.framework; name = MobileCoreServices.framework; path = System/Library/Frameworks/MobileCoreServices.framework; sourceTree = SDKROOT; };
		A70462501AF7ACEE005F2FE8 /* libicucore.dylib */ = {isa = PBXFileReference; lastKnownFileType = "compiled.mach-o.dylib"; name = libicucore.dylib; path = usr/lib/libicucore.dylib; sourceTree = SDKROOT; };
		A70462681AF7B2D1005F2FE8 /* Foundation.framework */ = {isa = PBXFileReference; lastKnownFileType = wrapper.framework; name = Foundation.framework; path = System/Library/Frameworks/Foundation.framework; sourceTree = SDKROOT; };
		A70462761AF7B3E3005F2FE8 /* NSObject+Delay.h */ = {isa = PBXFileReference; lastKnownFileType = sourcecode.c.h; path = "NSObject+Delay.h"; sourceTree = "<group>"; };
		A70462771AF7B3E3005F2FE8 /* NSObject+Delay.m */ = {isa = PBXFileReference; lastKnownFileType = sourcecode.c.objc; path = "NSObject+Delay.m"; sourceTree = "<group>"; };
		A70462781AF7C3FB005F2FE8 /* AnimCollectionViewCell.h */ = {isa = PBXFileReference; fileEncoding = 4; lastKnownFileType = sourcecode.c.h; path = AnimCollectionViewCell.h; sourceTree = "<group>"; };
		A70462791AF7C3FB005F2FE8 /* AnimCollectionViewCell.m */ = {isa = PBXFileReference; fileEncoding = 4; lastKnownFileType = sourcecode.c.objc; path = AnimCollectionViewCell.m; sourceTree = "<group>"; };
		A778C4811AEFD8E80058185F /* PageViewTableViewCell.h */ = {isa = PBXFileReference; fileEncoding = 4; lastKnownFileType = sourcecode.c.h; path = PageViewTableViewCell.h; sourceTree = "<group>"; };
		A778C4821AEFD8E80058185F /* PageViewTableViewCell.m */ = {isa = PBXFileReference; fileEncoding = 4; lastKnownFileType = sourcecode.c.objc; path = PageViewTableViewCell.m; sourceTree = "<group>"; };
		A778C4841AF11BC90058185F /* StoreViewTableViewCell.h */ = {isa = PBXFileReference; fileEncoding = 4; lastKnownFileType = sourcecode.c.h; path = StoreViewTableViewCell.h; sourceTree = "<group>"; };
		A778C4851AF11BC90058185F /* StoreViewTableViewCell.m */ = {isa = PBXFileReference; fileEncoding = 4; lastKnownFileType = sourcecode.c.objc; path = StoreViewTableViewCell.m; sourceTree = "<group>"; };
		A78F9F4F1AED36C700F6CE9C /* Chnword.app */ = {isa = PBXFileReference; explicitFileType = wrapper.application; includeInIndex = 0; path = Chnword.app; sourceTree = BUILT_PRODUCTS_DIR; };
		A78F9F531AED36C700F6CE9C /* Info.plist */ = {isa = PBXFileReference; lastKnownFileType = text.plist.xml; path = Info.plist; sourceTree = "<group>"; };
		A78F9F541AED36C700F6CE9C /* main.m */ = {isa = PBXFileReference; lastKnownFileType = sourcecode.c.objc; path = main.m; sourceTree = "<group>"; };
		A78F9F561AED36C700F6CE9C /* AppDelegate.h */ = {isa = PBXFileReference; lastKnownFileType = sourcecode.c.h; path = AppDelegate.h; sourceTree = "<group>"; };
		A78F9F571AED36C700F6CE9C /* AppDelegate.m */ = {isa = PBXFileReference; lastKnownFileType = sourcecode.c.objc; path = AppDelegate.m; sourceTree = "<group>"; };
		A78F9F5D1AED36C700F6CE9C /* Base */ = {isa = PBXFileReference; lastKnownFileType = file.storyboard; name = Base; path = Base.lproj/Main.storyboard; sourceTree = "<group>"; };
		A78F9F5F1AED36C700F6CE9C /* Images.xcassets */ = {isa = PBXFileReference; lastKnownFileType = folder.assetcatalog; path = Images.xcassets; sourceTree = "<group>"; };
		A78F9F621AED36C700F6CE9C /* Base */ = {isa = PBXFileReference; lastKnownFileType = file.xib; name = Base; path = Base.lproj/LaunchScreen.xib; sourceTree = "<group>"; };
		A78F9F681AED36C700F6CE9C /* ChnwordTests.xctest */ = {isa = PBXFileReference; explicitFileType = wrapper.cfbundle; includeInIndex = 0; path = ChnwordTests.xctest; sourceTree = BUILT_PRODUCTS_DIR; };
		A78F9F6D1AED36C700F6CE9C /* Info.plist */ = {isa = PBXFileReference; lastKnownFileType = text.plist.xml; path = Info.plist; sourceTree = "<group>"; };
		A78F9F6E1AED36C700F6CE9C /* ChnwordTests.m */ = {isa = PBXFileReference; lastKnownFileType = sourcecode.c.objc; path = ChnwordTests.m; sourceTree = "<group>"; };
		A78F9F791AEE684D00F6CE9C /* SplashViewController.h */ = {isa = PBXFileReference; fileEncoding = 4; lastKnownFileType = sourcecode.c.h; path = SplashViewController.h; sourceTree = "<group>"; };
		A78F9F7A1AEE684D00F6CE9C /* SplashViewController.m */ = {isa = PBXFileReference; fileEncoding = 4; lastKnownFileType = sourcecode.c.objc; path = SplashViewController.m; sourceTree = "<group>"; };
		A78F9F7C1AEE685900F6CE9C /* GuideViewController.h */ = {isa = PBXFileReference; fileEncoding = 4; lastKnownFileType = sourcecode.c.h; path = GuideViewController.h; sourceTree = "<group>"; };
		A78F9F7D1AEE685900F6CE9C /* GuideViewController.m */ = {isa = PBXFileReference; fileEncoding = 4; lastKnownFileType = sourcecode.c.objc; path = GuideViewController.m; sourceTree = "<group>"; };
		A78F9F7F1AEE68B900F6CE9C /* MainViewController.h */ = {isa = PBXFileReference; fileEncoding = 4; lastKnownFileType = sourcecode.c.h; path = MainViewController.h; sourceTree = "<group>"; };
		A78F9F801AEE68B900F6CE9C /* MainViewController.m */ = {isa = PBXFileReference; fileEncoding = 4; lastKnownFileType = sourcecode.c.objc; path = MainViewController.m; sourceTree = "<group>"; };
		A78F9F821AEE68C900F6CE9C /* PageViewController.h */ = {isa = PBXFileReference; fileEncoding = 4; lastKnownFileType = sourcecode.c.h; path = PageViewController.h; sourceTree = "<group>"; };
		A78F9F831AEE68C900F6CE9C /* PageViewController.m */ = {isa = PBXFileReference; fileEncoding = 4; lastKnownFileType = sourcecode.c.objc; path = PageViewController.m; sourceTree = "<group>"; };
		A78F9F851AEE68DA00F6CE9C /* StoreViewController.h */ = {isa = PBXFileReference; fileEncoding = 4; lastKnownFileType = sourcecode.c.h; path = StoreViewController.h; sourceTree = "<group>"; };
		A78F9F861AEE68DA00F6CE9C /* StoreViewController.m */ = {isa = PBXFileReference; fileEncoding = 4; lastKnownFileType = sourcecode.c.objc; path = StoreViewController.m; sourceTree = "<group>"; };
		A78F9F881AEE68E500F6CE9C /* UserViewController.h */ = {isa = PBXFileReference; fileEncoding = 4; lastKnownFileType = sourcecode.c.h; path = UserViewController.h; sourceTree = "<group>"; };
		A78F9F891AEE68E500F6CE9C /* UserViewController.m */ = {isa = PBXFileReference; fileEncoding = 4; lastKnownFileType = sourcecode.c.objc; path = UserViewController.m; sourceTree = "<group>"; };
		A78F9F8E1AEE6AB400F6CE9C /* AnimViewController.h */ = {isa = PBXFileReference; fileEncoding = 4; lastKnownFileType = sourcecode.c.h; path = AnimViewController.h; sourceTree = "<group>"; };
		A78F9F8F1AEE6AB400F6CE9C /* AnimViewController.m */ = {isa = PBXFileReference; fileEncoding = 4; lastKnownFileType = sourcecode.c.objc; path = AnimViewController.m; sourceTree = "<group>"; };
		A78F9F911AEE6ABF00F6CE9C /* ScanViewController.h */ = {isa = PBXFileReference; fileEncoding = 4; lastKnownFileType = sourcecode.c.h; path = ScanViewController.h; sourceTree = "<group>"; };
		A78F9F921AEE6ABF00F6CE9C /* ScanViewController.m */ = {isa = PBXFileReference; fileEncoding = 4; lastKnownFileType = sourcecode.c.objc; path = ScanViewController.m; sourceTree = "<group>"; };
		A78F9F941AEE6BB200F6CE9C /* ResultViewController.h */ = {isa = PBXFileReference; fileEncoding = 4; lastKnownFileType = sourcecode.c.h; path = ResultViewController.h; sourceTree = "<group>"; };
		A78F9F951AEE6BB200F6CE9C /* ResultViewController.m */ = {isa = PBXFileReference; fileEncoding = 4; lastKnownFileType = sourcecode.c.objc; path = ResultViewController.m; sourceTree = "<group>"; };
		A78F9F971AEE730200F6CE9C /* RegisterViewController.h */ = {isa = PBXFileReference; fileEncoding = 4; lastKnownFileType = sourcecode.c.h; path = RegisterViewController.h; sourceTree = "<group>"; };
		A78F9F981AEE730200F6CE9C /* RegisterViewController.m */ = {isa = PBXFileReference; fileEncoding = 4; lastKnownFileType = sourcecode.c.objc; path = RegisterViewController.m; sourceTree = "<group>"; };
		A78F9F9A1AEE736000F6CE9C /* Resource */ = {isa = PBXFileReference; lastKnownFileType = folder; path = Resource; sourceTree = "<group>"; };
		A78F9FA31AEE806100F6CE9C /* PrefixHeader.pch */ = {isa = PBXFileReference; lastKnownFileType = sourcecode.c.h; path = PrefixHeader.pch; sourceTree = "<group>"; };
		A7DD18DC1AF916BB00F4FE21 /* CoreLocation.framework */ = {isa = PBXFileReference; lastKnownFileType = wrapper.framework; name = CoreLocation.framework; path = System/Library/Frameworks/CoreLocation.framework; sourceTree = SDKROOT; };
		A7E14C621AF6646D00018386 /* ModelTableViewCell.h */ = {isa = PBXFileReference; fileEncoding = 4; lastKnownFileType = sourcecode.c.h; path = ModelTableViewCell.h; sourceTree = "<group>"; };
		A7E14C631AF6646D00018386 /* ModelTableViewCell.m */ = {isa = PBXFileReference; fileEncoding = 4; lastKnownFileType = sourcecode.c.objc; path = ModelTableViewCell.m; sourceTree = "<group>"; };
		A7E14C651AF664D300018386 /* FontCollectionViewCell.h */ = {isa = PBXFileReference; fileEncoding = 4; lastKnownFileType = sourcecode.c.h; path = FontCollectionViewCell.h; sourceTree = "<group>"; };
		A7E14C661AF664D300018386 /* FontCollectionViewCell.m */ = {isa = PBXFileReference; fileEncoding = 4; lastKnownFileType = sourcecode.c.objc; path = FontCollectionViewCell.m; sourceTree = "<group>"; };
/* End PBXFileReference section */

/* Begin PBXFrameworksBuildPhase section */
		A78F9F4C1AED36C700F6CE9C /* Frameworks */ = {
			isa = PBXFrameworksBuildPhase;
			buildActionMask = 2147483647;
			files = (
				A7DD18DD1AF916BB00F4FE21 /* CoreLocation.framework in Frameworks */,
				A70462691AF7B2D1005F2FE8 /* Foundation.framework in Frameworks */,
				A70462471AF7AC5A005F2FE8 /* MessageUI.framework in Frameworks */,
				A70462511AF7ACEE005F2FE8 /* libicucore.dylib in Frameworks */,
				A704624F1AF7ACDC005F2FE8 /* MobileCoreServices.framework in Frameworks */,
				A704624D1AF7AC9F005F2FE8 /* CoreTelephony.framework in Frameworks */,
				A704624B1AF7AC89005F2FE8 /* SystemConfiguration.framework in Frameworks */,
				A70462491AF7AC6A005F2FE8 /* CoreGraphics.framework in Frameworks */,
				A70462451AF7AC4B005F2FE8 /* AudioToolbox.framework in Frameworks */,
				A70462431AF7AC35005F2FE8 /* QuartzCore.framework in Frameworks */,
				A70462411AF7AC1A005F2FE8 /* Security.framework in Frameworks */,
				A704623F1AF7AC09005F2FE8 /* ImageIO.framework in Frameworks */,
				A704623D1AF7ABFA005F2FE8 /* libstdc++.dylib in Frameworks */,
				A704623B1AF7ABEC005F2FE8 /* libz.dylib in Frameworks */,
				A70462381AF7AB39005F2FE8 /* AVFoundation.framework in Frameworks */,
			);
			runOnlyForDeploymentPostprocessing = 0;
		};
		A78F9F651AED36C700F6CE9C /* Frameworks */ = {
			isa = PBXFrameworksBuildPhase;
			buildActionMask = 2147483647;
			files = (
			);
			runOnlyForDeploymentPostprocessing = 0;
		};
/* End PBXFrameworksBuildPhase section */

/* Begin PBXGroup section */
		A70462391AF7ABD1005F2FE8 /* Frameworks */ = {
			isa = PBXGroup;
			children = (
				A7DD18DC1AF916BB00F4FE21 /* CoreLocation.framework */,
				A70462681AF7B2D1005F2FE8 /* Foundation.framework */,
				A70462501AF7ACEE005F2FE8 /* libicucore.dylib */,
				A704624E1AF7ACDC005F2FE8 /* MobileCoreServices.framework */,
				A704624C1AF7AC9F005F2FE8 /* CoreTelephony.framework */,
				A704624A1AF7AC89005F2FE8 /* SystemConfiguration.framework */,
				A70462481AF7AC6A005F2FE8 /* CoreGraphics.framework */,
				A70462461AF7AC5A005F2FE8 /* MessageUI.framework */,
				A70462441AF7AC4A005F2FE8 /* AudioToolbox.framework */,
				A70462421AF7AC35005F2FE8 /* QuartzCore.framework */,
				A70462401AF7AC1A005F2FE8 /* Security.framework */,
				A704623E1AF7AC09005F2FE8 /* ImageIO.framework */,
				A704623C1AF7ABFA005F2FE8 /* libstdc++.dylib */,
				A704623A1AF7ABEC005F2FE8 /* libz.dylib */,
				A70462371AF7AB39005F2FE8 /* AVFoundation.framework */,
			);
			name = Frameworks;
			sourceTree = "<group>";
		};
		A70462751AF7B3E3005F2FE8 /* util */ = {
			isa = PBXGroup;
			children = (
				A70462761AF7B3E3005F2FE8 /* NSObject+Delay.h */,
				A70462771AF7B3E3005F2FE8 /* NSObject+Delay.m */,
			);
			name = util;
			path = Chnword/util;
			sourceTree = "<group>";
		};
		A778C4801AEFD73D0058185F /* cells */ = {
			isa = PBXGroup;
			children = (
				A778C4811AEFD8E80058185F /* PageViewTableViewCell.h */,
				A778C4821AEFD8E80058185F /* PageViewTableViewCell.m */,
				A778C4841AF11BC90058185F /* StoreViewTableViewCell.h */,
				A778C4851AF11BC90058185F /* StoreViewTableViewCell.m */,
				A7E14C621AF6646D00018386 /* ModelTableViewCell.h */,
				A7E14C631AF6646D00018386 /* ModelTableViewCell.m */,
				A7E14C651AF664D300018386 /* FontCollectionViewCell.h */,
				A7E14C661AF664D300018386 /* FontCollectionViewCell.m */,
				A70462781AF7C3FB005F2FE8 /* AnimCollectionViewCell.h */,
				A70462791AF7C3FB005F2FE8 /* AnimCollectionViewCell.m */,
			);
			name = cells;
			sourceTree = "<group>";
		};
		A78F9F461AED36C700F6CE9C = {
			isa = PBXGroup;
			children = (
				A70462751AF7B3E3005F2FE8 /* util */,
				A70462391AF7ABD1005F2FE8 /* Frameworks */,
				A78F9F511AED36C700F6CE9C /* Chnword */,
				A78F9F6B1AED36C700F6CE9C /* ChnwordTests */,
				A78F9F501AED36C700F6CE9C /* Products */,
			);
			sourceTree = "<group>";
		};
		A78F9F501AED36C700F6CE9C /* Products */ = {
			isa = PBXGroup;
			children = (
				A78F9F4F1AED36C700F6CE9C /* Chnword.app */,
				A78F9F681AED36C700F6CE9C /* ChnwordTests.xctest */,
			);
			name = Products;
			sourceTree = "<group>";
		};
		A78F9F511AED36C700F6CE9C /* Chnword */ = {
			isa = PBXGroup;
			children = (
				A78F9F9A1AEE736000F6CE9C /* Resource */,
				A78F9F781AEE674900F6CE9C /* classes */,
				A78F9F561AED36C700F6CE9C /* AppDelegate.h */,
				A78F9F571AED36C700F6CE9C /* AppDelegate.m */,
				A78F9F5C1AED36C700F6CE9C /* Main.storyboard */,
				A78F9F5F1AED36C700F6CE9C /* Images.xcassets */,
				A78F9F611AED36C700F6CE9C /* LaunchScreen.xib */,
				A78F9F521AED36C700F6CE9C /* Supporting Files */,
				A78F9FA31AEE806100F6CE9C /* PrefixHeader.pch */,
			);
			path = Chnword;
			sourceTree = "<group>";
		};
		A78F9F521AED36C700F6CE9C /* Supporting Files */ = {
			isa = PBXGroup;
			children = (
				A78F9F531AED36C700F6CE9C /* Info.plist */,
				A78F9F541AED36C700F6CE9C /* main.m */,
			);
			name = "Supporting Files";
			sourceTree = "<group>";
		};
		A78F9F6B1AED36C700F6CE9C /* ChnwordTests */ = {
			isa = PBXGroup;
			children = (
				A78F9F6E1AED36C700F6CE9C /* ChnwordTests.m */,
				A78F9F6C1AED36C700F6CE9C /* Supporting Files */,
			);
			path = ChnwordTests;
			sourceTree = "<group>";
		};
		A78F9F6C1AED36C700F6CE9C /* Supporting Files */ = {
			isa = PBXGroup;
			children = (
				A78F9F6D1AED36C700F6CE9C /* Info.plist */,
			);
			name = "Supporting Files";
			sourceTree = "<group>";
		};
		A78F9F781AEE674900F6CE9C /* classes */ = {
			isa = PBXGroup;
			children = (
				A778C4801AEFD73D0058185F /* cells */,
				A78F9F791AEE684D00F6CE9C /* SplashViewController.h */,
				A78F9F7A1AEE684D00F6CE9C /* SplashViewController.m */,
				A78F9F7C1AEE685900F6CE9C /* GuideViewController.h */,
				A78F9F7D1AEE685900F6CE9C /* GuideViewController.m */,
				A78F9F971AEE730200F6CE9C /* RegisterViewController.h */,
				A78F9F981AEE730200F6CE9C /* RegisterViewController.m */,
				A78F9F7F1AEE68B900F6CE9C /* MainViewController.h */,
				A78F9F801AEE68B900F6CE9C /* MainViewController.m */,
				A78F9F821AEE68C900F6CE9C /* PageViewController.h */,
				A78F9F831AEE68C900F6CE9C /* PageViewController.m */,
				A78F9F851AEE68DA00F6CE9C /* StoreViewController.h */,
				A78F9F861AEE68DA00F6CE9C /* StoreViewController.m */,
				A78F9F881AEE68E500F6CE9C /* UserViewController.h */,
				A78F9F891AEE68E500F6CE9C /* UserViewController.m */,
				A78F9F8E1AEE6AB400F6CE9C /* AnimViewController.h */,
				A78F9F8F1AEE6AB400F6CE9C /* AnimViewController.m */,
				A78F9F911AEE6ABF00F6CE9C /* ScanViewController.h */,
				A78F9F921AEE6ABF00F6CE9C /* ScanViewController.m */,
				A78F9F941AEE6BB200F6CE9C /* ResultViewController.h */,
				A78F9F951AEE6BB200F6CE9C /* ResultViewController.m */,
			);
			name = classes;
			sourceTree = "<group>";
		};
/* End PBXGroup section */

/* Begin PBXNativeTarget section */
		A78F9F4E1AED36C700F6CE9C /* Chnword */ = {
			isa = PBXNativeTarget;
			buildConfigurationList = A78F9F721AED36C700F6CE9C /* Build configuration list for PBXNativeTarget "Chnword" */;
			buildPhases = (
				A78F9F4B1AED36C700F6CE9C /* Sources */,
				A78F9F4C1AED36C700F6CE9C /* Frameworks */,
				A78F9F4D1AED36C700F6CE9C /* Resources */,
			);
			buildRules = (
			);
			dependencies = (
			);
			name = Chnword;
			productName = Chnword;
			productReference = A78F9F4F1AED36C700F6CE9C /* Chnword.app */;
			productType = "com.apple.product-type.application";
		};
		A78F9F671AED36C700F6CE9C /* ChnwordTests */ = {
			isa = PBXNativeTarget;
			buildConfigurationList = A78F9F751AED36C700F6CE9C /* Build configuration list for PBXNativeTarget "ChnwordTests" */;
			buildPhases = (
				A78F9F641AED36C700F6CE9C /* Sources */,
				A78F9F651AED36C700F6CE9C /* Frameworks */,
				A78F9F661AED36C700F6CE9C /* Resources */,
			);
			buildRules = (
			);
			dependencies = (
				A78F9F6A1AED36C700F6CE9C /* PBXTargetDependency */,
			);
			name = ChnwordTests;
			productName = ChnwordTests;
			productReference = A78F9F681AED36C700F6CE9C /* ChnwordTests.xctest */;
			productType = "com.apple.product-type.bundle.unit-test";
		};
/* End PBXNativeTarget section */

/* Begin PBXProject section */
		A78F9F471AED36C700F6CE9C /* Project object */ = {
			isa = PBXProject;
			attributes = {
				LastUpgradeCheck = 0630;
				ORGANIZATIONNAME = chnword;
				TargetAttributes = {
					A78F9F4E1AED36C700F6CE9C = {
						CreatedOnToolsVersion = 6.3.1;
						DevelopmentTeam = C3G79G7UVP;
					};
					A78F9F671AED36C700F6CE9C = {
						CreatedOnToolsVersion = 6.3.1;
						TestTargetID = A78F9F4E1AED36C700F6CE9C;
					};
				};
			};
			buildConfigurationList = A78F9F4A1AED36C700F6CE9C /* Build configuration list for PBXProject "Chnword" */;
			compatibilityVersion = "Xcode 3.2";
			developmentRegion = English;
			hasScannedForEncodings = 0;
			knownRegions = (
				en,
				Base,
			);
			mainGroup = A78F9F461AED36C700F6CE9C;
			productRefGroup = A78F9F501AED36C700F6CE9C /* Products */;
			projectDirPath = "";
			projectRoot = "";
			targets = (
				A78F9F4E1AED36C700F6CE9C /* Chnword */,
				A78F9F671AED36C700F6CE9C /* ChnwordTests */,
			);
		};
/* End PBXProject section */

/* Begin PBXResourcesBuildPhase section */
		A78F9F4D1AED36C700F6CE9C /* Resources */ = {
			isa = PBXResourcesBuildPhase;
			buildActionMask = 2147483647;
			files = (
				A78F9F9B1AEE736000F6CE9C /* Resource in Resources */,
				A78F9F5E1AED36C700F6CE9C /* Main.storyboard in Resources */,
				A78F9F631AED36C700F6CE9C /* LaunchScreen.xib in Resources */,
				A78F9F601AED36C700F6CE9C /* Images.xcassets in Resources */,
			);
			runOnlyForDeploymentPostprocessing = 0;
		};
		A78F9F661AED36C700F6CE9C /* Resources */ = {
			isa = PBXResourcesBuildPhase;
			buildActionMask = 2147483647;
			files = (
			);
			runOnlyForDeploymentPostprocessing = 0;
		};
/* End PBXResourcesBuildPhase section */

/* Begin PBXSourcesBuildPhase section */
		A78F9F4B1AED36C700F6CE9C /* Sources */ = {
			isa = PBXSourcesBuildPhase;
			buildActionMask = 2147483647;
			files = (
				A78F9F8A1AEE68E500F6CE9C /* UserViewController.m in Sources */,
				A7E14C671AF664D300018386 /* FontCollectionViewCell.m in Sources */,
				A704627A1AF7C3FB005F2FE8 /* AnimCollectionViewCell.m in Sources */,
				A78F9F901AEE6AB400F6CE9C /* AnimViewController.m in Sources */,
				A78F9F811AEE68B900F6CE9C /* MainViewController.m in Sources */,
				A78F9F581AED36C700F6CE9C /* AppDelegate.m in Sources */,
				A78F9F7E1AEE685900F6CE9C /* GuideViewController.m in Sources */,
				A78F9F931AEE6ABF00F6CE9C /* ScanViewController.m in Sources */,
				A7E14C641AF6646D00018386 /* ModelTableViewCell.m in Sources */,
				A78F9F871AEE68DA00F6CE9C /* StoreViewController.m in Sources */,
				A78F9F991AEE730200F6CE9C /* RegisterViewController.m in Sources */,
				A778C4861AF11BC90058185F /* StoreViewTableViewCell.m in Sources */,
				A78F9F551AED36C700F6CE9C /* main.m in Sources */,
				A78F9F7B1AEE684D00F6CE9C /* SplashViewController.m in Sources */,
				A78F9F841AEE68C900F6CE9C /* PageViewController.m in Sources */,
				A778C4831AEFD8E80058185F /* PageViewTableViewCell.m in Sources */,
				A78F9F961AEE6BB200F6CE9C /* ResultViewController.m in Sources */,
			);
			runOnlyForDeploymentPostprocessing = 0;
		};
		A78F9F641AED36C700F6CE9C /* Sources */ = {
			isa = PBXSourcesBuildPhase;
			buildActionMask = 2147483647;
			files = (
				A78F9F6F1AED36C700F6CE9C /* ChnwordTests.m in Sources */,
			);
			runOnlyForDeploymentPostprocessing = 0;
		};
/* End PBXSourcesBuildPhase section */

/* Begin PBXTargetDependency section */
		A78F9F6A1AED36C700F6CE9C /* PBXTargetDependency */ = {
			isa = PBXTargetDependency;
			target = A78F9F4E1AED36C700F6CE9C /* Chnword */;
			targetProxy = A78F9F691AED36C700F6CE9C /* PBXContainerItemProxy */;
		};
/* End PBXTargetDependency section */

/* Begin PBXVariantGroup section */
		A78F9F5C1AED36C700F6CE9C /* Main.storyboard */ = {
			isa = PBXVariantGroup;
			children = (
				A78F9F5D1AED36C700F6CE9C /* Base */,
			);
			name = Main.storyboard;
			sourceTree = "<group>";
		};
		A78F9F611AED36C700F6CE9C /* LaunchScreen.xib */ = {
			isa = PBXVariantGroup;
			children = (
				A78F9F621AED36C700F6CE9C /* Base */,
			);
			name = LaunchScreen.xib;
			sourceTree = "<group>";
		};
/* End PBXVariantGroup section */

/* Begin XCBuildConfiguration section */
		A78F9F701AED36C700F6CE9C /* Debug */ = {
			isa = XCBuildConfiguration;
			buildSettings = {
				ALWAYS_SEARCH_USER_PATHS = NO;
				ARCHS = "$(ARCHS_STANDARD)";
				CLANG_CXX_LANGUAGE_STANDARD = "gnu++0x";
				CLANG_CXX_LIBRARY = "libc++";
				CLANG_ENABLE_MODULES = YES;
				CLANG_ENABLE_OBJC_ARC = YES;
				CLANG_WARN_BOOL_CONVERSION = YES;
				CLANG_WARN_CONSTANT_CONVERSION = YES;
				CLANG_WARN_DIRECT_OBJC_ISA_USAGE = YES_ERROR;
				CLANG_WARN_EMPTY_BODY = YES;
				CLANG_WARN_ENUM_CONVERSION = YES;
				CLANG_WARN_INT_CONVERSION = YES;
				CLANG_WARN_OBJC_ROOT_CLASS = YES_ERROR;
				CLANG_WARN_UNREACHABLE_CODE = YES;
				CLANG_WARN__DUPLICATE_METHOD_MATCH = YES;
				"CODE_SIGN_IDENTITY[sdk=iphoneos*]" = "iPhone Developer";
				COPY_PHASE_STRIP = NO;
				DEBUG_INFORMATION_FORMAT = "dwarf-with-dsym";
				ENABLE_STRICT_OBJC_MSGSEND = YES;
				GCC_C_LANGUAGE_STANDARD = gnu99;
				GCC_DYNAMIC_NO_PIC = NO;
				GCC_NO_COMMON_BLOCKS = YES;
				GCC_OPTIMIZATION_LEVEL = 0;
				GCC_PREPROCESSOR_DEFINITIONS = (
					"DEBUG=1",
					"$(inherited)",
				);
				GCC_SYMBOLS_PRIVATE_EXTERN = NO;
				GCC_WARN_64_TO_32_BIT_CONVERSION = YES;
				GCC_WARN_ABOUT_RETURN_TYPE = YES_ERROR;
				GCC_WARN_UNDECLARED_SELECTOR = YES;
				GCC_WARN_UNINITIALIZED_AUTOS = YES_AGGRESSIVE;
				GCC_WARN_UNUSED_FUNCTION = YES;
				GCC_WARN_UNUSED_VARIABLE = YES;
				IPHONEOS_DEPLOYMENT_TARGET = 8.3;
				MTL_ENABLE_DEBUG_INFO = YES;
				ONLY_ACTIVE_ARCH = NO;
				SDKROOT = iphoneos;
			};
			name = Debug;
		};
		A78F9F711AED36C700F6CE9C /* Release */ = {
			isa = XCBuildConfiguration;
			buildSettings = {
				ALWAYS_SEARCH_USER_PATHS = NO;
				ARCHS = "$(ARCHS_STANDARD)";
				CLANG_CXX_LANGUAGE_STANDARD = "gnu++0x";
				CLANG_CXX_LIBRARY = "libc++";
				CLANG_ENABLE_MODULES = YES;
				CLANG_ENABLE_OBJC_ARC = YES;
				CLANG_WARN_BOOL_CONVERSION = YES;
				CLANG_WARN_CONSTANT_CONVERSION = YES;
				CLANG_WARN_DIRECT_OBJC_ISA_USAGE = YES_ERROR;
				CLANG_WARN_EMPTY_BODY = YES;
				CLANG_WARN_ENUM_CONVERSION = YES;
				CLANG_WARN_INT_CONVERSION = YES;
				CLANG_WARN_OBJC_ROOT_CLASS = YES_ERROR;
				CLANG_WARN_UNREACHABLE_CODE = YES;
				CLANG_WARN__DUPLICATE_METHOD_MATCH = YES;
				"CODE_SIGN_IDENTITY[sdk=iphoneos*]" = "iPhone Developer";
				COPY_PHASE_STRIP = NO;
				DEBUG_INFORMATION_FORMAT = "dwarf-with-dsym";
				ENABLE_NS_ASSERTIONS = NO;
				ENABLE_STRICT_OBJC_MSGSEND = YES;
				GCC_C_LANGUAGE_STANDARD = gnu99;
				GCC_NO_COMMON_BLOCKS = YES;
				GCC_WARN_64_TO_32_BIT_CONVERSION = YES;
				GCC_WARN_ABOUT_RETURN_TYPE = YES_ERROR;
				GCC_WARN_UNDECLARED_SELECTOR = YES;
				GCC_WARN_UNINITIALIZED_AUTOS = YES_AGGRESSIVE;
				GCC_WARN_UNUSED_FUNCTION = YES;
				GCC_WARN_UNUSED_VARIABLE = YES;
				IPHONEOS_DEPLOYMENT_TARGET = 8.3;
				MTL_ENABLE_DEBUG_INFO = NO;
				ONLY_ACTIVE_ARCH = NO;
				SDKROOT = iphoneos;
				VALIDATE_PRODUCT = YES;
			};
			name = Release;
		};
		A78F9F731AED36C700F6CE9C /* Debug */ = {
			isa = XCBuildConfiguration;
			buildSettings = {
				ARCHS = (
					"$(ARCHS_STANDARD)",
					armv7s,
					armv7,
					arm64,
					x86_64,
					I386,
				);
				ASSETCATALOG_COMPILER_APPICON_NAME = AppIcon;
				CLANG_CXX_LIBRARY = "libc++";
				CODE_SIGN_IDENTITY = "iPhone Developer";
				GCC_PRECOMPILE_PREFIX_HEADER = YES;
				GCC_PREFIX_HEADER = Chnword/PrefixHeader.pch;
				INFOPLIST_FILE = Chnword/Info.plist;
				INFOPLIST_PREFIX_HEADER = "";
				IPHONEOS_DEPLOYMENT_TARGET = 8.0;
				LD_RUNPATH_SEARCH_PATHS = "$(inherited) @executable_path/Frameworks";
				LIBRARY_SEARCH_PATHS = (
					"$(inherited)",
					"$(PROJECT_DIR)/Chnword/hci/lib",
				);
				ONLY_ACTIVE_ARCH = NO;
				PRODUCT_NAME = "$(TARGET_NAME)";
				VALID_ARCHS = "arm64 armv7 armv7s x86_64 i386";
			};
			name = Debug;
		};
		A78F9F741AED36C700F6CE9C /* Release */ = {
			isa = XCBuildConfiguration;
			buildSettings = {
				ARCHS = (
					"$(ARCHS_STANDARD)",
					armv7s,
					armv7,
					arm64,
					x86_64,
					I386,
				);
				ASSETCATALOG_COMPILER_APPICON_NAME = AppIcon;
				CLANG_CXX_LIBRARY = "libc++";
				CODE_SIGN_IDENTITY = "iPhone Developer";
				GCC_PRECOMPILE_PREFIX_HEADER = YES;
				GCC_PREFIX_HEADER = Chnword/PrefixHeader.pch;
				INFOPLIST_FILE = Chnword/Info.plist;
				INFOPLIST_PREFIX_HEADER = "";
				IPHONEOS_DEPLOYMENT_TARGET = 8.0;
				LD_RUNPATH_SEARCH_PATHS = "$(inherited) @executable_path/Frameworks";
				LIBRARY_SEARCH_PATHS = (
					"$(inherited)",
					"$(PROJECT_DIR)/Chnword/hci/lib",
				);
				ONLY_ACTIVE_ARCH = NO;
				PRODUCT_NAME = "$(TARGET_NAME)";
				VALID_ARCHS = "arm64 armv7 armv7s x86_64 i386";
			};
			name = Release;
		};
		A78F9F761AED36C700F6CE9C /* Debug */ = {
			isa = XCBuildConfiguration;
			buildSettings = {
				BUNDLE_LOADER = "$(TEST_HOST)";
				FRAMEWORK_SEARCH_PATHS = (
					"$(SDKROOT)/Developer/Library/Frameworks",
					"$(inherited)",
				);
				GCC_PREPROCESSOR_DEFINITIONS = (
					"DEBUG=1",
					"$(inherited)",
				);
				INFOPLIST_FILE = ChnwordTests/Info.plist;
				LD_RUNPATH_SEARCH_PATHS = "$(inherited) @executable_path/Frameworks @loader_path/Frameworks";
				PRODUCT_NAME = "$(TARGET_NAME)";
				TEST_HOST = "$(BUILT_PRODUCTS_DIR)/Chnword.app/Chnword";
			};
			name = Debug;
		};
		A78F9F771AED36C700F6CE9C /* Release */ = {
			isa = XCBuildConfiguration;
			buildSettings = {
				BUNDLE_LOADER = "$(TEST_HOST)";
				FRAMEWORK_SEARCH_PATHS = (
					"$(SDKROOT)/Developer/Library/Frameworks",
					"$(inherited)",
				);
				INFOPLIST_FILE = ChnwordTests/Info.plist;
				LD_RUNPATH_SEARCH_PATHS = "$(inherited) @executable_path/Frameworks @loader_path/Frameworks";
				PRODUCT_NAME = "$(TARGET_NAME)";
				TEST_HOST = "$(BUILT_PRODUCTS_DIR)/Chnword.app/Chnword";
			};
			name = Release;
		};
/* End XCBuildConfiguration section */

/* Begin XCConfigurationList section */
		A78F9F4A1AED36C700F6CE9C /* Build configuration list for PBXProject "Chnword" */ = {
			isa = XCConfigurationList;
			buildConfigurations = (
				A78F9F701AED36C700F6CE9C /* Debug */,
				A78F9F711AED36C700F6CE9C /* Release */,
			);
			defaultConfigurationIsVisible = 0;
			defaultConfigurationName = Release;
		};
		A78F9F721AED36C700F6CE9C /* Build configuration list for PBXNativeTarget "Chnword" */ = {
			isa = XCConfigurationList;
			buildConfigurations = (
				A78F9F731AED36C700F6CE9C /* Debug */,
				A78F9F741AED36C700F6CE9C /* Release */,
			);
			defaultConfigurationIsVisible = 0;
			defaultConfigurationName = Release;
		};
		A78F9F751AED36C700F6CE9C /* Build configuration list for PBXNativeTarget "ChnwordTests" */ = {
			isa = XCConfigurationList;
			buildConfigurations = (
				A78F9F761AED36C700F6CE9C /* Debug */,
				A78F9F771AED36C700F6CE9C /* Release */,
			);
			defaultConfigurationIsVisible = 0;
			defaultConfigurationName = Release;
		};
/* End XCConfigurationList section */
	};
	rootObject = A78F9F471AED36C700F6CE9C /* Project object */;
}
