// !$*UTF8*$!
{
	archiveVersion = 1;
	classes = {
	};
	objectVersion = 46;
	objects = {

/* Begin PBXBuildFile section */
		017970BBFA422B182FA11A1F /* libPods-Chnword.a in Frameworks */ = {isa = PBXBuildFile; fileRef = 615CF8E98A4ECA8143E933F1 /* libPods-Chnword.a */; };
		A70462381AF7AB39005F2FE8 /* AVFoundation.framework in Frameworks */ = {isa = PBXBuildFile; fileRef = A70462371AF7AB39005F2FE8 /* AVFoundation.framework */; };
		A70462691AF7B2D1005F2FE8 /* Foundation.framework in Frameworks */ = {isa = PBXBuildFile; fileRef = A70462681AF7B2D1005F2FE8 /* Foundation.framework */; };
		A704627A1AF7C3FB005F2FE8 /* AnimCollectionViewCell.m in Sources */ = {isa = PBXBuildFile; fileRef = A70462791AF7C3FB005F2FE8 /* AnimCollectionViewCell.m */; };
		A7158E661B02D555006EB801 /* NetManager.m in Sources */ = {isa = PBXBuildFile; fileRef = A7158E651B02D555006EB801 /* NetManager.m */; };
		A7158E691B02D56C006EB801 /* NetParamFactory.m in Sources */ = {isa = PBXBuildFile; fileRef = A7158E681B02D56C006EB801 /* NetParamFactory.m */; };
		A7158E6C1B03A1DF006EB801 /* Util.m in Sources */ = {isa = PBXBuildFile; fileRef = A7158E6B1B03A1DF006EB801 /* Util.m */; };
		A72D73561B084DDC0013E735 /* DataUtil.m in Sources */ = {isa = PBXBuildFile; fileRef = A72D73551B084DDC0013E735 /* DataUtil.m */; };
		A72D73691B085D570013E735 /* MBProgressHUD.m in Sources */ = {isa = PBXBuildFile; fileRef = A72D73591B085D570013E735 /* MBProgressHUD.m */; };
		A72D736A1B085D570013E735 /* libSDWebImage_universal.a in Frameworks */ = {isa = PBXBuildFile; fileRef = A72D73681B085D570013E735 /* libSDWebImage_universal.a */; };
		A72D736D1B0865480013E735 /* NSObject+JSON.m in Sources */ = {isa = PBXBuildFile; fileRef = A72D736C1B0865480013E735 /* NSObject+JSON.m */; };
		A74725DE1B1958220065E512 /* CoverFlowView.m in Sources */ = {isa = PBXBuildFile; fileRef = A74725DD1B1958220065E512 /* CoverFlowView.m */; };
		A75202411B1607000054DB91 /* CHKeychain.m in Sources */ = {isa = PBXBuildFile; fileRef = A75202401B1607000054DB91 /* CHKeychain.m */; };
		A75202421B16071B0054DB91 /* Security.framework in Frameworks */ = {isa = PBXBuildFile; fileRef = A70462401AF7AC1A005F2FE8 /* Security.framework */; };
		A771C3961B00FF6700351A11 /* AfnewDemo.m in Sources */ = {isa = PBXBuildFile; fileRef = A771C3951B00FF6700351A11 /* AfnewDemo.m */; };
		A778C4831AEFD8E80058185F /* PageViewTableViewCell.m in Sources */ = {isa = PBXBuildFile; fileRef = A778C4821AEFD8E80058185F /* PageViewTableViewCell.m */; };
		A778C4861AF11BC90058185F /* StoreViewTableViewCell.m in Sources */ = {isa = PBXBuildFile; fileRef = A778C4851AF11BC90058185F /* StoreViewTableViewCell.m */; };
		A78F38311AFDA25E002A6F25 /* NSObject+Delay.m in Sources */ = {isa = PBXBuildFile; fileRef = A78F38301AFDA25E002A6F25 /* NSObject+Delay.m */; };
		A78F384A1AFDA26E002A6F25 /* btn_start.png in Resources */ = {isa = PBXBuildFile; fileRef = A78F38331AFDA26E002A6F25 /* btn_start.png */; };
		A78F384B1AFDA26E002A6F25 /* flag_blue.png in Resources */ = {isa = PBXBuildFile; fileRef = A78F38341AFDA26E002A6F25 /* flag_blue.png */; };
		A78F384C1AFDA26E002A6F25 /* flag_green.png in Resources */ = {isa = PBXBuildFile; fileRef = A78F38351AFDA26E002A6F25 /* flag_green.png */; };
		A78F384D1AFDA26E002A6F25 /* flag_grey.png in Resources */ = {isa = PBXBuildFile; fileRef = A78F38361AFDA26E002A6F25 /* flag_grey.png */; };
		A78F384E1AFDA26E002A6F25 /* flag_red.png in Resources */ = {isa = PBXBuildFile; fileRef = A78F38371AFDA26E002A6F25 /* flag_red.png */; };
		A78F384F1AFDA26E002A6F25 /* flag_yellow.png in Resources */ = {isa = PBXBuildFile; fileRef = A78F38381AFDA26E002A6F25 /* flag_yellow.png */; };
		A78F38501AFDA26E002A6F25 /* guide_1.png in Resources */ = {isa = PBXBuildFile; fileRef = A78F38391AFDA26E002A6F25 /* guide_1.png */; };
		A78F38511AFDA26E002A6F25 /* guide_2.png in Resources */ = {isa = PBXBuildFile; fileRef = A78F383A1AFDA26E002A6F25 /* guide_2.png */; };
		A78F38521AFDA26E002A6F25 /* guide_3.png in Resources */ = {isa = PBXBuildFile; fileRef = A78F383B1AFDA26E002A6F25 /* guide_3.png */; };
		A78F38531AFDA26E002A6F25 /* icon1_03.png in Resources */ = {isa = PBXBuildFile; fileRef = A78F383C1AFDA26E002A6F25 /* icon1_03.png */; };
		A78F38541AFDA26E002A6F25 /* img_search.png in Resources */ = {isa = PBXBuildFile; fileRef = A78F383D1AFDA26E002A6F25 /* img_search.png */; };
		A78F38551AFDA26E002A6F25 /* inco_louncher.png in Resources */ = {isa = PBXBuildFile; fileRef = A78F383E1AFDA26E002A6F25 /* inco_louncher.png */; };
		A78F38561AFDA26E002A6F25 /* index.png in Resources */ = {isa = PBXBuildFile; fileRef = A78F383F1AFDA26E002A6F25 /* index.png */; };
		A78F38571AFDA26E002A6F25 /* index_back.png in Resources */ = {isa = PBXBuildFile; fileRef = A78F38401AFDA26E002A6F25 /* index_back.png */; };
		A78F38581AFDA26E002A6F25 /* inon_lock.png in Resources */ = {isa = PBXBuildFile; fileRef = A78F38411AFDA26E002A6F25 /* inon_lock.png */; };
		A78F38591AFDA26E002A6F25 /* item_home.png in Resources */ = {isa = PBXBuildFile; fileRef = A78F38421AFDA26E002A6F25 /* item_home.png */; };
		A78F385A1AFDA26E002A6F25 /* item_shop.png in Resources */ = {isa = PBXBuildFile; fileRef = A78F38431AFDA26E002A6F25 /* item_shop.png */; };
		A78F385B1AFDA26E002A6F25 /* item_user.png in Resources */ = {isa = PBXBuildFile; fileRef = A78F38441AFDA26E002A6F25 /* item_user.png */; };
		A78F385C1AFDA26E002A6F25 /* round_back.png in Resources */ = {isa = PBXBuildFile; fileRef = A78F38451AFDA26E002A6F25 /* round_back.png */; };
		A78F385D1AFDA26E002A6F25 /* scan_box.png in Resources */ = {isa = PBXBuildFile; fileRef = A78F38461AFDA26E002A6F25 /* scan_box.png */; };
		A78F385E1AFDA26E002A6F25 /* scan_line.png in Resources */ = {isa = PBXBuildFile; fileRef = A78F38471AFDA26E002A6F25 /* scan_line.png */; };
		A78F385F1AFDA26E002A6F25 /* splash.png in Resources */ = {isa = PBXBuildFile; fileRef = A78F38481AFDA26E002A6F25 /* splash.png */; };
		A78F38601AFDA26E002A6F25 /* xiaohei_big.jpg in Resources */ = {isa = PBXBuildFile; fileRef = A78F38491AFDA26E002A6F25 /* xiaohei_big.jpg */; };
		A78F38621AFDAFB5002A6F25 /* qrcode.jpg in Resources */ = {isa = PBXBuildFile; fileRef = A78F38611AFDAFB5002A6F25 /* qrcode.jpg */; };
		A78F38651AFDD0B4002A6F25 /* DisplayMovieViewController.m in Sources */ = {isa = PBXBuildFile; fileRef = A78F38641AFDD0B4002A6F25 /* DisplayMovieViewController.m */; };
		A78F9E151B1B020D0001BC90 /* CoreImage.framework in Frameworks */ = {isa = PBXBuildFile; fileRef = A78F9E141B1B020D0001BC90 /* CoreImage.framework */; };
		A78F9F551AED36C700F6CE9C /* main.m in Sources */ = {isa = PBXBuildFile; fileRef = A78F9F541AED36C700F6CE9C /* main.m */; };
		A78F9F581AED36C700F6CE9C /* AppDelegate.m in Sources */ = {isa = PBXBuildFile; fileRef = A78F9F571AED36C700F6CE9C /* AppDelegate.m */; };
		A78F9F5E1AED36C700F6CE9C /* Main.storyboard in Resources */ = {isa = PBXBuildFile; fileRef = A78F9F5C1AED36C700F6CE9C /* Main.storyboard */; };
		A78F9F601AED36C700F6CE9C /* Images.xcassets in Resources */ = {isa = PBXBuildFile; fileRef = A78F9F5F1AED36C700F6CE9C /* Images.xcassets */; };
		A78F9F631AED36C700F6CE9C /* LaunchScreen.xib in Resources */ = {isa = PBXBuildFile; fileRef = A78F9F611AED36C700F6CE9C /* LaunchScreen.xib */; };
		A78F9F7B1AEE684D00F6CE9C /* SplashViewController.m in Sources */ = {isa = PBXBuildFile; fileRef = A78F9F7A1AEE684D00F6CE9C /* SplashViewController.m */; };
		A78F9F7E1AEE685900F6CE9C /* GuideViewController.m in Sources */ = {isa = PBXBuildFile; fileRef = A78F9F7D1AEE685900F6CE9C /* GuideViewController.m */; };
		A78F9F811AEE68B900F6CE9C /* MainViewController.m in Sources */ = {isa = PBXBuildFile; fileRef = A78F9F801AEE68B900F6CE9C /* MainViewController.m */; };
		A78F9F841AEE68C900F6CE9C /* PageViewController.m in Sources */ = {isa = PBXBuildFile; fileRef = A78F9F831AEE68C900F6CE9C /* PageViewController.m */; };
		A78F9F871AEE68DA00F6CE9C /* StoreViewController.m in Sources */ = {isa = PBXBuildFile; fileRef = A78F9F861AEE68DA00F6CE9C /* StoreViewController.m */; };
		A78F9F8A1AEE68E500F6CE9C /* UserViewController.m in Sources */ = {isa = PBXBuildFile; fileRef = A78F9F891AEE68E500F6CE9C /* UserViewController.m */; };
		A78F9F901AEE6AB400F6CE9C /* AnimViewController.m in Sources */ = {isa = PBXBuildFile; fileRef = A78F9F8F1AEE6AB400F6CE9C /* AnimViewController.m */; };
		A78F9F931AEE6ABF00F6CE9C /* ScanViewController.m in Sources */ = {isa = PBXBuildFile; fileRef = A78F9F921AEE6ABF00F6CE9C /* ScanViewController.m */; };
		A78F9F961AEE6BB200F6CE9C /* ResultViewController.m in Sources */ = {isa = PBXBuildFile; fileRef = A78F9F951AEE6BB200F6CE9C /* ResultViewController.m */; };
		A78F9F991AEE730200F6CE9C /* RegisterViewController.m in Sources */ = {isa = PBXBuildFile; fileRef = A78F9F981AEE730200F6CE9C /* RegisterViewController.m */; };
		A7A98CB31B06ED2500A1176D /* AFHTTPRequestOperation.m in Sources */ = {isa = PBXBuildFile; fileRef = A7A98C8F1B06ED2500A1176D /* AFHTTPRequestOperation.m */; };
		A7A98CB41B06ED2500A1176D /* AFHTTPRequestOperationManager.m in Sources */ = {isa = PBXBuildFile; fileRef = A7A98C911B06ED2500A1176D /* AFHTTPRequestOperationManager.m */; };
		A7A98CB51B06ED2500A1176D /* AFHTTPSessionManager.m in Sources */ = {isa = PBXBuildFile; fileRef = A7A98C931B06ED2500A1176D /* AFHTTPSessionManager.m */; };
		A7A98CB61B06ED2500A1176D /* AFNetworkReachabilityManager.m in Sources */ = {isa = PBXBuildFile; fileRef = A7A98C961B06ED2500A1176D /* AFNetworkReachabilityManager.m */; };
		A7A98CB71B06ED2500A1176D /* AFSecurityPolicy.m in Sources */ = {isa = PBXBuildFile; fileRef = A7A98C981B06ED2500A1176D /* AFSecurityPolicy.m */; };
		A7A98CB81B06ED2500A1176D /* AFURLConnectionOperation.m in Sources */ = {isa = PBXBuildFile; fileRef = A7A98C9A1B06ED2500A1176D /* AFURLConnectionOperation.m */; };
		A7A98CB91B06ED2500A1176D /* AFURLRequestSerialization.m in Sources */ = {isa = PBXBuildFile; fileRef = A7A98C9C1B06ED2500A1176D /* AFURLRequestSerialization.m */; };
		A7A98CBA1B06ED2500A1176D /* AFURLResponseSerialization.m in Sources */ = {isa = PBXBuildFile; fileRef = A7A98C9E1B06ED2500A1176D /* AFURLResponseSerialization.m */; };
		A7A98CBB1B06ED2500A1176D /* AFURLSessionManager.m in Sources */ = {isa = PBXBuildFile; fileRef = A7A98CA01B06ED2500A1176D /* AFURLSessionManager.m */; };
		A7A98CBC1B06ED2500A1176D /* AFNetworkActivityIndicatorManager.m in Sources */ = {isa = PBXBuildFile; fileRef = A7A98CA31B06ED2500A1176D /* AFNetworkActivityIndicatorManager.m */; };
		A7A98CBD1B06ED2500A1176D /* UIActivityIndicatorView+AFNetworking.m in Sources */ = {isa = PBXBuildFile; fileRef = A7A98CA51B06ED2500A1176D /* UIActivityIndicatorView+AFNetworking.m */; };
		A7A98CBE1B06ED2500A1176D /* UIAlertView+AFNetworking.m in Sources */ = {isa = PBXBuildFile; fileRef = A7A98CA71B06ED2500A1176D /* UIAlertView+AFNetworking.m */; };
		A7A98CBF1B06ED2500A1176D /* UIButton+AFNetworking.m in Sources */ = {isa = PBXBuildFile; fileRef = A7A98CA91B06ED2500A1176D /* UIButton+AFNetworking.m */; };
		A7A98CC01B06ED2500A1176D /* UIImageView+AFNetworking.m in Sources */ = {isa = PBXBuildFile; fileRef = A7A98CAB1B06ED2500A1176D /* UIImageView+AFNetworking.m */; };
		A7A98CC11B06ED2500A1176D /* UIProgressView+AFNetworking.m in Sources */ = {isa = PBXBuildFile; fileRef = A7A98CAE1B06ED2500A1176D /* UIProgressView+AFNetworking.m */; };
		A7A98CC21B06ED2500A1176D /* UIRefreshControl+AFNetworking.m in Sources */ = {isa = PBXBuildFile; fileRef = A7A98CB01B06ED2500A1176D /* UIRefreshControl+AFNetworking.m */; };
		A7A98CC31B06ED2500A1176D /* UIWebView+AFNetworking.m in Sources */ = {isa = PBXBuildFile; fileRef = A7A98CB21B06ED2500A1176D /* UIWebView+AFNetworking.m */; };
		A7AB1B311B0B7A8400739B8C /* image_sample.jpg in Resources */ = {isa = PBXBuildFile; fileRef = A7AB1B301B0B7A8400739B8C /* image_sample.jpg */; };
		A7E14C641AF6646D00018386 /* ModelTableViewCell.m in Sources */ = {isa = PBXBuildFile; fileRef = A7E14C631AF6646D00018386 /* ModelTableViewCell.m */; };
		A7E14C671AF664D300018386 /* FontCollectionViewCell.m in Sources */ = {isa = PBXBuildFile; fileRef = A7E14C661AF664D300018386 /* FontCollectionViewCell.m */; };
/* End PBXBuildFile section */

/* Begin PBXFileReference section */
		615CF8E98A4ECA8143E933F1 /* libPods-Chnword.a */ = {isa = PBXFileReference; explicitFileType = archive.ar; includeInIndex = 0; path = "libPods-Chnword.a"; sourceTree = BUILT_PRODUCTS_DIR; };
		91E67091585392E3631D7238 /* Pods-Chnword.debug.xcconfig */ = {isa = PBXFileReference; includeInIndex = 1; lastKnownFileType = text.xcconfig; name = "Pods-Chnword.debug.xcconfig"; path = "Pods/Target Support Files/Pods-Chnword/Pods-Chnword.debug.xcconfig"; sourceTree = "<group>"; };
		A70462371AF7AB39005F2FE8 /* AVFoundation.framework */ = {isa = PBXFileReference; lastKnownFileType = wrapper.framework; name = AVFoundation.framework; path = System/Library/Frameworks/AVFoundation.framework; sourceTree = SDKROOT; };
		A704623A1AF7ABEC005F2FE8 /* libz.dylib */ = {isa = PBXFileReference; lastKnownFileType = "compiled.mach-o.dylib"; name = libz.dylib; path = usr/lib/libz.dylib; sourceTree = SDKROOT; };
		A704623C1AF7ABFA005F2FE8 /* libstdc++.dylib */ = {isa = PBXFileReference; lastKnownFileType = "compiled.mach-o.dylib"; name = "libstdc++.dylib"; path = "usr/lib/libstdc++.dylib"; sourceTree = SDKROOT; };
		A704623E1AF7AC09005F2FE8 /* ImageIO.framework */ = {isa = PBXFileReference; lastKnownFileType = wrapper.framework; name = ImageIO.framework; path = System/Library/Frameworks/ImageIO.framework; sourceTree = SDKROOT; };
		A70462401AF7AC1A005F2FE8 /* Security.framework */ = {isa = PBXFileReference; lastKnownFileType = wrapper.framework; name = Security.framework; path = System/Library/Frameworks/Security.framework; sourceTree = SDKROOT; };
		A70462421AF7AC35005F2FE8 /* QuartzCore.framework */ = {isa = PBXFileReference; lastKnownFileType = wrapper.framework; name = QuartzCore.framework; path = System/Library/Frameworks/QuartzCore.framework; sourceTree = SDKROOT; };
		A70462441AF7AC4A005F2FE8 /* AudioToolbox.framework */ = {isa = PBXFileReference; lastKnownFileType = wrapper.framework; name = AudioToolbox.framework; path = System/Library/Frameworks/AudioToolbox.framework; sourceTree = SDKROOT; };
		A70462461AF7AC5A005F2FE8 /* MessageUI.framework */ = {isa = PBXFileReference; lastKnownFileType = wrapper.framework; name = MessageUI.framework; path = System/Library/Frameworks/MessageUI.framework; sourceTree = SDKROOT; };
		A70462481AF7AC6A005F2FE8 /* CoreGraphics.framework */ = {isa = PBXFileReference; lastKnownFileType = wrapper.framework; name = CoreGraphics.framework; path = System/Library/Frameworks/CoreGraphics.framework; sourceTree = SDKROOT; };
		A704624A1AF7AC89005F2FE8 /* SystemConfiguration.framework */ = {isa = PBXFileReference; lastKnownFileType = wrapper.framework; name = SystemConfiguration.framework; path = System/Library/Frameworks/SystemConfiguration.framework; sourceTree = SDKROOT; };
		A704624C1AF7AC9F005F2FE8 /* CoreTelephony.framework */ = {isa = PBXFileReference; lastKnownFileType = wrapper.framework; name = CoreTelephony.framework; path = System/Library/Frameworks/CoreTelephony.framework; sourceTree = SDKROOT; };
		A704624E1AF7ACDC005F2FE8 /* MobileCoreServices.framework */ = {isa = PBXFileReference; lastKnownFileType = wrapper.framework; name = MobileCoreServices.framework; path = System/Library/Frameworks/MobileCoreServices.framework; sourceTree = SDKROOT; };
		A70462501AF7ACEE005F2FE8 /* libicucore.dylib */ = {isa = PBXFileReference; lastKnownFileType = "compiled.mach-o.dylib"; name = libicucore.dylib; path = usr/lib/libicucore.dylib; sourceTree = SDKROOT; };
		A70462681AF7B2D1005F2FE8 /* Foundation.framework */ = {isa = PBXFileReference; lastKnownFileType = wrapper.framework; name = Foundation.framework; path = System/Library/Frameworks/Foundation.framework; sourceTree = SDKROOT; };
		A70462781AF7C3FB005F2FE8 /* AnimCollectionViewCell.h */ = {isa = PBXFileReference; fileEncoding = 4; lastKnownFileType = sourcecode.c.h; path = AnimCollectionViewCell.h; sourceTree = "<group>"; };
		A70462791AF7C3FB005F2FE8 /* AnimCollectionViewCell.m */ = {isa = PBXFileReference; fileEncoding = 4; lastKnownFileType = sourcecode.c.objc; path = AnimCollectionViewCell.m; sourceTree = "<group>"; };
		A7158E641B02D555006EB801 /* NetManager.h */ = {isa = PBXFileReference; fileEncoding = 4; lastKnownFileType = sourcecode.c.h; path = NetManager.h; sourceTree = "<group>"; };
		A7158E651B02D555006EB801 /* NetManager.m */ = {isa = PBXFileReference; fileEncoding = 4; lastKnownFileType = sourcecode.c.objc; path = NetManager.m; sourceTree = "<group>"; };
		A7158E671B02D56C006EB801 /* NetParamFactory.h */ = {isa = PBXFileReference; fileEncoding = 4; lastKnownFileType = sourcecode.c.h; path = NetParamFactory.h; sourceTree = "<group>"; };
		A7158E681B02D56C006EB801 /* NetParamFactory.m */ = {isa = PBXFileReference; fileEncoding = 4; lastKnownFileType = sourcecode.c.objc; path = NetParamFactory.m; sourceTree = "<group>"; };
		A7158E6A1B03A1DF006EB801 /* Util.h */ = {isa = PBXFileReference; fileEncoding = 4; lastKnownFileType = sourcecode.c.h; path = Util.h; sourceTree = "<group>"; };
		A7158E6B1B03A1DF006EB801 /* Util.m */ = {isa = PBXFileReference; fileEncoding = 4; lastKnownFileType = sourcecode.c.objc; path = Util.m; sourceTree = "<group>"; };
		A72D73541B084DDC0013E735 /* DataUtil.h */ = {isa = PBXFileReference; fileEncoding = 4; lastKnownFileType = sourcecode.c.h; path = DataUtil.h; sourceTree = "<group>"; };
		A72D73551B084DDC0013E735 /* DataUtil.m */ = {isa = PBXFileReference; fileEncoding = 4; lastKnownFileType = sourcecode.c.objc; path = DataUtil.m; sourceTree = "<group>"; };
		A72D73581B085D570013E735 /* MBProgressHUD.h */ = {isa = PBXFileReference; fileEncoding = 4; lastKnownFileType = sourcecode.c.h; path = MBProgressHUD.h; sourceTree = "<group>"; };
		A72D73591B085D570013E735 /* MBProgressHUD.m */ = {isa = PBXFileReference; fileEncoding = 4; lastKnownFileType = sourcecode.c.objc; path = MBProgressHUD.m; sourceTree = "<group>"; };
		A72D735D1B085D570013E735 /* SDImageCache.h */ = {isa = PBXFileReference; fileEncoding = 4; lastKnownFileType = sourcecode.c.h; path = SDImageCache.h; sourceTree = "<group>"; };
		A72D735E1B085D570013E735 /* SDWebImageCompat.h */ = {isa = PBXFileReference; fileEncoding = 4; lastKnownFileType = sourcecode.c.h; path = SDWebImageCompat.h; sourceTree = "<group>"; };
		A72D735F1B085D570013E735 /* SDWebImageDecoder.h */ = {isa = PBXFileReference; fileEncoding = 4; lastKnownFileType = sourcecode.c.h; path = SDWebImageDecoder.h; sourceTree = "<group>"; };
		A72D73601B085D570013E735 /* SDWebImageDownloader.h */ = {isa = PBXFileReference; fileEncoding = 4; lastKnownFileType = sourcecode.c.h; path = SDWebImageDownloader.h; sourceTree = "<group>"; };
		A72D73611B085D570013E735 /* SDWebImageDownloaderOperation.h */ = {isa = PBXFileReference; fileEncoding = 4; lastKnownFileType = sourcecode.c.h; path = SDWebImageDownloaderOperation.h; sourceTree = "<group>"; };
		A72D73621B085D570013E735 /* SDWebImageManager.h */ = {isa = PBXFileReference; fileEncoding = 4; lastKnownFileType = sourcecode.c.h; path = SDWebImageManager.h; sourceTree = "<group>"; };
		A72D73631B085D570013E735 /* SDWebImageOperation.h */ = {isa = PBXFileReference; fileEncoding = 4; lastKnownFileType = sourcecode.c.h; path = SDWebImageOperation.h; sourceTree = "<group>"; };
		A72D73641B085D570013E735 /* SDWebImagePrefetcher.h */ = {isa = PBXFileReference; fileEncoding = 4; lastKnownFileType = sourcecode.c.h; path = SDWebImagePrefetcher.h; sourceTree = "<group>"; };
		A72D73651B085D570013E735 /* UIButton+WebCache.h */ = {isa = PBXFileReference; fileEncoding = 4; lastKnownFileType = sourcecode.c.h; path = "UIButton+WebCache.h"; sourceTree = "<group>"; };
		A72D73661B085D570013E735 /* UIImageView+HighlightedWebCache.h */ = {isa = PBXFileReference; fileEncoding = 4; lastKnownFileType = sourcecode.c.h; path = "UIImageView+HighlightedWebCache.h"; sourceTree = "<group>"; };
		A72D73671B085D570013E735 /* UIImageView+WebCache.h */ = {isa = PBXFileReference; fileEncoding = 4; lastKnownFileType = sourcecode.c.h; path = "UIImageView+WebCache.h"; sourceTree = "<group>"; };
		A72D73681B085D570013E735 /* libSDWebImage_universal.a */ = {isa = PBXFileReference; lastKnownFileType = archive.ar; path = libSDWebImage_universal.a; sourceTree = "<group>"; };
		A72D736B1B0865480013E735 /* NSObject+JSON.h */ = {isa = PBXFileReference; fileEncoding = 4; lastKnownFileType = sourcecode.c.h; path = "NSObject+JSON.h"; sourceTree = "<group>"; };
		A72D736C1B0865480013E735 /* NSObject+JSON.m */ = {isa = PBXFileReference; fileEncoding = 4; lastKnownFileType = sourcecode.c.objc; path = "NSObject+JSON.m"; sourceTree = "<group>"; };
		A74725DC1B1958220065E512 /* CoverFlowView.h */ = {isa = PBXFileReference; fileEncoding = 4; lastKnownFileType = sourcecode.c.h; path = CoverFlowView.h; sourceTree = "<group>"; };
		A74725DD1B1958220065E512 /* CoverFlowView.m */ = {isa = PBXFileReference; fileEncoding = 4; lastKnownFileType = sourcecode.c.objc; path = CoverFlowView.m; sourceTree = "<group>"; };
		A752023F1B1607000054DB91 /* CHKeychain.h */ = {isa = PBXFileReference; fileEncoding = 4; lastKnownFileType = sourcecode.c.h; path = CHKeychain.h; sourceTree = "<group>"; };
		A75202401B1607000054DB91 /* CHKeychain.m */ = {isa = PBXFileReference; fileEncoding = 4; lastKnownFileType = sourcecode.c.objc; path = CHKeychain.m; sourceTree = "<group>"; };
		A75FAA8A1B11A1D400B33C5E /* MediaPlayer.framework */ = {isa = PBXFileReference; lastKnownFileType = wrapper.framework; name = MediaPlayer.framework; path = System/Library/Frameworks/MediaPlayer.framework; sourceTree = SDKROOT; };
		A771C3941B00FF6700351A11 /* AfnewDemo.h */ = {isa = PBXFileReference; fileEncoding = 4; lastKnownFileType = sourcecode.c.h; path = AfnewDemo.h; sourceTree = "<group>"; };
		A771C3951B00FF6700351A11 /* AfnewDemo.m */ = {isa = PBXFileReference; fileEncoding = 4; lastKnownFileType = sourcecode.c.objc; path = AfnewDemo.m; sourceTree = "<group>"; };
		A778C4811AEFD8E80058185F /* PageViewTableViewCell.h */ = {isa = PBXFileReference; fileEncoding = 4; lastKnownFileType = sourcecode.c.h; path = PageViewTableViewCell.h; sourceTree = "<group>"; };
		A778C4821AEFD8E80058185F /* PageViewTableViewCell.m */ = {isa = PBXFileReference; fileEncoding = 4; lastKnownFileType = sourcecode.c.objc; path = PageViewTableViewCell.m; sourceTree = "<group>"; };
		A778C4841AF11BC90058185F /* StoreViewTableViewCell.h */ = {isa = PBXFileReference; fileEncoding = 4; lastKnownFileType = sourcecode.c.h; path = StoreViewTableViewCell.h; sourceTree = "<group>"; };
		A778C4851AF11BC90058185F /* StoreViewTableViewCell.m */ = {isa = PBXFileReference; fileEncoding = 4; lastKnownFileType = sourcecode.c.objc; path = StoreViewTableViewCell.m; sourceTree = "<group>"; };
		A78F382F1AFDA25E002A6F25 /* NSObject+Delay.h */ = {isa = PBXFileReference; fileEncoding = 4; lastKnownFileType = sourcecode.c.h; path = "NSObject+Delay.h"; sourceTree = "<group>"; };
		A78F38301AFDA25E002A6F25 /* NSObject+Delay.m */ = {isa = PBXFileReference; fileEncoding = 4; lastKnownFileType = sourcecode.c.objc; path = "NSObject+Delay.m"; sourceTree = "<group>"; };
		A78F38331AFDA26E002A6F25 /* btn_start.png */ = {isa = PBXFileReference; lastKnownFileType = image.png; path = btn_start.png; sourceTree = "<group>"; };
		A78F38341AFDA26E002A6F25 /* flag_blue.png */ = {isa = PBXFileReference; lastKnownFileType = image.png; path = flag_blue.png; sourceTree = "<group>"; };
		A78F38351AFDA26E002A6F25 /* flag_green.png */ = {isa = PBXFileReference; lastKnownFileType = image.png; path = flag_green.png; sourceTree = "<group>"; };
		A78F38361AFDA26E002A6F25 /* flag_grey.png */ = {isa = PBXFileReference; lastKnownFileType = image.png; path = flag_grey.png; sourceTree = "<group>"; };
		A78F38371AFDA26E002A6F25 /* flag_red.png */ = {isa = PBXFileReference; lastKnownFileType = image.png; path = flag_red.png; sourceTree = "<group>"; };
		A78F38381AFDA26E002A6F25 /* flag_yellow.png */ = {isa = PBXFileReference; lastKnownFileType = image.png; path = flag_yellow.png; sourceTree = "<group>"; };
		A78F38391AFDA26E002A6F25 /* guide_1.png */ = {isa = PBXFileReference; lastKnownFileType = image.png; path = guide_1.png; sourceTree = "<group>"; };
		A78F383A1AFDA26E002A6F25 /* guide_2.png */ = {isa = PBXFileReference; lastKnownFileType = image.png; path = guide_2.png; sourceTree = "<group>"; };
		A78F383B1AFDA26E002A6F25 /* guide_3.png */ = {isa = PBXFileReference; lastKnownFileType = image.png; path = guide_3.png; sourceTree = "<group>"; };
		A78F383C1AFDA26E002A6F25 /* icon1_03.png */ = {isa = PBXFileReference; lastKnownFileType = image.png; path = icon1_03.png; sourceTree = "<group>"; };
		A78F383D1AFDA26E002A6F25 /* img_search.png */ = {isa = PBXFileReference; lastKnownFileType = image.png; path = img_search.png; sourceTree = "<group>"; };
		A78F383E1AFDA26E002A6F25 /* inco_louncher.png */ = {isa = PBXFileReference; lastKnownFileType = image.png; path = inco_louncher.png; sourceTree = "<group>"; };
		A78F383F1AFDA26E002A6F25 /* index.png */ = {isa = PBXFileReference; lastKnownFileType = image.png; path = index.png; sourceTree = "<group>"; };
		A78F38401AFDA26E002A6F25 /* index_back.png */ = {isa = PBXFileReference; lastKnownFileType = image.png; path = index_back.png; sourceTree = "<group>"; };
		A78F38411AFDA26E002A6F25 /* inon_lock.png */ = {isa = PBXFileReference; lastKnownFileType = image.png; path = inon_lock.png; sourceTree = "<group>"; };
		A78F38421AFDA26E002A6F25 /* item_home.png */ = {isa = PBXFileReference; lastKnownFileType = image.png; path = item_home.png; sourceTree = "<group>"; };
		A78F38431AFDA26E002A6F25 /* item_shop.png */ = {isa = PBXFileReference; lastKnownFileType = image.png; path = item_shop.png; sourceTree = "<group>"; };
		A78F38441AFDA26E002A6F25 /* item_user.png */ = {isa = PBXFileReference; lastKnownFileType = image.png; path = item_user.png; sourceTree = "<group>"; };
		A78F38451AFDA26E002A6F25 /* round_back.png */ = {isa = PBXFileReference; lastKnownFileType = image.png; path = round_back.png; sourceTree = "<group>"; };
		A78F38461AFDA26E002A6F25 /* scan_box.png */ = {isa = PBXFileReference; lastKnownFileType = image.png; path = scan_box.png; sourceTree = "<group>"; };
		A78F38471AFDA26E002A6F25 /* scan_line.png */ = {isa = PBXFileReference; lastKnownFileType = image.png; path = scan_line.png; sourceTree = "<group>"; };
		A78F38481AFDA26E002A6F25 /* splash.png */ = {isa = PBXFileReference; lastKnownFileType = image.png; path = splash.png; sourceTree = "<group>"; };
		A78F38491AFDA26E002A6F25 /* xiaohei_big.jpg */ = {isa = PBXFileReference; lastKnownFileType = image.jpeg; path = xiaohei_big.jpg; sourceTree = "<group>"; };
		A78F38611AFDAFB5002A6F25 /* qrcode.jpg */ = {isa = PBXFileReference; lastKnownFileType = image.jpeg; path = qrcode.jpg; sourceTree = "<group>"; };
		A78F38631AFDD0B4002A6F25 /* DisplayMovieViewController.h */ = {isa = PBXFileReference; fileEncoding = 4; lastKnownFileType = sourcecode.c.h; path = DisplayMovieViewController.h; sourceTree = "<group>"; };
		A78F38641AFDD0B4002A6F25 /* DisplayMovieViewController.m */ = {isa = PBXFileReference; fileEncoding = 4; lastKnownFileType = sourcecode.c.objc; path = DisplayMovieViewController.m; sourceTree = "<group>"; };
		A78F9E141B1B020D0001BC90 /* CoreImage.framework */ = {isa = PBXFileReference; lastKnownFileType = wrapper.framework; name = CoreImage.framework; path = System/Library/Frameworks/CoreImage.framework; sourceTree = SDKROOT; };
		A78F9F4F1AED36C700F6CE9C /* Chnword.app */ = {isa = PBXFileReference; explicitFileType = wrapper.application; includeInIndex = 0; path = Chnword.app; sourceTree = BUILT_PRODUCTS_DIR; };
		A78F9F531AED36C700F6CE9C /* Info.plist */ = {isa = PBXFileReference; lastKnownFileType = text.plist.xml; path = Info.plist; sourceTree = "<group>"; };
		A78F9F541AED36C700F6CE9C /* main.m */ = {isa = PBXFileReference; lastKnownFileType = sourcecode.c.objc; path = main.m; sourceTree = "<group>"; };
		A78F9F561AED36C700F6CE9C /* AppDelegate.h */ = {isa = PBXFileReference; lastKnownFileType = sourcecode.c.h; path = AppDelegate.h; sourceTree = "<group>"; };
		A78F9F571AED36C700F6CE9C /* AppDelegate.m */ = {isa = PBXFileReference; lastKnownFileType = sourcecode.c.objc; path = AppDelegate.m; sourceTree = "<group>"; };
		A78F9F5D1AED36C700F6CE9C /* Base */ = {isa = PBXFileReference; lastKnownFileType = file.storyboard; name = Base; path = Base.lproj/Main.storyboard; sourceTree = "<group>"; };
		A78F9F5F1AED36C700F6CE9C /* Images.xcassets */ = {isa = PBXFileReference; lastKnownFileType = folder.assetcatalog; path = Images.xcassets; sourceTree = "<group>"; };
		A78F9F621AED36C700F6CE9C /* Base */ = {isa = PBXFileReference; lastKnownFileType = file.xib; name = Base; path = Base.lproj/LaunchScreen.xib; sourceTree = "<group>"; };
		A78F9F791AEE684D00F6CE9C /* SplashViewController.h */ = {isa = PBXFileReference; fileEncoding = 4; lastKnownFileType = sourcecode.c.h; path = SplashViewController.h; sourceTree = "<group>"; };
		A78F9F7A1AEE684D00F6CE9C /* SplashViewController.m */ = {isa = PBXFileReference; fileEncoding = 4; lastKnownFileType = sourcecode.c.objc; path = SplashViewController.m; sourceTree = "<group>"; };
		A78F9F7C1AEE685900F6CE9C /* GuideViewController.h */ = {isa = PBXFileReference; fileEncoding = 4; lastKnownFileType = sourcecode.c.h; path = GuideViewController.h; sourceTree = "<group>"; };
		A78F9F7D1AEE685900F6CE9C /* GuideViewController.m */ = {isa = PBXFileReference; fileEncoding = 4; lastKnownFileType = sourcecode.c.objc; path = GuideViewController.m; sourceTree = "<group>"; };
		A78F9F7F1AEE68B900F6CE9C /* MainViewController.h */ = {isa = PBXFileReference; fileEncoding = 4; lastKnownFileType = sourcecode.c.h; path = MainViewController.h; sourceTree = "<group>"; };
		A78F9F801AEE68B900F6CE9C /* MainViewController.m */ = {isa = PBXFileReference; fileEncoding = 4; lastKnownFileType = sourcecode.c.objc; path = MainViewController.m; sourceTree = "<group>"; };
		A78F9F821AEE68C900F6CE9C /* PageViewController.h */ = {isa = PBXFileReference; fileEncoding = 4; lastKnownFileType = sourcecode.c.h; path = PageViewController.h; sourceTree = "<group>"; };
		A78F9F831AEE68C900F6CE9C /* PageViewController.m */ = {isa = PBXFileReference; fileEncoding = 4; lastKnownFileType = sourcecode.c.objc; path = PageViewController.m; sourceTree = "<group>"; };
		A78F9F851AEE68DA00F6CE9C /* StoreViewController.h */ = {isa = PBXFileReference; fileEncoding = 4; lastKnownFileType = sourcecode.c.h; path = StoreViewController.h; sourceTree = "<group>"; };
		A78F9F861AEE68DA00F6CE9C /* StoreViewController.m */ = {isa = PBXFileReference; fileEncoding = 4; lastKnownFileType = sourcecode.c.objc; path = StoreViewController.m; sourceTree = "<group>"; };
		A78F9F881AEE68E500F6CE9C /* UserViewController.h */ = {isa = PBXFileReference; fileEncoding = 4; lastKnownFileType = sourcecode.c.h; path = UserViewController.h; sourceTree = "<group>"; };
		A78F9F891AEE68E500F6CE9C /* UserViewController.m */ = {isa = PBXFileReference; fileEncoding = 4; lastKnownFileType = sourcecode.c.objc; path = UserViewController.m; sourceTree = "<group>"; };
		A78F9F8E1AEE6AB400F6CE9C /* AnimViewController.h */ = {isa = PBXFileReference; fileEncoding = 4; lastKnownFileType = sourcecode.c.h; path = AnimViewController.h; sourceTree = "<group>"; };
		A78F9F8F1AEE6AB400F6CE9C /* AnimViewController.m */ = {isa = PBXFileReference; fileEncoding = 4; lastKnownFileType = sourcecode.c.objc; path = AnimViewController.m; sourceTree = "<group>"; };
		A78F9F911AEE6ABF00F6CE9C /* ScanViewController.h */ = {isa = PBXFileReference; fileEncoding = 4; lastKnownFileType = sourcecode.c.h; path = ScanViewController.h; sourceTree = "<group>"; };
		A78F9F921AEE6ABF00F6CE9C /* ScanViewController.m */ = {isa = PBXFileReference; fileEncoding = 4; lastKnownFileType = sourcecode.c.objc; path = ScanViewController.m; sourceTree = "<group>"; };
		A78F9F941AEE6BB200F6CE9C /* ResultViewController.h */ = {isa = PBXFileReference; fileEncoding = 4; lastKnownFileType = sourcecode.c.h; path = ResultViewController.h; sourceTree = "<group>"; };
		A78F9F951AEE6BB200F6CE9C /* ResultViewController.m */ = {isa = PBXFileReference; fileEncoding = 4; lastKnownFileType = sourcecode.c.objc; path = ResultViewController.m; sourceTree = "<group>"; };
		A78F9F971AEE730200F6CE9C /* RegisterViewController.h */ = {isa = PBXFileReference; fileEncoding = 4; lastKnownFileType = sourcecode.c.h; path = RegisterViewController.h; sourceTree = "<group>"; };
		A78F9F981AEE730200F6CE9C /* RegisterViewController.m */ = {isa = PBXFileReference; fileEncoding = 4; lastKnownFileType = sourcecode.c.objc; path = RegisterViewController.m; sourceTree = "<group>"; };
		A78F9FA31AEE806100F6CE9C /* PrefixHeader.pch */ = {isa = PBXFileReference; lastKnownFileType = sourcecode.c.h; path = PrefixHeader.pch; sourceTree = "<group>"; };
		A7A98C8E1B06ED2500A1176D /* AFHTTPRequestOperation.h */ = {isa = PBXFileReference; fileEncoding = 4; lastKnownFileType = sourcecode.c.h; path = AFHTTPRequestOperation.h; sourceTree = "<group>"; };
		A7A98C8F1B06ED2500A1176D /* AFHTTPRequestOperation.m */ = {isa = PBXFileReference; fileEncoding = 4; lastKnownFileType = sourcecode.c.objc; path = AFHTTPRequestOperation.m; sourceTree = "<group>"; };
		A7A98C901B06ED2500A1176D /* AFHTTPRequestOperationManager.h */ = {isa = PBXFileReference; fileEncoding = 4; lastKnownFileType = sourcecode.c.h; path = AFHTTPRequestOperationManager.h; sourceTree = "<group>"; };
		A7A98C911B06ED2500A1176D /* AFHTTPRequestOperationManager.m */ = {isa = PBXFileReference; fileEncoding = 4; lastKnownFileType = sourcecode.c.objc; path = AFHTTPRequestOperationManager.m; sourceTree = "<group>"; };
		A7A98C921B06ED2500A1176D /* AFHTTPSessionManager.h */ = {isa = PBXFileReference; fileEncoding = 4; lastKnownFileType = sourcecode.c.h; path = AFHTTPSessionManager.h; sourceTree = "<group>"; };
		A7A98C931B06ED2500A1176D /* AFHTTPSessionManager.m */ = {isa = PBXFileReference; fileEncoding = 4; lastKnownFileType = sourcecode.c.objc; path = AFHTTPSessionManager.m; sourceTree = "<group>"; };
		A7A98C941B06ED2500A1176D /* AFNetworking.h */ = {isa = PBXFileReference; fileEncoding = 4; lastKnownFileType = sourcecode.c.h; path = AFNetworking.h; sourceTree = "<group>"; };
		A7A98C951B06ED2500A1176D /* AFNetworkReachabilityManager.h */ = {isa = PBXFileReference; fileEncoding = 4; lastKnownFileType = sourcecode.c.h; path = AFNetworkReachabilityManager.h; sourceTree = "<group>"; };
		A7A98C961B06ED2500A1176D /* AFNetworkReachabilityManager.m */ = {isa = PBXFileReference; fileEncoding = 4; lastKnownFileType = sourcecode.c.objc; path = AFNetworkReachabilityManager.m; sourceTree = "<group>"; };
		A7A98C971B06ED2500A1176D /* AFSecurityPolicy.h */ = {isa = PBXFileReference; fileEncoding = 4; lastKnownFileType = sourcecode.c.h; path = AFSecurityPolicy.h; sourceTree = "<group>"; };
		A7A98C981B06ED2500A1176D /* AFSecurityPolicy.m */ = {isa = PBXFileReference; fileEncoding = 4; lastKnownFileType = sourcecode.c.objc; path = AFSecurityPolicy.m; sourceTree = "<group>"; };
		A7A98C991B06ED2500A1176D /* AFURLConnectionOperation.h */ = {isa = PBXFileReference; fileEncoding = 4; lastKnownFileType = sourcecode.c.h; path = AFURLConnectionOperation.h; sourceTree = "<group>"; };
		A7A98C9A1B06ED2500A1176D /* AFURLConnectionOperation.m */ = {isa = PBXFileReference; fileEncoding = 4; lastKnownFileType = sourcecode.c.objc; path = AFURLConnectionOperation.m; sourceTree = "<group>"; };
		A7A98C9B1B06ED2500A1176D /* AFURLRequestSerialization.h */ = {isa = PBXFileReference; fileEncoding = 4; lastKnownFileType = sourcecode.c.h; path = AFURLRequestSerialization.h; sourceTree = "<group>"; };
		A7A98C9C1B06ED2500A1176D /* AFURLRequestSerialization.m */ = {isa = PBXFileReference; fileEncoding = 4; lastKnownFileType = sourcecode.c.objc; path = AFURLRequestSerialization.m; sourceTree = "<group>"; };
		A7A98C9D1B06ED2500A1176D /* AFURLResponseSerialization.h */ = {isa = PBXFileReference; fileEncoding = 4; lastKnownFileType = sourcecode.c.h; path = AFURLResponseSerialization.h; sourceTree = "<group>"; };
		A7A98C9E1B06ED2500A1176D /* AFURLResponseSerialization.m */ = {isa = PBXFileReference; fileEncoding = 4; lastKnownFileType = sourcecode.c.objc; path = AFURLResponseSerialization.m; sourceTree = "<group>"; };
		A7A98C9F1B06ED2500A1176D /* AFURLSessionManager.h */ = {isa = PBXFileReference; fileEncoding = 4; lastKnownFileType = sourcecode.c.h; path = AFURLSessionManager.h; sourceTree = "<group>"; };
		A7A98CA01B06ED2500A1176D /* AFURLSessionManager.m */ = {isa = PBXFileReference; fileEncoding = 4; lastKnownFileType = sourcecode.c.objc; path = AFURLSessionManager.m; sourceTree = "<group>"; };
		A7A98CA21B06ED2500A1176D /* AFNetworkActivityIndicatorManager.h */ = {isa = PBXFileReference; fileEncoding = 4; lastKnownFileType = sourcecode.c.h; path = AFNetworkActivityIndicatorManager.h; sourceTree = "<group>"; };
		A7A98CA31B06ED2500A1176D /* AFNetworkActivityIndicatorManager.m */ = {isa = PBXFileReference; fileEncoding = 4; lastKnownFileType = sourcecode.c.objc; path = AFNetworkActivityIndicatorManager.m; sourceTree = "<group>"; };
		A7A98CA41B06ED2500A1176D /* UIActivityIndicatorView+AFNetworking.h */ = {isa = PBXFileReference; fileEncoding = 4; lastKnownFileType = sourcecode.c.h; path = "UIActivityIndicatorView+AFNetworking.h"; sourceTree = "<group>"; };
		A7A98CA51B06ED2500A1176D /* UIActivityIndicatorView+AFNetworking.m */ = {isa = PBXFileReference; fileEncoding = 4; lastKnownFileType = sourcecode.c.objc; path = "UIActivityIndicatorView+AFNetworking.m"; sourceTree = "<group>"; };
		A7A98CA61B06ED2500A1176D /* UIAlertView+AFNetworking.h */ = {isa = PBXFileReference; fileEncoding = 4; lastKnownFileType = sourcecode.c.h; path = "UIAlertView+AFNetworking.h"; sourceTree = "<group>"; };
		A7A98CA71B06ED2500A1176D /* UIAlertView+AFNetworking.m */ = {isa = PBXFileReference; fileEncoding = 4; lastKnownFileType = sourcecode.c.objc; path = "UIAlertView+AFNetworking.m"; sourceTree = "<group>"; };
		A7A98CA81B06ED2500A1176D /* UIButton+AFNetworking.h */ = {isa = PBXFileReference; fileEncoding = 4; lastKnownFileType = sourcecode.c.h; path = "UIButton+AFNetworking.h"; sourceTree = "<group>"; };
		A7A98CA91B06ED2500A1176D /* UIButton+AFNetworking.m */ = {isa = PBXFileReference; fileEncoding = 4; lastKnownFileType = sourcecode.c.objc; path = "UIButton+AFNetworking.m"; sourceTree = "<group>"; };
		A7A98CAA1B06ED2500A1176D /* UIImageView+AFNetworking.h */ = {isa = PBXFileReference; fileEncoding = 4; lastKnownFileType = sourcecode.c.h; path = "UIImageView+AFNetworking.h"; sourceTree = "<group>"; };
		A7A98CAB1B06ED2500A1176D /* UIImageView+AFNetworking.m */ = {isa = PBXFileReference; fileEncoding = 4; lastKnownFileType = sourcecode.c.objc; path = "UIImageView+AFNetworking.m"; sourceTree = "<group>"; };
		A7A98CAC1B06ED2500A1176D /* UIKit+AFNetworking.h */ = {isa = PBXFileReference; fileEncoding = 4; lastKnownFileType = sourcecode.c.h; path = "UIKit+AFNetworking.h"; sourceTree = "<group>"; };
		A7A98CAD1B06ED2500A1176D /* UIProgressView+AFNetworking.h */ = {isa = PBXFileReference; fileEncoding = 4; lastKnownFileType = sourcecode.c.h; path = "UIProgressView+AFNetworking.h"; sourceTree = "<group>"; };
		A7A98CAE1B06ED2500A1176D /* UIProgressView+AFNetworking.m */ = {isa = PBXFileReference; fileEncoding = 4; lastKnownFileType = sourcecode.c.objc; path = "UIProgressView+AFNetworking.m"; sourceTree = "<group>"; };
		A7A98CAF1B06ED2500A1176D /* UIRefreshControl+AFNetworking.h */ = {isa = PBXFileReference; fileEncoding = 4; lastKnownFileType = sourcecode.c.h; path = "UIRefreshControl+AFNetworking.h"; sourceTree = "<group>"; };
		A7A98CB01B06ED2500A1176D /* UIRefreshControl+AFNetworking.m */ = {isa = PBXFileReference; fileEncoding = 4; lastKnownFileType = sourcecode.c.objc; path = "UIRefreshControl+AFNetworking.m"; sourceTree = "<group>"; };
		A7A98CB11B06ED2500A1176D /* UIWebView+AFNetworking.h */ = {isa = PBXFileReference; fileEncoding = 4; lastKnownFileType = sourcecode.c.h; path = "UIWebView+AFNetworking.h"; sourceTree = "<group>"; };
		A7A98CB21B06ED2500A1176D /* UIWebView+AFNetworking.m */ = {isa = PBXFileReference; fileEncoding = 4; lastKnownFileType = sourcecode.c.objc; path = "UIWebView+AFNetworking.m"; sourceTree = "<group>"; };
		A7AB1B301B0B7A8400739B8C /* image_sample.jpg */ = {isa = PBXFileReference; lastKnownFileType = image.jpeg; path = image_sample.jpg; sourceTree = "<group>"; };
		A7DD18DC1AF916BB00F4FE21 /* CoreLocation.framework */ = {isa = PBXFileReference; lastKnownFileType = wrapper.framework; name = CoreLocation.framework; path = System/Library/Frameworks/CoreLocation.framework; sourceTree = SDKROOT; };
		A7E14C621AF6646D00018386 /* ModelTableViewCell.h */ = {isa = PBXFileReference; fileEncoding = 4; lastKnownFileType = sourcecode.c.h; path = ModelTableViewCell.h; sourceTree = "<group>"; };
		A7E14C631AF6646D00018386 /* ModelTableViewCell.m */ = {isa = PBXFileReference; fileEncoding = 4; lastKnownFileType = sourcecode.c.objc; path = ModelTableViewCell.m; sourceTree = "<group>"; };
		A7E14C651AF664D300018386 /* FontCollectionViewCell.h */ = {isa = PBXFileReference; fileEncoding = 4; lastKnownFileType = sourcecode.c.h; path = FontCollectionViewCell.h; sourceTree = "<group>"; };
		A7E14C661AF664D300018386 /* FontCollectionViewCell.m */ = {isa = PBXFileReference; fileEncoding = 4; lastKnownFileType = sourcecode.c.objc; path = FontCollectionViewCell.m; sourceTree = "<group>"; };
		B837C8FC916D6C08B5EA3271 /* Pods-Chnword.release.xcconfig */ = {isa = PBXFileReference; includeInIndex = 1; lastKnownFileType = text.xcconfig; name = "Pods-Chnword.release.xcconfig"; path = "Pods/Target Support Files/Pods-Chnword/Pods-Chnword.release.xcconfig"; sourceTree = "<group>"; };
/* End PBXFileReference section */

/* Begin PBXFrameworksBuildPhase section */
		A78F9F4C1AED36C700F6CE9C /* Frameworks */ = {
			isa = PBXFrameworksBuildPhase;
			buildActionMask = 2147483647;
			files = (
				A78F9E151B1B020D0001BC90 /* CoreImage.framework in Frameworks */,
				A75202421B16071B0054DB91 /* Security.framework in Frameworks */,
				A70462691AF7B2D1005F2FE8 /* Foundation.framework in Frameworks */,
				A72D736A1B085D570013E735 /* libSDWebImage_universal.a in Frameworks */,
				A70462381AF7AB39005F2FE8 /* AVFoundation.framework in Frameworks */,
				017970BBFA422B182FA11A1F /* libPods-Chnword.a in Frameworks */,
			);
			runOnlyForDeploymentPostprocessing = 0;
		};
/* End PBXFrameworksBuildPhase section */

/* Begin PBXGroup section */
		953B960A1FA8492D68C63CF1 /* Pods */ = {
			isa = PBXGroup;
			children = (
				91E67091585392E3631D7238 /* Pods-Chnword.debug.xcconfig */,
				B837C8FC916D6C08B5EA3271 /* Pods-Chnword.release.xcconfig */,
			);
			name = Pods;
			sourceTree = "<group>";
		};
		A70462391AF7ABD1005F2FE8 /* Frameworks */ = {
			isa = PBXGroup;
			children = (
				A78F9E141B1B020D0001BC90 /* CoreImage.framework */,
				A75FAA8A1B11A1D400B33C5E /* MediaPlayer.framework */,
				A7DD18DC1AF916BB00F4FE21 /* CoreLocation.framework */,
				A70462681AF7B2D1005F2FE8 /* Foundation.framework */,
				A70462501AF7ACEE005F2FE8 /* libicucore.dylib */,
				A704624E1AF7ACDC005F2FE8 /* MobileCoreServices.framework */,
				A704624C1AF7AC9F005F2FE8 /* CoreTelephony.framework */,
				A704624A1AF7AC89005F2FE8 /* SystemConfiguration.framework */,
				A70462481AF7AC6A005F2FE8 /* CoreGraphics.framework */,
				A70462461AF7AC5A005F2FE8 /* MessageUI.framework */,
				A70462441AF7AC4A005F2FE8 /* AudioToolbox.framework */,
				A70462421AF7AC35005F2FE8 /* QuartzCore.framework */,
				A70462401AF7AC1A005F2FE8 /* Security.framework */,
				A704623E1AF7AC09005F2FE8 /* ImageIO.framework */,
				A704623C1AF7ABFA005F2FE8 /* libstdc++.dylib */,
				A704623A1AF7ABEC005F2FE8 /* libz.dylib */,
				A70462371AF7AB39005F2FE8 /* AVFoundation.framework */,
				615CF8E98A4ECA8143E933F1 /* libPods-Chnword.a */,
			);
			name = Frameworks;
			sourceTree = "<group>";
		};
		A7158E631B02D52D006EB801 /* network */ = {
			isa = PBXGroup;
			children = (
				A7158E641B02D555006EB801 /* NetManager.h */,
				A7158E651B02D555006EB801 /* NetManager.m */,
				A7158E671B02D56C006EB801 /* NetParamFactory.h */,
				A7158E681B02D56C006EB801 /* NetParamFactory.m */,
			);
			name = network;
			sourceTree = "<group>";
		};
		A72D73571B085D570013E735 /* MBProgressHUD */ = {
			isa = PBXGroup;
			children = (
				A72D73581B085D570013E735 /* MBProgressHUD.h */,
				A72D73591B085D570013E735 /* MBProgressHUD.m */,
			);
			path = MBProgressHUD;
			sourceTree = "<group>";
		};
		A72D735A1B085D570013E735 /* SDWebImage */ = {
			isa = PBXGroup;
			children = (
				A72D735B1B085D570013E735 /* include */,
				A72D73681B085D570013E735 /* libSDWebImage_universal.a */,
			);
			path = SDWebImage;
			sourceTree = "<group>";
		};
		A72D735B1B085D570013E735 /* include */ = {
			isa = PBXGroup;
			children = (
				A72D735C1B085D570013E735 /* SDWebImage */,
			);
			path = include;
			sourceTree = "<group>";
		};
		A72D735C1B085D570013E735 /* SDWebImage */ = {
			isa = PBXGroup;
			children = (
				A72D735D1B085D570013E735 /* SDImageCache.h */,
				A72D735E1B085D570013E735 /* SDWebImageCompat.h */,
				A72D735F1B085D570013E735 /* SDWebImageDecoder.h */,
				A72D73601B085D570013E735 /* SDWebImageDownloader.h */,
				A72D73611B085D570013E735 /* SDWebImageDownloaderOperation.h */,
				A72D73621B085D570013E735 /* SDWebImageManager.h */,
				A72D73631B085D570013E735 /* SDWebImageOperation.h */,
				A72D73641B085D570013E735 /* SDWebImagePrefetcher.h */,
				A72D73651B085D570013E735 /* UIButton+WebCache.h */,
				A72D73661B085D570013E735 /* UIImageView+HighlightedWebCache.h */,
				A72D73671B085D570013E735 /* UIImageView+WebCache.h */,
			);
			path = SDWebImage;
			sourceTree = "<group>";
		};
		A74725DB1B1958220065E512 /* coverflow */ = {
			isa = PBXGroup;
			children = (
				A74725DC1B1958220065E512 /* CoverFlowView.h */,
				A74725DD1B1958220065E512 /* CoverFlowView.m */,
			);
			path = coverflow;
			sourceTree = "<group>";
		};
		A778C4801AEFD73D0058185F /* cells */ = {
			isa = PBXGroup;
			children = (
				A778C4811AEFD8E80058185F /* PageViewTableViewCell.h */,
				A778C4821AEFD8E80058185F /* PageViewTableViewCell.m */,
				A778C4841AF11BC90058185F /* StoreViewTableViewCell.h */,
				A778C4851AF11BC90058185F /* StoreViewTableViewCell.m */,
				A7E14C621AF6646D00018386 /* ModelTableViewCell.h */,
				A7E14C631AF6646D00018386 /* ModelTableViewCell.m */,
				A7E14C651AF664D300018386 /* FontCollectionViewCell.h */,
				A7E14C661AF664D300018386 /* FontCollectionViewCell.m */,
				A70462781AF7C3FB005F2FE8 /* AnimCollectionViewCell.h */,
				A70462791AF7C3FB005F2FE8 /* AnimCollectionViewCell.m */,
			);
			name = cells;
			sourceTree = "<group>";
		};
		A78F382E1AFDA25E002A6F25 /* util */ = {
			isa = PBXGroup;
			children = (
				A78F382F1AFDA25E002A6F25 /* NSObject+Delay.h */,
				A78F38301AFDA25E002A6F25 /* NSObject+Delay.m */,
				A7158E6A1B03A1DF006EB801 /* Util.h */,
				A7158E6B1B03A1DF006EB801 /* Util.m */,
				A72D73541B084DDC0013E735 /* DataUtil.h */,
				A72D73551B084DDC0013E735 /* DataUtil.m */,
				A72D736B1B0865480013E735 /* NSObject+JSON.h */,
				A72D736C1B0865480013E735 /* NSObject+JSON.m */,
				A752023F1B1607000054DB91 /* CHKeychain.h */,
				A75202401B1607000054DB91 /* CHKeychain.m */,
			);
			name = util;
			path = Chnword/util;
			sourceTree = "<group>";
		};
		A78F38321AFDA26E002A6F25 /* Resource */ = {
			isa = PBXGroup;
			children = (
				A7AB1B301B0B7A8400739B8C /* image_sample.jpg */,
				A78F38611AFDAFB5002A6F25 /* qrcode.jpg */,
				A78F38331AFDA26E002A6F25 /* btn_start.png */,
				A78F38341AFDA26E002A6F25 /* flag_blue.png */,
				A78F38351AFDA26E002A6F25 /* flag_green.png */,
				A78F38361AFDA26E002A6F25 /* flag_grey.png */,
				A78F38371AFDA26E002A6F25 /* flag_red.png */,
				A78F38381AFDA26E002A6F25 /* flag_yellow.png */,
				A78F38391AFDA26E002A6F25 /* guide_1.png */,
				A78F383A1AFDA26E002A6F25 /* guide_2.png */,
				A78F383B1AFDA26E002A6F25 /* guide_3.png */,
				A78F383C1AFDA26E002A6F25 /* icon1_03.png */,
				A78F383D1AFDA26E002A6F25 /* img_search.png */,
				A78F383E1AFDA26E002A6F25 /* inco_louncher.png */,
				A78F383F1AFDA26E002A6F25 /* index.png */,
				A78F38401AFDA26E002A6F25 /* index_back.png */,
				A78F38411AFDA26E002A6F25 /* inon_lock.png */,
				A78F38421AFDA26E002A6F25 /* item_home.png */,
				A78F38431AFDA26E002A6F25 /* item_shop.png */,
				A78F38441AFDA26E002A6F25 /* item_user.png */,
				A78F38451AFDA26E002A6F25 /* round_back.png */,
				A78F38461AFDA26E002A6F25 /* scan_box.png */,
				A78F38471AFDA26E002A6F25 /* scan_line.png */,
				A78F38481AFDA26E002A6F25 /* splash.png */,
				A78F38491AFDA26E002A6F25 /* xiaohei_big.jpg */,
			);
			path = Resource;
			sourceTree = "<group>";
		};
		A78F9F461AED36C700F6CE9C = {
			isa = PBXGroup;
			children = (
				A7A98C8B1B06ED2500A1176D /* libs */,
				A78F382E1AFDA25E002A6F25 /* util */,
				A78F9F511AED36C700F6CE9C /* Chnword */,
				A78F9F501AED36C700F6CE9C /* Products */,
				953B960A1FA8492D68C63CF1 /* Pods */,
				A70462391AF7ABD1005F2FE8 /* Frameworks */,
			);
			sourceTree = "<group>";
		};
		A78F9F501AED36C700F6CE9C /* Products */ = {
			isa = PBXGroup;
			children = (
				A78F9F4F1AED36C700F6CE9C /* Chnword.app */,
			);
			name = Products;
			sourceTree = "<group>";
		};
		A78F9F511AED36C700F6CE9C /* Chnword */ = {
			isa = PBXGroup;
			children = (
				A7158E631B02D52D006EB801 /* network */,
				A78F38321AFDA26E002A6F25 /* Resource */,
				A78F9F781AEE674900F6CE9C /* classes */,
				A78F9F561AED36C700F6CE9C /* AppDelegate.h */,
				A78F9F571AED36C700F6CE9C /* AppDelegate.m */,
				A78F9F5C1AED36C700F6CE9C /* Main.storyboard */,
				A78F9F5F1AED36C700F6CE9C /* Images.xcassets */,
				A78F9F611AED36C700F6CE9C /* LaunchScreen.xib */,
				A78F9F521AED36C700F6CE9C /* Supporting Files */,
				A78F9FA31AEE806100F6CE9C /* PrefixHeader.pch */,
				A771C3941B00FF6700351A11 /* AfnewDemo.h */,
				A771C3951B00FF6700351A11 /* AfnewDemo.m */,
			);
			path = Chnword;
			sourceTree = "<group>";
		};
		A78F9F521AED36C700F6CE9C /* Supporting Files */ = {
			isa = PBXGroup;
			children = (
				A78F9F531AED36C700F6CE9C /* Info.plist */,
				A78F9F541AED36C700F6CE9C /* main.m */,
			);
			name = "Supporting Files";
			sourceTree = "<group>";
		};
		A78F9F781AEE674900F6CE9C /* classes */ = {
			isa = PBXGroup;
			children = (
				A778C4801AEFD73D0058185F /* cells */,
				A78F9F791AEE684D00F6CE9C /* SplashViewController.h */,
				A78F9F7A1AEE684D00F6CE9C /* SplashViewController.m */,
				A78F9F7C1AEE685900F6CE9C /* GuideViewController.h */,
				A78F9F7D1AEE685900F6CE9C /* GuideViewController.m */,
				A78F9F971AEE730200F6CE9C /* RegisterViewController.h */,
				A78F9F981AEE730200F6CE9C /* RegisterViewController.m */,
				A78F9F7F1AEE68B900F6CE9C /* MainViewController.h */,
				A78F9F801AEE68B900F6CE9C /* MainViewController.m */,
				A78F9F821AEE68C900F6CE9C /* PageViewController.h */,
				A78F9F831AEE68C900F6CE9C /* PageViewController.m */,
				A78F9F851AEE68DA00F6CE9C /* StoreViewController.h */,
				A78F9F861AEE68DA00F6CE9C /* StoreViewController.m */,
				A78F9F881AEE68E500F6CE9C /* UserViewController.h */,
				A78F9F891AEE68E500F6CE9C /* UserViewController.m */,
				A78F9F8E1AEE6AB400F6CE9C /* AnimViewController.h */,
				A78F9F8F1AEE6AB400F6CE9C /* AnimViewController.m */,
				A78F9F911AEE6ABF00F6CE9C /* ScanViewController.h */,
				A78F9F921AEE6ABF00F6CE9C /* ScanViewController.m */,
				A78F9F941AEE6BB200F6CE9C /* ResultViewController.h */,
				A78F9F951AEE6BB200F6CE9C /* ResultViewController.m */,
				A78F38631AFDD0B4002A6F25 /* DisplayMovieViewController.h */,
				A78F38641AFDD0B4002A6F25 /* DisplayMovieViewController.m */,
			);
			name = classes;
			sourceTree = "<group>";
		};
		A7A98C8B1B06ED2500A1176D /* libs */ = {
			isa = PBXGroup;
			children = (
				A74725DB1B1958220065E512 /* coverflow */,
				A72D73571B085D570013E735 /* MBProgressHUD */,
				A72D735A1B085D570013E735 /* SDWebImage */,
				A7A98C8C1B06ED2500A1176D /* afnetworking */,
			);
			name = libs;
			path = Chnword/libs;
			sourceTree = "<group>";
		};
		A7A98C8C1B06ED2500A1176D /* afnetworking */ = {
			isa = PBXGroup;
			children = (
				A7A98C8D1B06ED2500A1176D /* AFNetworking */,
				A7A98CA11B06ED2500A1176D /* UIKit+AFNetworking */,
			);
			path = afnetworking;
			sourceTree = "<group>";
		};
		A7A98C8D1B06ED2500A1176D /* AFNetworking */ = {
			isa = PBXGroup;
			children = (
				A7A98C8E1B06ED2500A1176D /* AFHTTPRequestOperation.h */,
				A7A98C8F1B06ED2500A1176D /* AFHTTPRequestOperation.m */,
				A7A98C901B06ED2500A1176D /* AFHTTPRequestOperationManager.h */,
				A7A98C911B06ED2500A1176D /* AFHTTPRequestOperationManager.m */,
				A7A98C921B06ED2500A1176D /* AFHTTPSessionManager.h */,
				A7A98C931B06ED2500A1176D /* AFHTTPSessionManager.m */,
				A7A98C941B06ED2500A1176D /* AFNetworking.h */,
				A7A98C951B06ED2500A1176D /* AFNetworkReachabilityManager.h */,
				A7A98C961B06ED2500A1176D /* AFNetworkReachabilityManager.m */,
				A7A98C971B06ED2500A1176D /* AFSecurityPolicy.h */,
				A7A98C981B06ED2500A1176D /* AFSecurityPolicy.m */,
				A7A98C991B06ED2500A1176D /* AFURLConnectionOperation.h */,
				A7A98C9A1B06ED2500A1176D /* AFURLConnectionOperation.m */,
				A7A98C9B1B06ED2500A1176D /* AFURLRequestSerialization.h */,
				A7A98C9C1B06ED2500A1176D /* AFURLRequestSerialization.m */,
				A7A98C9D1B06ED2500A1176D /* AFURLResponseSerialization.h */,
				A7A98C9E1B06ED2500A1176D /* AFURLResponseSerialization.m */,
				A7A98C9F1B06ED2500A1176D /* AFURLSessionManager.h */,
				A7A98CA01B06ED2500A1176D /* AFURLSessionManager.m */,
			);
			path = AFNetworking;
			sourceTree = "<group>";
		};
		A7A98CA11B06ED2500A1176D /* UIKit+AFNetworking */ = {
			isa = PBXGroup;
			children = (
				A7A98CA21B06ED2500A1176D /* AFNetworkActivityIndicatorManager.h */,
				A7A98CA31B06ED2500A1176D /* AFNetworkActivityIndicatorManager.m */,
				A7A98CA41B06ED2500A1176D /* UIActivityIndicatorView+AFNetworking.h */,
				A7A98CA51B06ED2500A1176D /* UIActivityIndicatorView+AFNetworking.m */,
				A7A98CA61B06ED2500A1176D /* UIAlertView+AFNetworking.h */,
				A7A98CA71B06ED2500A1176D /* UIAlertView+AFNetworking.m */,
				A7A98CA81B06ED2500A1176D /* UIButton+AFNetworking.h */,
				A7A98CA91B06ED2500A1176D /* UIButton+AFNetworking.m */,
				A7A98CAA1B06ED2500A1176D /* UIImageView+AFNetworking.h */,
				A7A98CAB1B06ED2500A1176D /* UIImageView+AFNetworking.m */,
				A7A98CAC1B06ED2500A1176D /* UIKit+AFNetworking.h */,
				A7A98CAD1B06ED2500A1176D /* UIProgressView+AFNetworking.h */,
				A7A98CAE1B06ED2500A1176D /* UIProgressView+AFNetworking.m */,
				A7A98CAF1B06ED2500A1176D /* UIRefreshControl+AFNetworking.h */,
				A7A98CB01B06ED2500A1176D /* UIRefreshControl+AFNetworking.m */,
				A7A98CB11B06ED2500A1176D /* UIWebView+AFNetworking.h */,
				A7A98CB21B06ED2500A1176D /* UIWebView+AFNetworking.m */,
			);
			path = "UIKit+AFNetworking";
			sourceTree = "<group>";
		};
/* End PBXGroup section */

/* Begin PBXNativeTarget section */
		A78F9F4E1AED36C700F6CE9C /* Chnword */ = {
			isa = PBXNativeTarget;
			buildConfigurationList = A78F9F721AED36C700F6CE9C /* Build configuration list for PBXNativeTarget "Chnword" */;
			buildPhases = (
				C967B5FC7F9FD664F55D9D9F /* Check Pods Manifest.lock */,
				A78F9F4B1AED36C700F6CE9C /* Sources */,
				A78F9F4C1AED36C700F6CE9C /* Frameworks */,
				A78F9F4D1AED36C700F6CE9C /* Resources */,
				CFCD6F3241A807A8CFEE38C8 /* Copy Pods Resources */,
			);
			buildRules = (
			);
			dependencies = (
			);
			name = Chnword;
			productName = Chnword;
			productReference = A78F9F4F1AED36C700F6CE9C /* Chnword.app */;
			productType = "com.apple.product-type.application";
		};
/* End PBXNativeTarget section */

/* Begin PBXProject section */
		A78F9F471AED36C700F6CE9C /* Project object */ = {
			isa = PBXProject;
			attributes = {
				LastUpgradeCheck = 0630;
				ORGANIZATIONNAME = chnword;
				TargetAttributes = {
					A78F9F4E1AED36C700F6CE9C = {
						CreatedOnToolsVersion = 6.3.1;
						DevelopmentTeam = C3G79G7UVP;
					};
				};
			};
			buildConfigurationList = A78F9F4A1AED36C700F6CE9C /* Build configuration list for PBXProject "Chnword" */;
			compatibilityVersion = "Xcode 3.2";
			developmentRegion = English;
			hasScannedForEncodings = 0;
			knownRegions = (
				en,
				Base,
			);
			mainGroup = A78F9F461AED36C700F6CE9C;
			productRefGroup = A78F9F501AED36C700F6CE9C /* Products */;
			projectDirPath = "";
			projectRoot = "";
			targets = (
				A78F9F4E1AED36C700F6CE9C /* Chnword */,
			);
		};
/* End PBXProject section */

/* Begin PBXResourcesBuildPhase section */
		A78F9F4D1AED36C700F6CE9C /* Resources */ = {
			isa = PBXResourcesBuildPhase;
			buildActionMask = 2147483647;
			files = (
				A78F9F5E1AED36C700F6CE9C /* Main.storyboard in Resources */,
				A78F38591AFDA26E002A6F25 /* item_home.png in Resources */,
				A78F384C1AFDA26E002A6F25 /* flag_green.png in Resources */,
				A78F385D1AFDA26E002A6F25 /* scan_box.png in Resources */,
				A78F38601AFDA26E002A6F25 /* xiaohei_big.jpg in Resources */,
				A78F38501AFDA26E002A6F25 /* guide_1.png in Resources */,
				A78F384A1AFDA26E002A6F25 /* btn_start.png in Resources */,
				A78F38561AFDA26E002A6F25 /* index.png in Resources */,
				A78F384F1AFDA26E002A6F25 /* flag_yellow.png in Resources */,
				A7AB1B311B0B7A8400739B8C /* image_sample.jpg in Resources */,
				A78F384E1AFDA26E002A6F25 /* flag_red.png in Resources */,
				A78F385F1AFDA26E002A6F25 /* splash.png in Resources */,
				A78F38621AFDAFB5002A6F25 /* qrcode.jpg in Resources */,
				A78F385A1AFDA26E002A6F25 /* item_shop.png in Resources */,
				A78F38521AFDA26E002A6F25 /* guide_3.png in Resources */,
				A78F384B1AFDA26E002A6F25 /* flag_blue.png in Resources */,
				A78F385C1AFDA26E002A6F25 /* round_back.png in Resources */,
				A78F385B1AFDA26E002A6F25 /* item_user.png in Resources */,
				A78F38531AFDA26E002A6F25 /* icon1_03.png in Resources */,
				A78F38581AFDA26E002A6F25 /* inon_lock.png in Resources */,
				A78F9F631AED36C700F6CE9C /* LaunchScreen.xib in Resources */,
				A78F9F601AED36C700F6CE9C /* Images.xcassets in Resources */,
				A78F38541AFDA26E002A6F25 /* img_search.png in Resources */,
				A78F38511AFDA26E002A6F25 /* guide_2.png in Resources */,
				A78F385E1AFDA26E002A6F25 /* scan_line.png in Resources */,
				A78F38571AFDA26E002A6F25 /* index_back.png in Resources */,
				A78F384D1AFDA26E002A6F25 /* flag_grey.png in Resources */,
				A78F38551AFDA26E002A6F25 /* inco_louncher.png in Resources */,
			);
			runOnlyForDeploymentPostprocessing = 0;
		};
/* End PBXResourcesBuildPhase section */

/* Begin PBXShellScriptBuildPhase section */
		C967B5FC7F9FD664F55D9D9F /* Check Pods Manifest.lock */ = {
			isa = PBXShellScriptBuildPhase;
			buildActionMask = 2147483647;
			files = (
			);
			inputPaths = (
			);
			name = "Check Pods Manifest.lock";
			outputPaths = (
			);
			runOnlyForDeploymentPostprocessing = 0;
			shellPath = /bin/sh;
			shellScript = "diff \"${PODS_ROOT}/../Podfile.lock\" \"${PODS_ROOT}/Manifest.lock\" > /dev/null\nif [[ $? != 0 ]] ; then\n    cat << EOM\nerror: The sandbox is not in sync with the Podfile.lock. Run 'pod install' or update your CocoaPods installation.\nEOM\n    exit 1\nfi\n";
			showEnvVarsInLog = 0;
		};
		CFCD6F3241A807A8CFEE38C8 /* Copy Pods Resources */ = {
			isa = PBXShellScriptBuildPhase;
			buildActionMask = 2147483647;
			files = (
			);
			inputPaths = (
			);
			name = "Copy Pods Resources";
			outputPaths = (
			);
			runOnlyForDeploymentPostprocessing = 0;
			shellPath = /bin/sh;
			shellScript = "\"${SRCROOT}/Pods/Target Support Files/Pods-Chnword/Pods-Chnword-resources.sh\"\n";
			showEnvVarsInLog = 0;
		};
/* End PBXShellScriptBuildPhase section */

/* Begin PBXSourcesBuildPhase section */
		A78F9F4B1AED36C700F6CE9C /* Sources */ = {
			isa = PBXSourcesBuildPhase;
			buildActionMask = 2147483647;
			files = (
				A7A98CC11B06ED2500A1176D /* UIProgressView+AFNetworking.m in Sources */,
				A7A98CB71B06ED2500A1176D /* AFSecurityPolicy.m in Sources */,
				A7158E691B02D56C006EB801 /* NetParamFactory.m in Sources */,
				A7A98CBF1B06ED2500A1176D /* UIButton+AFNetworking.m in Sources */,
				A78F9F8A1AEE68E500F6CE9C /* UserViewController.m in Sources */,
				A78F38311AFDA25E002A6F25 /* NSObject+Delay.m in Sources */,
				A7E14C671AF664D300018386 /* FontCollectionViewCell.m in Sources */,
				A7A98CB81B06ED2500A1176D /* AFURLConnectionOperation.m in Sources */,
				A7158E6C1B03A1DF006EB801 /* Util.m in Sources */,
				A78F38651AFDD0B4002A6F25 /* DisplayMovieViewController.m in Sources */,
				A7158E661B02D555006EB801 /* NetManager.m in Sources */,
				A7A98CBE1B06ED2500A1176D /* UIAlertView+AFNetworking.m in Sources */,
				A7A98CC31B06ED2500A1176D /* UIWebView+AFNetworking.m in Sources */,
				A72D73691B085D570013E735 /* MBProgressHUD.m in Sources */,
				A72D73561B084DDC0013E735 /* DataUtil.m in Sources */,
				A7A98CBB1B06ED2500A1176D /* AFURLSessionManager.m in Sources */,
				A7A98CC01B06ED2500A1176D /* UIImageView+AFNetworking.m in Sources */,
				A704627A1AF7C3FB005F2FE8 /* AnimCollectionViewCell.m in Sources */,
				A78F9F901AEE6AB400F6CE9C /* AnimViewController.m in Sources */,
				A7A98CBD1B06ED2500A1176D /* UIActivityIndicatorView+AFNetworking.m in Sources */,
				A78F9F811AEE68B900F6CE9C /* MainViewController.m in Sources */,
				A78F9F581AED36C700F6CE9C /* AppDelegate.m in Sources */,
				A78F9F7E1AEE685900F6CE9C /* GuideViewController.m in Sources */,
				A7A98CC21B06ED2500A1176D /* UIRefreshControl+AFNetworking.m in Sources */,
				A7A98CBA1B06ED2500A1176D /* AFURLResponseSerialization.m in Sources */,
				A74725DE1B1958220065E512 /* CoverFlowView.m in Sources */,
				A7A98CB41B06ED2500A1176D /* AFHTTPRequestOperationManager.m in Sources */,
				A7A98CB31B06ED2500A1176D /* AFHTTPRequestOperation.m in Sources */,
				A78F9F931AEE6ABF00F6CE9C /* ScanViewController.m in Sources */,
				A7E14C641AF6646D00018386 /* ModelTableViewCell.m in Sources */,
				A78F9F871AEE68DA00F6CE9C /* StoreViewController.m in Sources */,
				A771C3961B00FF6700351A11 /* AfnewDemo.m in Sources */,
				A78F9F991AEE730200F6CE9C /* RegisterViewController.m in Sources */,
				A7A98CB61B06ED2500A1176D /* AFNetworkReachabilityManager.m in Sources */,
				A778C4861AF11BC90058185F /* StoreViewTableViewCell.m in Sources */,
				A78F9F551AED36C700F6CE9C /* main.m in Sources */,
				A7A98CBC1B06ED2500A1176D /* AFNetworkActivityIndicatorManager.m in Sources */,
				A78F9F7B1AEE684D00F6CE9C /* SplashViewController.m in Sources */,
				A78F9F841AEE68C900F6CE9C /* PageViewController.m in Sources */,
				A75202411B1607000054DB91 /* CHKeychain.m in Sources */,
				A778C4831AEFD8E80058185F /* PageViewTableViewCell.m in Sources */,
				A7A98CB91B06ED2500A1176D /* AFURLRequestSerialization.m in Sources */,
				A78F9F961AEE6BB200F6CE9C /* ResultViewController.m in Sources */,
				A7A98CB51B06ED2500A1176D /* AFHTTPSessionManager.m in Sources */,
				A72D736D1B0865480013E735 /* NSObject+JSON.m in Sources */,
			);
			runOnlyForDeploymentPostprocessing = 0;
		};
/* End PBXSourcesBuildPhase section */

/* Begin PBXVariantGroup section */
		A78F9F5C1AED36C700F6CE9C /* Main.storyboard */ = {
			isa = PBXVariantGroup;
			children = (
				A78F9F5D1AED36C700F6CE9C /* Base */,
			);
			name = Main.storyboard;
			sourceTree = "<group>";
		};
		A78F9F611AED36C700F6CE9C /* LaunchScreen.xib */ = {
			isa = PBXVariantGroup;
			children = (
				A78F9F621AED36C700F6CE9C /* Base */,
			);
			name = LaunchScreen.xib;
			sourceTree = "<group>";
		};
/* End PBXVariantGroup section */

/* Begin XCBuildConfiguration section */
		A78F9F701AED36C700F6CE9C /* Debug */ = {
			isa = XCBuildConfiguration;
			buildSettings = {
				ALWAYS_SEARCH_USER_PATHS = NO;
				ARCHS = "$(ARCHS_STANDARD)";
				CLANG_CXX_LANGUAGE_STANDARD = "gnu++0x";
				CLANG_CXX_LIBRARY = "libc++";
				CLANG_ENABLE_MODULES = YES;
				CLANG_ENABLE_OBJC_ARC = YES;
				CLANG_WARN_BOOL_CONVERSION = YES;
				CLANG_WARN_CONSTANT_CONVERSION = YES;
				CLANG_WARN_DIRECT_OBJC_ISA_USAGE = YES_ERROR;
				CLANG_WARN_EMPTY_BODY = YES;
				CLANG_WARN_ENUM_CONVERSION = YES;
				CLANG_WARN_INT_CONVERSION = YES;
				CLANG_WARN_OBJC_ROOT_CLASS = YES_ERROR;
				CLANG_WARN_UNREACHABLE_CODE = YES;
				CLANG_WARN__DUPLICATE_METHOD_MATCH = YES;
				"CODE_SIGN_IDENTITY[sdk=iphoneos*]" = "iPhone Developer";
				COPY_PHASE_STRIP = NO;
				DEBUG_INFORMATION_FORMAT = "dwarf-with-dsym";
				ENABLE_STRICT_OBJC_MSGSEND = YES;
				GCC_C_LANGUAGE_STANDARD = gnu99;
				GCC_DYNAMIC_NO_PIC = NO;
				GCC_NO_COMMON_BLOCKS = YES;
				GCC_OPTIMIZATION_LEVEL = 0;
				GCC_PREPROCESSOR_DEFINITIONS = (
					"DEBUG=1",
					"$(inherited)",
				);
				GCC_SYMBOLS_PRIVATE_EXTERN = NO;
				GCC_WARN_64_TO_32_BIT_CONVERSION = YES;
				GCC_WARN_ABOUT_RETURN_TYPE = YES_ERROR;
				GCC_WARN_UNDECLARED_SELECTOR = YES;
				GCC_WARN_UNINITIALIZED_AUTOS = YES_AGGRESSIVE;
				GCC_WARN_UNUSED_FUNCTION = YES;
				GCC_WARN_UNUSED_VARIABLE = YES;
				IPHONEOS_DEPLOYMENT_TARGET = 8.3;
				MTL_ENABLE_DEBUG_INFO = YES;
				ONLY_ACTIVE_ARCH = NO;
				SDKROOT = iphoneos;
			};
			name = Debug;
		};
		A78F9F711AED36C700F6CE9C /* Release */ = {
			isa = XCBuildConfiguration;
			buildSettings = {
				ALWAYS_SEARCH_USER_PATHS = NO;
				ARCHS = "$(ARCHS_STANDARD)";
				CLANG_CXX_LANGUAGE_STANDARD = "gnu++0x";
				CLANG_CXX_LIBRARY = "libc++";
				CLANG_ENABLE_MODULES = YES;
				CLANG_ENABLE_OBJC_ARC = YES;
				CLANG_WARN_BOOL_CONVERSION = YES;
				CLANG_WARN_CONSTANT_CONVERSION = YES;
				CLANG_WARN_DIRECT_OBJC_ISA_USAGE = YES_ERROR;
				CLANG_WARN_EMPTY_BODY = YES;
				CLANG_WARN_ENUM_CONVERSION = YES;
				CLANG_WARN_INT_CONVERSION = YES;
				CLANG_WARN_OBJC_ROOT_CLASS = YES_ERROR;
				CLANG_WARN_UNREACHABLE_CODE = YES;
				CLANG_WARN__DUPLICATE_METHOD_MATCH = YES;
				"CODE_SIGN_IDENTITY[sdk=iphoneos*]" = "iPhone Developer";
				COPY_PHASE_STRIP = NO;
				DEBUG_INFORMATION_FORMAT = "dwarf-with-dsym";
				ENABLE_NS_ASSERTIONS = NO;
				ENABLE_STRICT_OBJC_MSGSEND = YES;
				GCC_C_LANGUAGE_STANDARD = gnu99;
				GCC_NO_COMMON_BLOCKS = YES;
				GCC_WARN_64_TO_32_BIT_CONVERSION = YES;
				GCC_WARN_ABOUT_RETURN_TYPE = YES_ERROR;
				GCC_WARN_UNDECLARED_SELECTOR = YES;
				GCC_WARN_UNINITIALIZED_AUTOS = YES_AGGRESSIVE;
				GCC_WARN_UNUSED_FUNCTION = YES;
				GCC_WARN_UNUSED_VARIABLE = YES;
				IPHONEOS_DEPLOYMENT_TARGET = 8.3;
				MTL_ENABLE_DEBUG_INFO = NO;
				ONLY_ACTIVE_ARCH = NO;
				SDKROOT = iphoneos;
				VALIDATE_PRODUCT = YES;
			};
			name = Release;
		};
		A78F9F731AED36C700F6CE9C /* Debug */ = {
			isa = XCBuildConfiguration;
			baseConfigurationReference = 91E67091585392E3631D7238 /* Pods-Chnword.debug.xcconfig */;
			buildSettings = {
				ARCHS = (
					"$(ARCHS_STANDARD)",
					armv7s,
					armv7,
					arm64,
					x86_64,
					I386,
				);
				ASSETCATALOG_COMPILER_APPICON_NAME = AppIcon;
				CLANG_CXX_LIBRARY = "libc++";
				CODE_SIGN_IDENTITY = "iPhone Developer";
				FRAMEWORK_SEARCH_PATHS = (
					"$(inherited)",
					"$(PROJECT_DIR)/Chnword/libs/frameworks",
				);
				GCC_PRECOMPILE_PREFIX_HEADER = YES;
				GCC_PREFIX_HEADER = Chnword/PrefixHeader.pch;
				INFOPLIST_FILE = Chnword/Info.plist;
				INFOPLIST_PREFIX_HEADER = "";
				IPHONEOS_DEPLOYMENT_TARGET = 8.0;
				LD_RUNPATH_SEARCH_PATHS = "$(inherited) @executable_path/Frameworks";
				LIBRARY_SEARCH_PATHS = (
					"$(inherited)",
					"$(PROJECT_DIR)/Chnword/libs/SDWebImage",
				);
				LINK_WITH_STANDARD_LIBRARIES = YES;
				ONLY_ACTIVE_ARCH = NO;
				OTHER_LDFLAGS = "";
				OTHER_LIBTOOLFLAGS = "$(inherited)";
				PRODUCT_NAME = "$(TARGET_NAME)";
				VALID_ARCHS = "arm64 armv7 armv7s x86_64 i386";
			};
			name = Debug;
		};
		A78F9F741AED36C700F6CE9C /* Release */ = {
			isa = XCBuildConfiguration;
			baseConfigurationReference = B837C8FC916D6C08B5EA3271 /* Pods-Chnword.release.xcconfig */;
			buildSettings = {
				ARCHS = (
					"$(ARCHS_STANDARD)",
					armv7s,
					armv7,
					arm64,
					x86_64,
					I386,
				);
				ASSETCATALOG_COMPILER_APPICON_NAME = AppIcon;
				CLANG_CXX_LIBRARY = "libc++";
				CODE_SIGN_IDENTITY = "iPhone Developer";
				FRAMEWORK_SEARCH_PATHS = (
					"$(inherited)",
					"$(PROJECT_DIR)/Chnword/libs/frameworks",
				);
				GCC_PRECOMPILE_PREFIX_HEADER = YES;
				GCC_PREFIX_HEADER = Chnword/PrefixHeader.pch;
				INFOPLIST_FILE = Chnword/Info.plist;
				INFOPLIST_PREFIX_HEADER = "";
				IPHONEOS_DEPLOYMENT_TARGET = 8.0;
				LD_RUNPATH_SEARCH_PATHS = "$(inherited) @executable_path/Frameworks";
				LIBRARY_SEARCH_PATHS = (
					"$(inherited)",
					"$(PROJECT_DIR)/Chnword/libs/SDWebImage",
				);
				LINK_WITH_STANDARD_LIBRARIES = YES;
				ONLY_ACTIVE_ARCH = NO;
				OTHER_LDFLAGS = "";
				OTHER_LIBTOOLFLAGS = "$(inherited)";
				PRODUCT_NAME = "$(TARGET_NAME)";
				VALID_ARCHS = "arm64 armv7 armv7s x86_64 i386";
			};
			name = Release;
		};
/* End XCBuildConfiguration section */

/* Begin XCConfigurationList section */
		A78F9F4A1AED36C700F6CE9C /* Build configuration list for PBXProject "Chnword" */ = {
			isa = XCConfigurationList;
			buildConfigurations = (
				A78F9F701AED36C700F6CE9C /* Debug */,
				A78F9F711AED36C700F6CE9C /* Release */,
			);
			defaultConfigurationIsVisible = 0;
			defaultConfigurationName = Release;
		};
		A78F9F721AED36C700F6CE9C /* Build configuration list for PBXNativeTarget "Chnword" */ = {
			isa = XCConfigurationList;
			buildConfigurations = (
				A78F9F731AED36C700F6CE9C /* Debug */,
				A78F9F741AED36C700F6CE9C /* Release */,
			);
			defaultConfigurationIsVisible = 0;
			defaultConfigurationName = Release;
		};
/* End XCConfigurationList section */
	};
	rootObject = A78F9F471AED36C700F6CE9C /* Project object */;
}
