// !$*UTF8*$!
{
	archiveVersion = 1;
	classes = {
	};
	objectVersion = 46;
	objects = {

/* Begin PBXBuildFile section */
		A77A10CA1B0CD2C500035743 /* main.m in Sources */ = {isa = PBXBuildFile; fileRef = A77A10C91B0CD2C500035743 /* main.m */; };
		A77A10CD1B0CD2C500035743 /* AppDelegate.m in Sources */ = {isa = PBXBuildFile; fileRef = A77A10CC1B0CD2C500035743 /* AppDelegate.m */; };
		A77A10D01B0CD2C600035743 /* ViewController.m in Sources */ = {isa = PBXBuildFile; fileRef = A77A10CF1B0CD2C600035743 /* ViewController.m */; };
		A77A10D31B0CD2C600035743 /* Main.storyboard in Resources */ = {isa = PBXBuildFile; fileRef = A77A10D11B0CD2C600035743 /* Main.storyboard */; };
		A77A10D51B0CD2C600035743 /* Images.xcassets in Resources */ = {isa = PBXBuildFile; fileRef = A77A10D41B0CD2C600035743 /* Images.xcassets */; };
		A77A10D81B0CD2C600035743 /* LaunchScreen.xib in Resources */ = {isa = PBXBuildFile; fileRef = A77A10D61B0CD2C600035743 /* LaunchScreen.xib */; };
		A7AB3ACF1B0CDEB00021A88C /* btn_start.png in Resources */ = {isa = PBXBuildFile; fileRef = A7AB3AB61B0CDEB00021A88C /* btn_start.png */; };
		A7AB3AD01B0CDEB00021A88C /* flag_blue.png in Resources */ = {isa = PBXBuildFile; fileRef = A7AB3AB71B0CDEB00021A88C /* flag_blue.png */; };
		A7AB3AD11B0CDEB00021A88C /* flag_green.png in Resources */ = {isa = PBXBuildFile; fileRef = A7AB3AB81B0CDEB00021A88C /* flag_green.png */; };
		A7AB3AD21B0CDEB00021A88C /* flag_grey.png in Resources */ = {isa = PBXBuildFile; fileRef = A7AB3AB91B0CDEB00021A88C /* flag_grey.png */; };
		A7AB3AD31B0CDEB00021A88C /* flag_red.png in Resources */ = {isa = PBXBuildFile; fileRef = A7AB3ABA1B0CDEB00021A88C /* flag_red.png */; };
		A7AB3AD41B0CDEB00021A88C /* flag_yellow.png in Resources */ = {isa = PBXBuildFile; fileRef = A7AB3ABB1B0CDEB00021A88C /* flag_yellow.png */; };
		A7AB3AD51B0CDEB00021A88C /* guide_1.png in Resources */ = {isa = PBXBuildFile; fileRef = A7AB3ABC1B0CDEB00021A88C /* guide_1.png */; };
		A7AB3AD61B0CDEB00021A88C /* guide_2.png in Resources */ = {isa = PBXBuildFile; fileRef = A7AB3ABD1B0CDEB00021A88C /* guide_2.png */; };
		A7AB3AD71B0CDEB00021A88C /* guide_3.png in Resources */ = {isa = PBXBuildFile; fileRef = A7AB3ABE1B0CDEB00021A88C /* guide_3.png */; };
		A7AB3AD81B0CDEB00021A88C /* icon1_03.png in Resources */ = {isa = PBXBuildFile; fileRef = A7AB3ABF1B0CDEB00021A88C /* icon1_03.png */; };
		A7AB3AD91B0CDEB00021A88C /* image_sample.jpg in Resources */ = {isa = PBXBuildFile; fileRef = A7AB3AC01B0CDEB00021A88C /* image_sample.jpg */; };
		A7AB3ADA1B0CDEB00021A88C /* img_search.png in Resources */ = {isa = PBXBuildFile; fileRef = A7AB3AC11B0CDEB00021A88C /* img_search.png */; };
		A7AB3ADB1B0CDEB00021A88C /* inco_louncher.png in Resources */ = {isa = PBXBuildFile; fileRef = A7AB3AC21B0CDEB00021A88C /* inco_louncher.png */; };
		A7AB3ADC1B0CDEB00021A88C /* index.png in Resources */ = {isa = PBXBuildFile; fileRef = A7AB3AC31B0CDEB00021A88C /* index.png */; };
		A7AB3ADD1B0CDEB00021A88C /* index_back.png in Resources */ = {isa = PBXBuildFile; fileRef = A7AB3AC41B0CDEB00021A88C /* index_back.png */; };
		A7AB3ADE1B0CDEB00021A88C /* inon_lock.png in Resources */ = {isa = PBXBuildFile; fileRef = A7AB3AC51B0CDEB00021A88C /* inon_lock.png */; };
		A7AB3ADF1B0CDEB00021A88C /* item_home.png in Resources */ = {isa = PBXBuildFile; fileRef = A7AB3AC61B0CDEB00021A88C /* item_home.png */; };
		A7AB3AE01B0CDEB00021A88C /* item_shop.png in Resources */ = {isa = PBXBuildFile; fileRef = A7AB3AC71B0CDEB00021A88C /* item_shop.png */; };
		A7AB3AE11B0CDEB00021A88C /* item_user.png in Resources */ = {isa = PBXBuildFile; fileRef = A7AB3AC81B0CDEB00021A88C /* item_user.png */; };
		A7AB3AE21B0CDEB00021A88C /* qrcode.jpg in Resources */ = {isa = PBXBuildFile; fileRef = A7AB3AC91B0CDEB00021A88C /* qrcode.jpg */; };
		A7AB3AE31B0CDEB00021A88C /* round_back.png in Resources */ = {isa = PBXBuildFile; fileRef = A7AB3ACA1B0CDEB00021A88C /* round_back.png */; };
		A7AB3AE41B0CDEB00021A88C /* scan_box.png in Resources */ = {isa = PBXBuildFile; fileRef = A7AB3ACB1B0CDEB00021A88C /* scan_box.png */; };
		A7AB3AE51B0CDEB00021A88C /* scan_line.png in Resources */ = {isa = PBXBuildFile; fileRef = A7AB3ACC1B0CDEB00021A88C /* scan_line.png */; };
		A7AB3AE61B0CDEB00021A88C /* splash.png in Resources */ = {isa = PBXBuildFile; fileRef = A7AB3ACD1B0CDEB00021A88C /* splash.png */; };
		A7AB3AE71B0CDEB00021A88C /* xiaohei_big.jpg in Resources */ = {isa = PBXBuildFile; fileRef = A7AB3ACE1B0CDEB00021A88C /* xiaohei_big.jpg */; };
		A7AB3AFB1B0CDEE50021A88C /* MBProgressHUD.m in Sources */ = {isa = PBXBuildFile; fileRef = A7AB3AEB1B0CDEE50021A88C /* MBProgressHUD.m */; };
		A7AB3AFE1B0CDEF70021A88C /* tessdata in Resources */ = {isa = PBXBuildFile; fileRef = A7AB3AFD1B0CDEF70021A88C /* tessdata */; };
		A7AB3BBC1B0CDF7A0021A88C /* AnimCollectionViewCell.m in Sources */ = {isa = PBXBuildFile; fileRef = A7AB3B5A1B0CDF7A0021A88C /* AnimCollectionViewCell.m */; };
		A7AB3BBD1B0CDF7A0021A88C /* AnimViewController.m in Sources */ = {isa = PBXBuildFile; fileRef = A7AB3B5C1B0CDF7A0021A88C /* AnimViewController.m */; };
		A7AB3BC01B0CDF7A0021A88C /* DisplayMovieViewController.m in Sources */ = {isa = PBXBuildFile; fileRef = A7AB3B631B0CDF7A0021A88C /* DisplayMovieViewController.m */; };
		A7AB3BC11B0CDF7A0021A88C /* FontCollectionViewCell.m in Sources */ = {isa = PBXBuildFile; fileRef = A7AB3B651B0CDF7A0021A88C /* FontCollectionViewCell.m */; };
		A7AB3BC21B0CDF7A0021A88C /* GuideViewController.m in Sources */ = {isa = PBXBuildFile; fileRef = A7AB3B671B0CDF7A0021A88C /* GuideViewController.m */; };
		A7AB3BC61B0CDF7A0021A88C /* MainViewController.m in Sources */ = {isa = PBXBuildFile; fileRef = A7AB3B7D1B0CDF7A0021A88C /* MainViewController.m */; };
		A7AB3BC71B0CDF7A0021A88C /* ModelTableViewCell.m in Sources */ = {isa = PBXBuildFile; fileRef = A7AB3B7F1B0CDF7A0021A88C /* ModelTableViewCell.m */; };
		A7AB3BC81B0CDF7A0021A88C /* NetManager.m in Sources */ = {isa = PBXBuildFile; fileRef = A7AB3B811B0CDF7A0021A88C /* NetManager.m */; };
		A7AB3BC91B0CDF7A0021A88C /* NetParamFactory.m in Sources */ = {isa = PBXBuildFile; fileRef = A7AB3B831B0CDF7A0021A88C /* NetParamFactory.m */; };
		A7AB3BCA1B0CDF7A0021A88C /* PageViewController.m in Sources */ = {isa = PBXBuildFile; fileRef = A7AB3B851B0CDF7A0021A88C /* PageViewController.m */; };
		A7AB3BCB1B0CDF7A0021A88C /* PageViewTableViewCell.m in Sources */ = {isa = PBXBuildFile; fileRef = A7AB3B871B0CDF7A0021A88C /* PageViewTableViewCell.m */; };
		A7AB3BCC1B0CDF7A0021A88C /* RegisterViewController.m in Sources */ = {isa = PBXBuildFile; fileRef = A7AB3B8A1B0CDF7A0021A88C /* RegisterViewController.m */; };
		A7AB3BE61B0CDF7A0021A88C /* ResultViewController.m in Sources */ = {isa = PBXBuildFile; fileRef = A7AB3BA61B0CDF7A0021A88C /* ResultViewController.m */; };
		A7AB3BE71B0CDF7A0021A88C /* ScanViewController.m in Sources */ = {isa = PBXBuildFile; fileRef = A7AB3BA81B0CDF7A0021A88C /* ScanViewController.m */; };
		A7AB3BE81B0CDF7A0021A88C /* SplashViewController.m in Sources */ = {isa = PBXBuildFile; fileRef = A7AB3BAA1B0CDF7A0021A88C /* SplashViewController.m */; };
		A7AB3BE91B0CDF7A0021A88C /* StoreViewController.m in Sources */ = {isa = PBXBuildFile; fileRef = A7AB3BAC1B0CDF7A0021A88C /* StoreViewController.m */; };
		A7AB3BEA1B0CDF7A0021A88C /* StoreViewTableViewCell.m in Sources */ = {isa = PBXBuildFile; fileRef = A7AB3BAE1B0CDF7A0021A88C /* StoreViewTableViewCell.m */; };
		A7AB3BF51B0CDF7A0021A88C /* UserViewController.m in Sources */ = {isa = PBXBuildFile; fileRef = A7AB3BBB1B0CDF7A0021A88C /* UserViewController.m */; };
		A7AB3C011B0CE05C0021A88C /* DataUtil.m in Sources */ = {isa = PBXBuildFile; fileRef = A7AB3BFA1B0CE05C0021A88C /* DataUtil.m */; };
		A7AB3C021B0CE05C0021A88C /* NSObject+Delay.m in Sources */ = {isa = PBXBuildFile; fileRef = A7AB3BFC1B0CE05C0021A88C /* NSObject+Delay.m */; };
		A7AB3C031B0CE05C0021A88C /* NSObject+JSON.m in Sources */ = {isa = PBXBuildFile; fileRef = A7AB3BFE1B0CE05C0021A88C /* NSObject+JSON.m */; };
		A7AB3C041B0CE05C0021A88C /* Util.m in Sources */ = {isa = PBXBuildFile; fileRef = A7AB3C001B0CE05C0021A88C /* Util.m */; };
		A7AB3C061B0CE0C20021A88C /* libz.dylib in Frameworks */ = {isa = PBXBuildFile; fileRef = A7AB3C051B0CE0C20021A88C /* libz.dylib */; };
		A7AB3C081B0CE0CE0021A88C /* libstdc++.dylib in Frameworks */ = {isa = PBXBuildFile; fileRef = A7AB3C071B0CE0CE0021A88C /* libstdc++.dylib */; };
		A7AB3C0A1B0CE0D50021A88C /* ImageIO.framework in Frameworks */ = {isa = PBXBuildFile; fileRef = A7AB3C091B0CE0D50021A88C /* ImageIO.framework */; };
		A7AB3C0C1B0CE0E00021A88C /* Security.framework in Frameworks */ = {isa = PBXBuildFile; fileRef = A7AB3C0B1B0CE0E00021A88C /* Security.framework */; };
		A7AB3C0E1B0CE0E90021A88C /* QuartzCore.framework in Frameworks */ = {isa = PBXBuildFile; fileRef = A7AB3C0D1B0CE0E80021A88C /* QuartzCore.framework */; };
		A7AB3C101B0CE0F50021A88C /* AudioToolbox.framework in Frameworks */ = {isa = PBXBuildFile; fileRef = A7AB3C0F1B0CE0F50021A88C /* AudioToolbox.framework */; };
		A7AB3C121B0CE1000021A88C /* CoreGraphics.framework in Frameworks */ = {isa = PBXBuildFile; fileRef = A7AB3C111B0CE1000021A88C /* CoreGraphics.framework */; };
		A7AB3C141B0CE10E0021A88C /* SystemConfiguration.framework in Frameworks */ = {isa = PBXBuildFile; fileRef = A7AB3C131B0CE10E0021A88C /* SystemConfiguration.framework */; };
		A7AB3C161B0CE1190021A88C /* CoreTelephony.framework in Frameworks */ = {isa = PBXBuildFile; fileRef = A7AB3C151B0CE1190021A88C /* CoreTelephony.framework */; };
		A7AB3C181B0CE1250021A88C /* MobileCoreServices.framework in Frameworks */ = {isa = PBXBuildFile; fileRef = A7AB3C171B0CE1250021A88C /* MobileCoreServices.framework */; };
		A7AB3C1A1B0CE13B0021A88C /* libicucore.dylib in Frameworks */ = {isa = PBXBuildFile; fileRef = A7AB3C191B0CE13B0021A88C /* libicucore.dylib */; };
		A7AB3C1C1B0CE1460021A88C /* MessageUI.framework in Frameworks */ = {isa = PBXBuildFile; fileRef = A7AB3C1B1B0CE1460021A88C /* MessageUI.framework */; };
		A7AB3C1E1B0CE14E0021A88C /* Foundation.framework in Frameworks */ = {isa = PBXBuildFile; fileRef = A7AB3C1D1B0CE14E0021A88C /* Foundation.framework */; };
		DFBBCEB437B7573AD0206F00 /* libPods-chrnword.a in Frameworks */ = {isa = PBXBuildFile; fileRef = 09D702C08F01F4F8A1909725 /* libPods-chrnword.a */; };
/* End PBXBuildFile section */

/* Begin PBXFileReference section */
		09D702C08F01F4F8A1909725 /* libPods-chrnword.a */ = {isa = PBXFileReference; explicitFileType = archive.ar; includeInIndex = 0; path = "libPods-chrnword.a"; sourceTree = BUILT_PRODUCTS_DIR; };
		7D930C8CE5B1C4182F30E0E4 /* Pods-chrnword.release.xcconfig */ = {isa = PBXFileReference; includeInIndex = 1; lastKnownFileType = text.xcconfig; name = "Pods-chrnword.release.xcconfig"; path = "Pods/Target Support Files/Pods-chrnword/Pods-chrnword.release.xcconfig"; sourceTree = "<group>"; };
		87DEA6C986333657F039CECF /* Pods-chrnword.debug.xcconfig */ = {isa = PBXFileReference; includeInIndex = 1; lastKnownFileType = text.xcconfig; name = "Pods-chrnword.debug.xcconfig"; path = "Pods/Target Support Files/Pods-chrnword/Pods-chrnword.debug.xcconfig"; sourceTree = "<group>"; };
		A77A10C41B0CD2C500035743 /* chrnword.app */ = {isa = PBXFileReference; explicitFileType = wrapper.application; includeInIndex = 0; path = chrnword.app; sourceTree = BUILT_PRODUCTS_DIR; };
		A77A10C81B0CD2C500035743 /* Info.plist */ = {isa = PBXFileReference; lastKnownFileType = text.plist.xml; path = Info.plist; sourceTree = "<group>"; };
		A77A10C91B0CD2C500035743 /* main.m */ = {isa = PBXFileReference; lastKnownFileType = sourcecode.c.objc; path = main.m; sourceTree = "<group>"; };
		A77A10CB1B0CD2C500035743 /* AppDelegate.h */ = {isa = PBXFileReference; lastKnownFileType = sourcecode.c.h; path = AppDelegate.h; sourceTree = "<group>"; };
		A77A10CC1B0CD2C500035743 /* AppDelegate.m */ = {isa = PBXFileReference; lastKnownFileType = sourcecode.c.objc; path = AppDelegate.m; sourceTree = "<group>"; };
		A77A10CE1B0CD2C500035743 /* ViewController.h */ = {isa = PBXFileReference; lastKnownFileType = sourcecode.c.h; path = ViewController.h; sourceTree = "<group>"; };
		A77A10CF1B0CD2C600035743 /* ViewController.m */ = {isa = PBXFileReference; lastKnownFileType = sourcecode.c.objc; path = ViewController.m; sourceTree = "<group>"; };
		A77A10D21B0CD2C600035743 /* Base */ = {isa = PBXFileReference; lastKnownFileType = file.storyboard; name = Base; path = Base.lproj/Main.storyboard; sourceTree = "<group>"; };
		A77A10D41B0CD2C600035743 /* Images.xcassets */ = {isa = PBXFileReference; lastKnownFileType = folder.assetcatalog; path = Images.xcassets; sourceTree = "<group>"; };
		A77A10D71B0CD2C600035743 /* Base */ = {isa = PBXFileReference; lastKnownFileType = file.xib; name = Base; path = Base.lproj/LaunchScreen.xib; sourceTree = "<group>"; };
		A77A10E21B0CD2C600035743 /* Info.plist */ = {isa = PBXFileReference; lastKnownFileType = text.plist.xml; path = Info.plist; sourceTree = "<group>"; };
		A77A10E31B0CD2C600035743 /* chrnwordTests.m */ = {isa = PBXFileReference; lastKnownFileType = sourcecode.c.objc; path = chrnwordTests.m; sourceTree = "<group>"; };
		A7AB3AB61B0CDEB00021A88C /* btn_start.png */ = {isa = PBXFileReference; lastKnownFileType = image.png; path = btn_start.png; sourceTree = "<group>"; };
		A7AB3AB71B0CDEB00021A88C /* flag_blue.png */ = {isa = PBXFileReference; lastKnownFileType = image.png; path = flag_blue.png; sourceTree = "<group>"; };
		A7AB3AB81B0CDEB00021A88C /* flag_green.png */ = {isa = PBXFileReference; lastKnownFileType = image.png; path = flag_green.png; sourceTree = "<group>"; };
		A7AB3AB91B0CDEB00021A88C /* flag_grey.png */ = {isa = PBXFileReference; lastKnownFileType = image.png; path = flag_grey.png; sourceTree = "<group>"; };
		A7AB3ABA1B0CDEB00021A88C /* flag_red.png */ = {isa = PBXFileReference; lastKnownFileType = image.png; path = flag_red.png; sourceTree = "<group>"; };
		A7AB3ABB1B0CDEB00021A88C /* flag_yellow.png */ = {isa = PBXFileReference; lastKnownFileType = image.png; path = flag_yellow.png; sourceTree = "<group>"; };
		A7AB3ABC1B0CDEB00021A88C /* guide_1.png */ = {isa = PBXFileReference; lastKnownFileType = image.png; path = guide_1.png; sourceTree = "<group>"; };
		A7AB3ABD1B0CDEB00021A88C /* guide_2.png */ = {isa = PBXFileReference; lastKnownFileType = image.png; path = guide_2.png; sourceTree = "<group>"; };
		A7AB3ABE1B0CDEB00021A88C /* guide_3.png */ = {isa = PBXFileReference; lastKnownFileType = image.png; path = guide_3.png; sourceTree = "<group>"; };
		A7AB3ABF1B0CDEB00021A88C /* icon1_03.png */ = {isa = PBXFileReference; lastKnownFileType = image.png; path = icon1_03.png; sourceTree = "<group>"; };
		A7AB3AC01B0CDEB00021A88C /* image_sample.jpg */ = {isa = PBXFileReference; lastKnownFileType = image.jpeg; path = image_sample.jpg; sourceTree = "<group>"; };
		A7AB3AC11B0CDEB00021A88C /* img_search.png */ = {isa = PBXFileReference; lastKnownFileType = image.png; path = img_search.png; sourceTree = "<group>"; };
		A7AB3AC21B0CDEB00021A88C /* inco_louncher.png */ = {isa = PBXFileReference; lastKnownFileType = image.png; path = inco_louncher.png; sourceTree = "<group>"; };
		A7AB3AC31B0CDEB00021A88C /* index.png */ = {isa = PBXFileReference; lastKnownFileType = image.png; path = index.png; sourceTree = "<group>"; };
		A7AB3AC41B0CDEB00021A88C /* index_back.png */ = {isa = PBXFileReference; lastKnownFileType = image.png; path = index_back.png; sourceTree = "<group>"; };
		A7AB3AC51B0CDEB00021A88C /* inon_lock.png */ = {isa = PBXFileReference; lastKnownFileType = image.png; path = inon_lock.png; sourceTree = "<group>"; };
		A7AB3AC61B0CDEB00021A88C /* item_home.png */ = {isa = PBXFileReference; lastKnownFileType = image.png; path = item_home.png; sourceTree = "<group>"; };
		A7AB3AC71B0CDEB00021A88C /* item_shop.png */ = {isa = PBXFileReference; lastKnownFileType = image.png; path = item_shop.png; sourceTree = "<group>"; };
		A7AB3AC81B0CDEB00021A88C /* item_user.png */ = {isa = PBXFileReference; lastKnownFileType = image.png; path = item_user.png; sourceTree = "<group>"; };
		A7AB3AC91B0CDEB00021A88C /* qrcode.jpg */ = {isa = PBXFileReference; lastKnownFileType = image.jpeg; path = qrcode.jpg; sourceTree = "<group>"; };
		A7AB3ACA1B0CDEB00021A88C /* round_back.png */ = {isa = PBXFileReference; lastKnownFileType = image.png; path = round_back.png; sourceTree = "<group>"; };
		A7AB3ACB1B0CDEB00021A88C /* scan_box.png */ = {isa = PBXFileReference; lastKnownFileType = image.png; path = scan_box.png; sourceTree = "<group>"; };
		A7AB3ACC1B0CDEB00021A88C /* scan_line.png */ = {isa = PBXFileReference; lastKnownFileType = image.png; path = scan_line.png; sourceTree = "<group>"; };
		A7AB3ACD1B0CDEB00021A88C /* splash.png */ = {isa = PBXFileReference; lastKnownFileType = image.png; path = splash.png; sourceTree = "<group>"; };
		A7AB3ACE1B0CDEB00021A88C /* xiaohei_big.jpg */ = {isa = PBXFileReference; lastKnownFileType = image.jpeg; path = xiaohei_big.jpg; sourceTree = "<group>"; };
		A7AB3AEA1B0CDEE50021A88C /* MBProgressHUD.h */ = {isa = PBXFileReference; fileEncoding = 4; lastKnownFileType = sourcecode.c.h; path = MBProgressHUD.h; sourceTree = "<group>"; };
		A7AB3AEB1B0CDEE50021A88C /* MBProgressHUD.m */ = {isa = PBXFileReference; fileEncoding = 4; lastKnownFileType = sourcecode.c.objc; path = MBProgressHUD.m; sourceTree = "<group>"; };
		A7AB3AEF1B0CDEE50021A88C /* SDImageCache.h */ = {isa = PBXFileReference; fileEncoding = 4; lastKnownFileType = sourcecode.c.h; path = SDImageCache.h; sourceTree = "<group>"; };
		A7AB3AF01B0CDEE50021A88C /* SDWebImageCompat.h */ = {isa = PBXFileReference; fileEncoding = 4; lastKnownFileType = sourcecode.c.h; path = SDWebImageCompat.h; sourceTree = "<group>"; };
		A7AB3AF11B0CDEE50021A88C /* SDWebImageDecoder.h */ = {isa = PBXFileReference; fileEncoding = 4; lastKnownFileType = sourcecode.c.h; path = SDWebImageDecoder.h; sourceTree = "<group>"; };
		A7AB3AF21B0CDEE50021A88C /* SDWebImageDownloader.h */ = {isa = PBXFileReference; fileEncoding = 4; lastKnownFileType = sourcecode.c.h; path = SDWebImageDownloader.h; sourceTree = "<group>"; };
		A7AB3AF31B0CDEE50021A88C /* SDWebImageDownloaderOperation.h */ = {isa = PBXFileReference; fileEncoding = 4; lastKnownFileType = sourcecode.c.h; path = SDWebImageDownloaderOperation.h; sourceTree = "<group>"; };
		A7AB3AF41B0CDEE50021A88C /* SDWebImageManager.h */ = {isa = PBXFileReference; fileEncoding = 4; lastKnownFileType = sourcecode.c.h; path = SDWebImageManager.h; sourceTree = "<group>"; };
		A7AB3AF51B0CDEE50021A88C /* SDWebImageOperation.h */ = {isa = PBXFileReference; fileEncoding = 4; lastKnownFileType = sourcecode.c.h; path = SDWebImageOperation.h; sourceTree = "<group>"; };
		A7AB3AF61B0CDEE50021A88C /* SDWebImagePrefetcher.h */ = {isa = PBXFileReference; fileEncoding = 4; lastKnownFileType = sourcecode.c.h; path = SDWebImagePrefetcher.h; sourceTree = "<group>"; };
		A7AB3AF71B0CDEE50021A88C /* UIButton+WebCache.h */ = {isa = PBXFileReference; fileEncoding = 4; lastKnownFileType = sourcecode.c.h; path = "UIButton+WebCache.h"; sourceTree = "<group>"; };
		A7AB3AF81B0CDEE50021A88C /* UIImageView+HighlightedWebCache.h */ = {isa = PBXFileReference; fileEncoding = 4; lastKnownFileType = sourcecode.c.h; path = "UIImageView+HighlightedWebCache.h"; sourceTree = "<group>"; };
		A7AB3AF91B0CDEE50021A88C /* UIImageView+WebCache.h */ = {isa = PBXFileReference; fileEncoding = 4; lastKnownFileType = sourcecode.c.h; path = "UIImageView+WebCache.h"; sourceTree = "<group>"; };
		A7AB3AFA1B0CDEE50021A88C /* libSDWebImage_universal.a */ = {isa = PBXFileReference; lastKnownFileType = archive.ar; path = libSDWebImage_universal.a; sourceTree = "<group>"; };
		A7AB3AFD1B0CDEF70021A88C /* tessdata */ = {isa = PBXFileReference; lastKnownFileType = folder; name = tessdata; path = chrnword/tessdata; sourceTree = "<group>"; };
		A7AB3B591B0CDF7A0021A88C /* AnimCollectionViewCell.h */ = {isa = PBXFileReference; fileEncoding = 4; lastKnownFileType = sourcecode.c.h; path = AnimCollectionViewCell.h; sourceTree = "<group>"; };
		A7AB3B5A1B0CDF7A0021A88C /* AnimCollectionViewCell.m */ = {isa = PBXFileReference; fileEncoding = 4; lastKnownFileType = sourcecode.c.objc; path = AnimCollectionViewCell.m; sourceTree = "<group>"; };
		A7AB3B5B1B0CDF7A0021A88C /* AnimViewController.h */ = {isa = PBXFileReference; fileEncoding = 4; lastKnownFileType = sourcecode.c.h; path = AnimViewController.h; sourceTree = "<group>"; };
		A7AB3B5C1B0CDF7A0021A88C /* AnimViewController.m */ = {isa = PBXFileReference; fileEncoding = 4; lastKnownFileType = sourcecode.c.objc; path = AnimViewController.m; sourceTree = "<group>"; };
		A7AB3B621B0CDF7A0021A88C /* DisplayMovieViewController.h */ = {isa = PBXFileReference; fileEncoding = 4; lastKnownFileType = sourcecode.c.h; path = DisplayMovieViewController.h; sourceTree = "<group>"; };
		A7AB3B631B0CDF7A0021A88C /* DisplayMovieViewController.m */ = {isa = PBXFileReference; fileEncoding = 4; lastKnownFileType = sourcecode.c.objc; path = DisplayMovieViewController.m; sourceTree = "<group>"; };
		A7AB3B641B0CDF7A0021A88C /* FontCollectionViewCell.h */ = {isa = PBXFileReference; fileEncoding = 4; lastKnownFileType = sourcecode.c.h; path = FontCollectionViewCell.h; sourceTree = "<group>"; };
		A7AB3B651B0CDF7A0021A88C /* FontCollectionViewCell.m */ = {isa = PBXFileReference; fileEncoding = 4; lastKnownFileType = sourcecode.c.objc; path = FontCollectionViewCell.m; sourceTree = "<group>"; };
		A7AB3B661B0CDF7A0021A88C /* GuideViewController.h */ = {isa = PBXFileReference; fileEncoding = 4; lastKnownFileType = sourcecode.c.h; path = GuideViewController.h; sourceTree = "<group>"; };
		A7AB3B671B0CDF7A0021A88C /* GuideViewController.m */ = {isa = PBXFileReference; fileEncoding = 4; lastKnownFileType = sourcecode.c.objc; path = GuideViewController.m; sourceTree = "<group>"; };
		A7AB3B7C1B0CDF7A0021A88C /* MainViewController.h */ = {isa = PBXFileReference; fileEncoding = 4; lastKnownFileType = sourcecode.c.h; path = MainViewController.h; sourceTree = "<group>"; };
		A7AB3B7D1B0CDF7A0021A88C /* MainViewController.m */ = {isa = PBXFileReference; fileEncoding = 4; lastKnownFileType = sourcecode.c.objc; path = MainViewController.m; sourceTree = "<group>"; };
		A7AB3B7E1B0CDF7A0021A88C /* ModelTableViewCell.h */ = {isa = PBXFileReference; fileEncoding = 4; lastKnownFileType = sourcecode.c.h; path = ModelTableViewCell.h; sourceTree = "<group>"; };
		A7AB3B7F1B0CDF7A0021A88C /* ModelTableViewCell.m */ = {isa = PBXFileReference; fileEncoding = 4; lastKnownFileType = sourcecode.c.objc; path = ModelTableViewCell.m; sourceTree = "<group>"; };
		A7AB3B801B0CDF7A0021A88C /* NetManager.h */ = {isa = PBXFileReference; fileEncoding = 4; lastKnownFileType = sourcecode.c.h; path = NetManager.h; sourceTree = "<group>"; };
		A7AB3B811B0CDF7A0021A88C /* NetManager.m */ = {isa = PBXFileReference; fileEncoding = 4; lastKnownFileType = sourcecode.c.objc; path = NetManager.m; sourceTree = "<group>"; };
		A7AB3B821B0CDF7A0021A88C /* NetParamFactory.h */ = {isa = PBXFileReference; fileEncoding = 4; lastKnownFileType = sourcecode.c.h; path = NetParamFactory.h; sourceTree = "<group>"; };
		A7AB3B831B0CDF7A0021A88C /* NetParamFactory.m */ = {isa = PBXFileReference; fileEncoding = 4; lastKnownFileType = sourcecode.c.objc; path = NetParamFactory.m; sourceTree = "<group>"; };
		A7AB3B841B0CDF7A0021A88C /* PageViewController.h */ = {isa = PBXFileReference; fileEncoding = 4; lastKnownFileType = sourcecode.c.h; path = PageViewController.h; sourceTree = "<group>"; };
		A7AB3B851B0CDF7A0021A88C /* PageViewController.m */ = {isa = PBXFileReference; fileEncoding = 4; lastKnownFileType = sourcecode.c.objc; path = PageViewController.m; sourceTree = "<group>"; };
		A7AB3B861B0CDF7A0021A88C /* PageViewTableViewCell.h */ = {isa = PBXFileReference; fileEncoding = 4; lastKnownFileType = sourcecode.c.h; path = PageViewTableViewCell.h; sourceTree = "<group>"; };
		A7AB3B871B0CDF7A0021A88C /* PageViewTableViewCell.m */ = {isa = PBXFileReference; fileEncoding = 4; lastKnownFileType = sourcecode.c.objc; path = PageViewTableViewCell.m; sourceTree = "<group>"; };
		A7AB3B881B0CDF7A0021A88C /* PrefixHeader.pch */ = {isa = PBXFileReference; fileEncoding = 4; lastKnownFileType = sourcecode.c.h; path = PrefixHeader.pch; sourceTree = "<group>"; };
		A7AB3B891B0CDF7A0021A88C /* RegisterViewController.h */ = {isa = PBXFileReference; fileEncoding = 4; lastKnownFileType = sourcecode.c.h; path = RegisterViewController.h; sourceTree = "<group>"; };
		A7AB3B8A1B0CDF7A0021A88C /* RegisterViewController.m */ = {isa = PBXFileReference; fileEncoding = 4; lastKnownFileType = sourcecode.c.objc; path = RegisterViewController.m; sourceTree = "<group>"; };
		A7AB3BA51B0CDF7A0021A88C /* ResultViewController.h */ = {isa = PBXFileReference; fileEncoding = 4; lastKnownFileType = sourcecode.c.h; path = ResultViewController.h; sourceTree = "<group>"; };
		A7AB3BA61B0CDF7A0021A88C /* ResultViewController.m */ = {isa = PBXFileReference; fileEncoding = 4; lastKnownFileType = sourcecode.c.objc; path = ResultViewController.m; sourceTree = "<group>"; };
		A7AB3BA71B0CDF7A0021A88C /* ScanViewController.h */ = {isa = PBXFileReference; fileEncoding = 4; lastKnownFileType = sourcecode.c.h; path = ScanViewController.h; sourceTree = "<group>"; };
		A7AB3BA81B0CDF7A0021A88C /* ScanViewController.m */ = {isa = PBXFileReference; fileEncoding = 4; lastKnownFileType = sourcecode.c.objc; path = ScanViewController.m; sourceTree = "<group>"; };
		A7AB3BA91B0CDF7A0021A88C /* SplashViewController.h */ = {isa = PBXFileReference; fileEncoding = 4; lastKnownFileType = sourcecode.c.h; path = SplashViewController.h; sourceTree = "<group>"; };
		A7AB3BAA1B0CDF7A0021A88C /* SplashViewController.m */ = {isa = PBXFileReference; fileEncoding = 4; lastKnownFileType = sourcecode.c.objc; path = SplashViewController.m; sourceTree = "<group>"; };
		A7AB3BAB1B0CDF7A0021A88C /* StoreViewController.h */ = {isa = PBXFileReference; fileEncoding = 4; lastKnownFileType = sourcecode.c.h; path = StoreViewController.h; sourceTree = "<group>"; };
		A7AB3BAC1B0CDF7A0021A88C /* StoreViewController.m */ = {isa = PBXFileReference; fileEncoding = 4; lastKnownFileType = sourcecode.c.objc; path = StoreViewController.m; sourceTree = "<group>"; };
		A7AB3BAD1B0CDF7A0021A88C /* StoreViewTableViewCell.h */ = {isa = PBXFileReference; fileEncoding = 4; lastKnownFileType = sourcecode.c.h; path = StoreViewTableViewCell.h; sourceTree = "<group>"; };
		A7AB3BAE1B0CDF7A0021A88C /* StoreViewTableViewCell.m */ = {isa = PBXFileReference; fileEncoding = 4; lastKnownFileType = sourcecode.c.objc; path = StoreViewTableViewCell.m; sourceTree = "<group>"; };
		A7AB3BBA1B0CDF7A0021A88C /* UserViewController.h */ = {isa = PBXFileReference; fileEncoding = 4; lastKnownFileType = sourcecode.c.h; path = UserViewController.h; sourceTree = "<group>"; };
		A7AB3BBB1B0CDF7A0021A88C /* UserViewController.m */ = {isa = PBXFileReference; fileEncoding = 4; lastKnownFileType = sourcecode.c.objc; path = UserViewController.m; sourceTree = "<group>"; };
		A7AB3BF91B0CE05C0021A88C /* DataUtil.h */ = {isa = PBXFileReference; fileEncoding = 4; lastKnownFileType = sourcecode.c.h; path = DataUtil.h; sourceTree = "<group>"; };
		A7AB3BFA1B0CE05C0021A88C /* DataUtil.m */ = {isa = PBXFileReference; fileEncoding = 4; lastKnownFileType = sourcecode.c.objc; path = DataUtil.m; sourceTree = "<group>"; };
		A7AB3BFB1B0CE05C0021A88C /* NSObject+Delay.h */ = {isa = PBXFileReference; fileEncoding = 4; lastKnownFileType = sourcecode.c.h; path = "NSObject+Delay.h"; sourceTree = "<group>"; };
		A7AB3BFC1B0CE05C0021A88C /* NSObject+Delay.m */ = {isa = PBXFileReference; fileEncoding = 4; lastKnownFileType = sourcecode.c.objc; path = "NSObject+Delay.m"; sourceTree = "<group>"; };
		A7AB3BFD1B0CE05C0021A88C /* NSObject+JSON.h */ = {isa = PBXFileReference; fileEncoding = 4; lastKnownFileType = sourcecode.c.h; path = "NSObject+JSON.h"; sourceTree = "<group>"; };
		A7AB3BFE1B0CE05C0021A88C /* NSObject+JSON.m */ = {isa = PBXFileReference; fileEncoding = 4; lastKnownFileType = sourcecode.c.objc; path = "NSObject+JSON.m"; sourceTree = "<group>"; };
		A7AB3BFF1B0CE05C0021A88C /* Util.h */ = {isa = PBXFileReference; fileEncoding = 4; lastKnownFileType = sourcecode.c.h; path = Util.h; sourceTree = "<group>"; };
		A7AB3C001B0CE05C0021A88C /* Util.m */ = {isa = PBXFileReference; fileEncoding = 4; lastKnownFileType = sourcecode.c.objc; path = Util.m; sourceTree = "<group>"; };
		A7AB3C051B0CE0C20021A88C /* libz.dylib */ = {isa = PBXFileReference; lastKnownFileType = "compiled.mach-o.dylib"; name = libz.dylib; path = usr/lib/libz.dylib; sourceTree = SDKROOT; };
		A7AB3C071B0CE0CE0021A88C /* libstdc++.dylib */ = {isa = PBXFileReference; lastKnownFileType = "compiled.mach-o.dylib"; name = "libstdc++.dylib"; path = "usr/lib/libstdc++.dylib"; sourceTree = SDKROOT; };
		A7AB3C091B0CE0D50021A88C /* ImageIO.framework */ = {isa = PBXFileReference; lastKnownFileType = wrapper.framework; name = ImageIO.framework; path = System/Library/Frameworks/ImageIO.framework; sourceTree = SDKROOT; };
		A7AB3C0B1B0CE0E00021A88C /* Security.framework */ = {isa = PBXFileReference; lastKnownFileType = wrapper.framework; name = Security.framework; path = System/Library/Frameworks/Security.framework; sourceTree = SDKROOT; };
		A7AB3C0D1B0CE0E80021A88C /* QuartzCore.framework */ = {isa = PBXFileReference; lastKnownFileType = wrapper.framework; name = QuartzCore.framework; path = System/Library/Frameworks/QuartzCore.framework; sourceTree = SDKROOT; };
		A7AB3C0F1B0CE0F50021A88C /* AudioToolbox.framework */ = {isa = PBXFileReference; lastKnownFileType = wrapper.framework; name = AudioToolbox.framework; path = System/Library/Frameworks/AudioToolbox.framework; sourceTree = SDKROOT; };
		A7AB3C111B0CE1000021A88C /* CoreGraphics.framework */ = {isa = PBXFileReference; lastKnownFileType = wrapper.framework; name = CoreGraphics.framework; path = System/Library/Frameworks/CoreGraphics.framework; sourceTree = SDKROOT; };
		A7AB3C131B0CE10E0021A88C /* SystemConfiguration.framework */ = {isa = PBXFileReference; lastKnownFileType = wrapper.framework; name = SystemConfiguration.framework; path = System/Library/Frameworks/SystemConfiguration.framework; sourceTree = SDKROOT; };
		A7AB3C151B0CE1190021A88C /* CoreTelephony.framework */ = {isa = PBXFileReference; lastKnownFileType = wrapper.framework; name = CoreTelephony.framework; path = System/Library/Frameworks/CoreTelephony.framework; sourceTree = SDKROOT; };
		A7AB3C171B0CE1250021A88C /* MobileCoreServices.framework */ = {isa = PBXFileReference; lastKnownFileType = wrapper.framework; name = MobileCoreServices.framework; path = System/Library/Frameworks/MobileCoreServices.framework; sourceTree = SDKROOT; };
		A7AB3C191B0CE13B0021A88C /* libicucore.dylib */ = {isa = PBXFileReference; lastKnownFileType = "compiled.mach-o.dylib"; name = libicucore.dylib; path = usr/lib/libicucore.dylib; sourceTree = SDKROOT; };
		A7AB3C1B1B0CE1460021A88C /* MessageUI.framework */ = {isa = PBXFileReference; lastKnownFileType = wrapper.framework; name = MessageUI.framework; path = System/Library/Frameworks/MessageUI.framework; sourceTree = SDKROOT; };
		A7AB3C1D1B0CE14E0021A88C /* Foundation.framework */ = {isa = PBXFileReference; lastKnownFileType = wrapper.framework; name = Foundation.framework; path = System/Library/Frameworks/Foundation.framework; sourceTree = SDKROOT; };
/* End PBXFileReference section */

/* Begin PBXFrameworksBuildPhase section */
		A77A10C11B0CD2C500035743 /* Frameworks */ = {
			isa = PBXFrameworksBuildPhase;
			buildActionMask = 2147483647;
			files = (
				A7AB3C1E1B0CE14E0021A88C /* Foundation.framework in Frameworks */,
				A7AB3C1C1B0CE1460021A88C /* MessageUI.framework in Frameworks */,
				A7AB3C1A1B0CE13B0021A88C /* libicucore.dylib in Frameworks */,
				A7AB3C181B0CE1250021A88C /* MobileCoreServices.framework in Frameworks */,
				A7AB3C161B0CE1190021A88C /* CoreTelephony.framework in Frameworks */,
				A7AB3C141B0CE10E0021A88C /* SystemConfiguration.framework in Frameworks */,
				A7AB3C121B0CE1000021A88C /* CoreGraphics.framework in Frameworks */,
				A7AB3C101B0CE0F50021A88C /* AudioToolbox.framework in Frameworks */,
				A7AB3C0E1B0CE0E90021A88C /* QuartzCore.framework in Frameworks */,
				A7AB3C0C1B0CE0E00021A88C /* Security.framework in Frameworks */,
				A7AB3C0A1B0CE0D50021A88C /* ImageIO.framework in Frameworks */,
				A7AB3C081B0CE0CE0021A88C /* libstdc++.dylib in Frameworks */,
				A7AB3C061B0CE0C20021A88C /* libz.dylib in Frameworks */,
				DFBBCEB437B7573AD0206F00 /* libPods-chrnword.a in Frameworks */,
			);
			runOnlyForDeploymentPostprocessing = 0;
		};
/* End PBXFrameworksBuildPhase section */

/* Begin PBXGroup section */
		2F0E3A0604B2172C581B867C /* Pods */ = {
			isa = PBXGroup;
			children = (
				87DEA6C986333657F039CECF /* Pods-chrnword.debug.xcconfig */,
				7D930C8CE5B1C4182F30E0E4 /* Pods-chrnword.release.xcconfig */,
			);
			name = Pods;
			sourceTree = "<group>";
		};
		97BCFD123F6332B1AE889ED0 /* Frameworks */ = {
			isa = PBXGroup;
			children = (
				A7AB3C1D1B0CE14E0021A88C /* Foundation.framework */,
				A7AB3C1B1B0CE1460021A88C /* MessageUI.framework */,
				A7AB3C191B0CE13B0021A88C /* libicucore.dylib */,
				A7AB3C171B0CE1250021A88C /* MobileCoreServices.framework */,
				A7AB3C151B0CE1190021A88C /* CoreTelephony.framework */,
				A7AB3C131B0CE10E0021A88C /* SystemConfiguration.framework */,
				A7AB3C111B0CE1000021A88C /* CoreGraphics.framework */,
				A7AB3C0F1B0CE0F50021A88C /* AudioToolbox.framework */,
				A7AB3C0D1B0CE0E80021A88C /* QuartzCore.framework */,
				A7AB3C0B1B0CE0E00021A88C /* Security.framework */,
				A7AB3C091B0CE0D50021A88C /* ImageIO.framework */,
				A7AB3C071B0CE0CE0021A88C /* libstdc++.dylib */,
				A7AB3C051B0CE0C20021A88C /* libz.dylib */,
				09D702C08F01F4F8A1909725 /* libPods-chrnword.a */,
			);
			name = Frameworks;
			sourceTree = "<group>";
		};
		A77A10BB1B0CD2C500035743 = {
			isa = PBXGroup;
			children = (
				A7AB3AFD1B0CDEF70021A88C /* tessdata */,
				A7AB3AE81B0CDEE50021A88C /* libs */,
				A7AB3AB51B0CDEB00021A88C /* Resource */,
				A77A10C61B0CD2C500035743 /* chrnword */,
				A77A10E01B0CD2C600035743 /* chrnwordTests */,
				A77A10C51B0CD2C500035743 /* Products */,
				2F0E3A0604B2172C581B867C /* Pods */,
				97BCFD123F6332B1AE889ED0 /* Frameworks */,
			);
			sourceTree = "<group>";
		};
		A77A10C51B0CD2C500035743 /* Products */ = {
			isa = PBXGroup;
			children = (
				A77A10C41B0CD2C500035743 /* chrnword.app */,
			);
			name = Products;
			sourceTree = "<group>";
		};
		A77A10C61B0CD2C500035743 /* chrnword */ = {
			isa = PBXGroup;
			children = (
				A7AB3BF81B0CE05C0021A88C /* util */,
				A7AB3B401B0CDF2D0021A88C /* classes */,
				A77A10CB1B0CD2C500035743 /* AppDelegate.h */,
				A77A10CC1B0CD2C500035743 /* AppDelegate.m */,
				A77A10CE1B0CD2C500035743 /* ViewController.h */,
				A77A10CF1B0CD2C600035743 /* ViewController.m */,
				A77A10D11B0CD2C600035743 /* Main.storyboard */,
				A77A10D41B0CD2C600035743 /* Images.xcassets */,
				A77A10D61B0CD2C600035743 /* LaunchScreen.xib */,
				A77A10C71B0CD2C500035743 /* Supporting Files */,
			);
			path = chrnword;
			sourceTree = "<group>";
		};
		A77A10C71B0CD2C500035743 /* Supporting Files */ = {
			isa = PBXGroup;
			children = (
				A7AB3B881B0CDF7A0021A88C /* PrefixHeader.pch */,
				A77A10C81B0CD2C500035743 /* Info.plist */,
				A77A10C91B0CD2C500035743 /* main.m */,
			);
			name = "Supporting Files";
			sourceTree = "<group>";
		};
		A77A10E01B0CD2C600035743 /* chrnwordTests */ = {
			isa = PBXGroup;
			children = (
				A77A10E31B0CD2C600035743 /* chrnwordTests.m */,
				A77A10E11B0CD2C600035743 /* Supporting Files */,
			);
			path = chrnwordTests;
			sourceTree = "<group>";
		};
		A77A10E11B0CD2C600035743 /* Supporting Files */ = {
			isa = PBXGroup;
			children = (
				A77A10E21B0CD2C600035743 /* Info.plist */,
			);
			name = "Supporting Files";
			sourceTree = "<group>";
		};
		A7AB3AB51B0CDEB00021A88C /* Resource */ = {
			isa = PBXGroup;
			children = (
				A7AB3AB61B0CDEB00021A88C /* btn_start.png */,
				A7AB3AB71B0CDEB00021A88C /* flag_blue.png */,
				A7AB3AB81B0CDEB00021A88C /* flag_green.png */,
				A7AB3AB91B0CDEB00021A88C /* flag_grey.png */,
				A7AB3ABA1B0CDEB00021A88C /* flag_red.png */,
				A7AB3ABB1B0CDEB00021A88C /* flag_yellow.png */,
				A7AB3ABC1B0CDEB00021A88C /* guide_1.png */,
				A7AB3ABD1B0CDEB00021A88C /* guide_2.png */,
				A7AB3ABE1B0CDEB00021A88C /* guide_3.png */,
				A7AB3ABF1B0CDEB00021A88C /* icon1_03.png */,
				A7AB3AC01B0CDEB00021A88C /* image_sample.jpg */,
				A7AB3AC11B0CDEB00021A88C /* img_search.png */,
				A7AB3AC21B0CDEB00021A88C /* inco_louncher.png */,
				A7AB3AC31B0CDEB00021A88C /* index.png */,
				A7AB3AC41B0CDEB00021A88C /* index_back.png */,
				A7AB3AC51B0CDEB00021A88C /* inon_lock.png */,
				A7AB3AC61B0CDEB00021A88C /* item_home.png */,
				A7AB3AC71B0CDEB00021A88C /* item_shop.png */,
				A7AB3AC81B0CDEB00021A88C /* item_user.png */,
				A7AB3AC91B0CDEB00021A88C /* qrcode.jpg */,
				A7AB3ACA1B0CDEB00021A88C /* round_back.png */,
				A7AB3ACB1B0CDEB00021A88C /* scan_box.png */,
				A7AB3ACC1B0CDEB00021A88C /* scan_line.png */,
				A7AB3ACD1B0CDEB00021A88C /* splash.png */,
				A7AB3ACE1B0CDEB00021A88C /* xiaohei_big.jpg */,
			);
			name = Resource;
			path = chrnword/Resource;
			sourceTree = "<group>";
		};
		A7AB3AE81B0CDEE50021A88C /* libs */ = {
			isa = PBXGroup;
			children = (
				A7AB3AE91B0CDEE50021A88C /* MBProgressHUD */,
				A7AB3AEC1B0CDEE50021A88C /* SDWebImage */,
			);
			name = libs;
			path = chrnword/libs;
			sourceTree = "<group>";
		};
		A7AB3AE91B0CDEE50021A88C /* MBProgressHUD */ = {
			isa = PBXGroup;
			children = (
				A7AB3AEA1B0CDEE50021A88C /* MBProgressHUD.h */,
				A7AB3AEB1B0CDEE50021A88C /* MBProgressHUD.m */,
			);
			path = MBProgressHUD;
			sourceTree = "<group>";
		};
		A7AB3AEC1B0CDEE50021A88C /* SDWebImage */ = {
			isa = PBXGroup;
			children = (
				A7AB3AED1B0CDEE50021A88C /* include */,
				A7AB3AFA1B0CDEE50021A88C /* libSDWebImage_universal.a */,
			);
			path = SDWebImage;
			sourceTree = "<group>";
		};
		A7AB3AED1B0CDEE50021A88C /* include */ = {
			isa = PBXGroup;
			children = (
				A7AB3AEE1B0CDEE50021A88C /* SDWebImage */,
			);
			path = include;
			sourceTree = "<group>";
		};
		A7AB3AEE1B0CDEE50021A88C /* SDWebImage */ = {
			isa = PBXGroup;
			children = (
				A7AB3AEF1B0CDEE50021A88C /* SDImageCache.h */,
				A7AB3AF01B0CDEE50021A88C /* SDWebImageCompat.h */,
				A7AB3AF11B0CDEE50021A88C /* SDWebImageDecoder.h */,
				A7AB3AF21B0CDEE50021A88C /* SDWebImageDownloader.h */,
				A7AB3AF31B0CDEE50021A88C /* SDWebImageDownloaderOperation.h */,
				A7AB3AF41B0CDEE50021A88C /* SDWebImageManager.h */,
				A7AB3AF51B0CDEE50021A88C /* SDWebImageOperation.h */,
				A7AB3AF61B0CDEE50021A88C /* SDWebImagePrefetcher.h */,
				A7AB3AF71B0CDEE50021A88C /* UIButton+WebCache.h */,
				A7AB3AF81B0CDEE50021A88C /* UIImageView+HighlightedWebCache.h */,
				A7AB3AF91B0CDEE50021A88C /* UIImageView+WebCache.h */,
			);
			path = SDWebImage;
			sourceTree = "<group>";
		};
		A7AB3B401B0CDF2D0021A88C /* classes */ = {
			isa = PBXGroup;
			children = (
				A7AB3BF71B0CDFAC0021A88C /* net */,
				A7AB3BF61B0CDFA50021A88C /* cells */,
				A7AB3B5B1B0CDF7A0021A88C /* AnimViewController.h */,
				A7AB3B5C1B0CDF7A0021A88C /* AnimViewController.m */,
				A7AB3B621B0CDF7A0021A88C /* DisplayMovieViewController.h */,
				A7AB3B631B0CDF7A0021A88C /* DisplayMovieViewController.m */,
				A7AB3B661B0CDF7A0021A88C /* GuideViewController.h */,
				A7AB3B671B0CDF7A0021A88C /* GuideViewController.m */,
				A7AB3B7C1B0CDF7A0021A88C /* MainViewController.h */,
				A7AB3B7D1B0CDF7A0021A88C /* MainViewController.m */,
				A7AB3B841B0CDF7A0021A88C /* PageViewController.h */,
				A7AB3B851B0CDF7A0021A88C /* PageViewController.m */,
				A7AB3B891B0CDF7A0021A88C /* RegisterViewController.h */,
				A7AB3B8A1B0CDF7A0021A88C /* RegisterViewController.m */,
				A7AB3BA51B0CDF7A0021A88C /* ResultViewController.h */,
				A7AB3BA61B0CDF7A0021A88C /* ResultViewController.m */,
				A7AB3BA71B0CDF7A0021A88C /* ScanViewController.h */,
				A7AB3BA81B0CDF7A0021A88C /* ScanViewController.m */,
				A7AB3BA91B0CDF7A0021A88C /* SplashViewController.h */,
				A7AB3BAA1B0CDF7A0021A88C /* SplashViewController.m */,
				A7AB3BAB1B0CDF7A0021A88C /* StoreViewController.h */,
				A7AB3BAC1B0CDF7A0021A88C /* StoreViewController.m */,
				A7AB3BBA1B0CDF7A0021A88C /* UserViewController.h */,
				A7AB3BBB1B0CDF7A0021A88C /* UserViewController.m */,
			);
			name = classes;
			sourceTree = "<group>";
		};
		A7AB3BF61B0CDFA50021A88C /* cells */ = {
			isa = PBXGroup;
			children = (
				A7AB3B591B0CDF7A0021A88C /* AnimCollectionViewCell.h */,
				A7AB3B5A1B0CDF7A0021A88C /* AnimCollectionViewCell.m */,
				A7AB3B641B0CDF7A0021A88C /* FontCollectionViewCell.h */,
				A7AB3B651B0CDF7A0021A88C /* FontCollectionViewCell.m */,
				A7AB3B861B0CDF7A0021A88C /* PageViewTableViewCell.h */,
				A7AB3B871B0CDF7A0021A88C /* PageViewTableViewCell.m */,
				A7AB3B7E1B0CDF7A0021A88C /* ModelTableViewCell.h */,
				A7AB3B7F1B0CDF7A0021A88C /* ModelTableViewCell.m */,
				A7AB3BAD1B0CDF7A0021A88C /* StoreViewTableViewCell.h */,
				A7AB3BAE1B0CDF7A0021A88C /* StoreViewTableViewCell.m */,
			);
			name = cells;
			sourceTree = "<group>";
		};
		A7AB3BF71B0CDFAC0021A88C /* net */ = {
			isa = PBXGroup;
			children = (
				A7AB3B801B0CDF7A0021A88C /* NetManager.h */,
				A7AB3B811B0CDF7A0021A88C /* NetManager.m */,
				A7AB3B821B0CDF7A0021A88C /* NetParamFactory.h */,
				A7AB3B831B0CDF7A0021A88C /* NetParamFactory.m */,
			);
			name = net;
			sourceTree = "<group>";
		};
		A7AB3BF81B0CE05C0021A88C /* util */ = {
			isa = PBXGroup;
			children = (
				A7AB3BF91B0CE05C0021A88C /* DataUtil.h */,
				A7AB3BFA1B0CE05C0021A88C /* DataUtil.m */,
				A7AB3BFB1B0CE05C0021A88C /* NSObject+Delay.h */,
				A7AB3BFC1B0CE05C0021A88C /* NSObject+Delay.m */,
				A7AB3BFD1B0CE05C0021A88C /* NSObject+JSON.h */,
				A7AB3BFE1B0CE05C0021A88C /* NSObject+JSON.m */,
				A7AB3BFF1B0CE05C0021A88C /* Util.h */,
				A7AB3C001B0CE05C0021A88C /* Util.m */,
			);
			path = util;
			sourceTree = "<group>";
		};
/* End PBXGroup section */

/* Begin PBXNativeTarget section */
		A77A10C31B0CD2C500035743 /* chrnword */ = {
			isa = PBXNativeTarget;
			buildConfigurationList = A77A10E71B0CD2C600035743 /* Build configuration list for PBXNativeTarget "chrnword" */;
			buildPhases = (
				A2F71855B9F55F057322F33A /* Check Pods Manifest.lock */,
				A77A10C01B0CD2C500035743 /* Sources */,
				A77A10C11B0CD2C500035743 /* Frameworks */,
				A77A10C21B0CD2C500035743 /* Resources */,
				C9C9D85721660B79F8D6BC16 /* Copy Pods Resources */,
			);
			buildRules = (
			);
			dependencies = (
			);
			name = chrnword;
			productName = chrnword;
			productReference = A77A10C41B0CD2C500035743 /* chrnword.app */;
			productType = "com.apple.product-type.application";
		};
/* End PBXNativeTarget section */

/* Begin PBXProject section */
		A77A10BC1B0CD2C500035743 /* Project object */ = {
			isa = PBXProject;
			attributes = {
				LastUpgradeCheck = 0630;
				ORGANIZATIONNAME = chnword;
				TargetAttributes = {
					A77A10C31B0CD2C500035743 = {
						CreatedOnToolsVersion = 6.3.1;
					};
				};
			};
			buildConfigurationList = A77A10BF1B0CD2C500035743 /* Build configuration list for PBXProject "chrnword" */;
			compatibilityVersion = "Xcode 3.2";
			developmentRegion = English;
			hasScannedForEncodings = 0;
			knownRegions = (
				en,
				Base,
			);
			mainGroup = A77A10BB1B0CD2C500035743;
			productRefGroup = A77A10C51B0CD2C500035743 /* Products */;
			projectDirPath = "";
			projectRoot = "";
			targets = (
				A77A10C31B0CD2C500035743 /* chrnword */,
			);
		};
/* End PBXProject section */

/* Begin PBXResourcesBuildPhase section */
		A77A10C21B0CD2C500035743 /* Resources */ = {
			isa = PBXResourcesBuildPhase;
			buildActionMask = 2147483647;
			files = (
				A7AB3AE21B0CDEB00021A88C /* qrcode.jpg in Resources */,
				A77A10D31B0CD2C600035743 /* Main.storyboard in Resources */,
				A7AB3AE71B0CDEB00021A88C /* xiaohei_big.jpg in Resources */,
				A7AB3AD11B0CDEB00021A88C /* flag_green.png in Resources */,
				A7AB3AD51B0CDEB00021A88C /* guide_1.png in Resources */,
				A7AB3AD91B0CDEB00021A88C /* image_sample.jpg in Resources */,
				A7AB3ACF1B0CDEB00021A88C /* btn_start.png in Resources */,
				A7AB3ADD1B0CDEB00021A88C /* index_back.png in Resources */,
				A7AB3AD41B0CDEB00021A88C /* flag_yellow.png in Resources */,
				A7AB3AD31B0CDEB00021A88C /* flag_red.png in Resources */,
				A7AB3AE31B0CDEB00021A88C /* round_back.png in Resources */,
				A7AB3ADA1B0CDEB00021A88C /* img_search.png in Resources */,
				A7AB3AE11B0CDEB00021A88C /* item_user.png in Resources */,
				A7AB3AE51B0CDEB00021A88C /* scan_line.png in Resources */,
				A7AB3AE01B0CDEB00021A88C /* item_shop.png in Resources */,
				A7AB3AD71B0CDEB00021A88C /* guide_3.png in Resources */,
				A7AB3AFE1B0CDEF70021A88C /* tessdata in Resources */,
				A7AB3ADC1B0CDEB00021A88C /* index.png in Resources */,
				A7AB3AD01B0CDEB00021A88C /* flag_blue.png in Resources */,
				A7AB3AD81B0CDEB00021A88C /* icon1_03.png in Resources */,
				A77A10D81B0CD2C600035743 /* LaunchScreen.xib in Resources */,
				A7AB3ADB1B0CDEB00021A88C /* inco_louncher.png in Resources */,
				A7AB3AE41B0CDEB00021A88C /* scan_box.png in Resources */,
				A7AB3ADF1B0CDEB00021A88C /* item_home.png in Resources */,
				A77A10D51B0CD2C600035743 /* Images.xcassets in Resources */,
				A7AB3ADE1B0CDEB00021A88C /* inon_lock.png in Resources */,
				A7AB3AD61B0CDEB00021A88C /* guide_2.png in Resources */,
				A7AB3AE61B0CDEB00021A88C /* splash.png in Resources */,
				A7AB3AD21B0CDEB00021A88C /* flag_grey.png in Resources */,
			);
			runOnlyForDeploymentPostprocessing = 0;
		};
/* End PBXResourcesBuildPhase section */

/* Begin PBXShellScriptBuildPhase section */
		A2F71855B9F55F057322F33A /* Check Pods Manifest.lock */ = {
			isa = PBXShellScriptBuildPhase;
			buildActionMask = 2147483647;
			files = (
			);
			inputPaths = (
			);
			name = "Check Pods Manifest.lock";
			outputPaths = (
			);
			runOnlyForDeploymentPostprocessing = 0;
			shellPath = /bin/sh;
			shellScript = "diff \"${PODS_ROOT}/../Podfile.lock\" \"${PODS_ROOT}/Manifest.lock\" > /dev/null\nif [[ $? != 0 ]] ; then\n    cat << EOM\nerror: The sandbox is not in sync with the Podfile.lock. Run 'pod install' or update your CocoaPods installation.\nEOM\n    exit 1\nfi\n";
			showEnvVarsInLog = 0;
		};
		C9C9D85721660B79F8D6BC16 /* Copy Pods Resources */ = {
			isa = PBXShellScriptBuildPhase;
			buildActionMask = 2147483647;
			files = (
			);
			inputPaths = (
			);
			name = "Copy Pods Resources";
			outputPaths = (
			);
			runOnlyForDeploymentPostprocessing = 0;
			shellPath = /bin/sh;
			shellScript = "\"${SRCROOT}/Pods/Target Support Files/Pods-chrnword/Pods-chrnword-resources.sh\"\n";
			showEnvVarsInLog = 0;
		};
/* End PBXShellScriptBuildPhase section */

/* Begin PBXSourcesBuildPhase section */
		A77A10C01B0CD2C500035743 /* Sources */ = {
			isa = PBXSourcesBuildPhase;
			buildActionMask = 2147483647;
			files = (
				A77A10D01B0CD2C600035743 /* ViewController.m in Sources */,
				A7AB3BBC1B0CDF7A0021A88C /* AnimCollectionViewCell.m in Sources */,
				A77A10CD1B0CD2C500035743 /* AppDelegate.m in Sources */,
				A7AB3BC11B0CDF7A0021A88C /* FontCollectionViewCell.m in Sources */,
				A7AB3BEA1B0CDF7A0021A88C /* StoreViewTableViewCell.m in Sources */,
				A7AB3BC01B0CDF7A0021A88C /* DisplayMovieViewController.m in Sources */,
				A7AB3BC61B0CDF7A0021A88C /* MainViewController.m in Sources */,
				A7AB3BE81B0CDF7A0021A88C /* SplashViewController.m in Sources */,
				A7AB3C021B0CE05C0021A88C /* NSObject+Delay.m in Sources */,
				A7AB3BE61B0CDF7A0021A88C /* ResultViewController.m in Sources */,
				A7AB3BE91B0CDF7A0021A88C /* StoreViewController.m in Sources */,
				A7AB3BC71B0CDF7A0021A88C /* ModelTableViewCell.m in Sources */,
				A7AB3BC91B0CDF7A0021A88C /* NetParamFactory.m in Sources */,
				A7AB3BE71B0CDF7A0021A88C /* ScanViewController.m in Sources */,
				A7AB3BF51B0CDF7A0021A88C /* UserViewController.m in Sources */,
				A77A10CA1B0CD2C500035743 /* main.m in Sources */,
				A7AB3C041B0CE05C0021A88C /* Util.m in Sources */,
				A7AB3BCB1B0CDF7A0021A88C /* PageViewTableViewCell.m in Sources */,
				A7AB3BCA1B0CDF7A0021A88C /* PageViewController.m in Sources */,
				A7AB3BCC1B0CDF7A0021A88C /* RegisterViewController.m in Sources */,
				A7AB3BC21B0CDF7A0021A88C /* GuideViewController.m in Sources */,
				A7AB3BC81B0CDF7A0021A88C /* NetManager.m in Sources */,
				A7AB3C011B0CE05C0021A88C /* DataUtil.m in Sources */,
				A7AB3C031B0CE05C0021A88C /* NSObject+JSON.m in Sources */,
				A7AB3AFB1B0CDEE50021A88C /* MBProgressHUD.m in Sources */,
				A7AB3BBD1B0CDF7A0021A88C /* AnimViewController.m in Sources */,
			);
			runOnlyForDeploymentPostprocessing = 0;
		};
/* End PBXSourcesBuildPhase section */

/* Begin PBXVariantGroup section */
		A77A10D11B0CD2C600035743 /* Main.storyboard */ = {
			isa = PBXVariantGroup;
			children = (
				A77A10D21B0CD2C600035743 /* Base */,
			);
			name = Main.storyboard;
			sourceTree = "<group>";
		};
		A77A10D61B0CD2C600035743 /* LaunchScreen.xib */ = {
			isa = PBXVariantGroup;
			children = (
				A77A10D71B0CD2C600035743 /* Base */,
			);
			name = LaunchScreen.xib;
			sourceTree = "<group>";
		};
/* End PBXVariantGroup section */

/* Begin XCBuildConfiguration section */
		A77A10E51B0CD2C600035743 /* Debug */ = {
			isa = XCBuildConfiguration;
			buildSettings = {
				ALWAYS_SEARCH_USER_PATHS = NO;
				CLANG_CXX_LANGUAGE_STANDARD = "gnu++0x";
				CLANG_CXX_LIBRARY = "libc++";
				CLANG_ENABLE_MODULES = YES;
				CLANG_ENABLE_OBJC_ARC = YES;
				CLANG_WARN_BOOL_CONVERSION = YES;
				CLANG_WARN_CONSTANT_CONVERSION = YES;
				CLANG_WARN_DIRECT_OBJC_ISA_USAGE = YES_ERROR;
				CLANG_WARN_EMPTY_BODY = YES;
				CLANG_WARN_ENUM_CONVERSION = YES;
				CLANG_WARN_INT_CONVERSION = YES;
				CLANG_WARN_OBJC_ROOT_CLASS = YES_ERROR;
				CLANG_WARN_UNREACHABLE_CODE = YES;
				CLANG_WARN__DUPLICATE_METHOD_MATCH = YES;
				"CODE_SIGN_IDENTITY[sdk=iphoneos*]" = "iPhone Developer";
				COPY_PHASE_STRIP = NO;
				DEBUG_INFORMATION_FORMAT = "dwarf-with-dsym";
				ENABLE_STRICT_OBJC_MSGSEND = YES;
				GCC_C_LANGUAGE_STANDARD = gnu99;
				GCC_DYNAMIC_NO_PIC = NO;
				GCC_NO_COMMON_BLOCKS = YES;
				GCC_OPTIMIZATION_LEVEL = 0;
				GCC_PREPROCESSOR_DEFINITIONS = (
					"DEBUG=1",
					"$(inherited)",
				);
				GCC_SYMBOLS_PRIVATE_EXTERN = NO;
				GCC_WARN_64_TO_32_BIT_CONVERSION = YES;
				GCC_WARN_ABOUT_RETURN_TYPE = YES_ERROR;
				GCC_WARN_UNDECLARED_SELECTOR = YES;
				GCC_WARN_UNINITIALIZED_AUTOS = YES_AGGRESSIVE;
				GCC_WARN_UNUSED_FUNCTION = YES;
				GCC_WARN_UNUSED_VARIABLE = YES;
				IPHONEOS_DEPLOYMENT_TARGET = 8.3;
				MTL_ENABLE_DEBUG_INFO = YES;
				ONLY_ACTIVE_ARCH = YES;
				SDKROOT = iphoneos;
				TARGETED_DEVICE_FAMILY = "1,2";
			};
			name = Debug;
		};
		A77A10E61B0CD2C600035743 /* Release */ = {
			isa = XCBuildConfiguration;
			buildSettings = {
				ALWAYS_SEARCH_USER_PATHS = NO;
				CLANG_CXX_LANGUAGE_STANDARD = "gnu++0x";
				CLANG_CXX_LIBRARY = "libc++";
				CLANG_ENABLE_MODULES = YES;
				CLANG_ENABLE_OBJC_ARC = YES;
				CLANG_WARN_BOOL_CONVERSION = YES;
				CLANG_WARN_CONSTANT_CONVERSION = YES;
				CLANG_WARN_DIRECT_OBJC_ISA_USAGE = YES_ERROR;
				CLANG_WARN_EMPTY_BODY = YES;
				CLANG_WARN_ENUM_CONVERSION = YES;
				CLANG_WARN_INT_CONVERSION = YES;
				CLANG_WARN_OBJC_ROOT_CLASS = YES_ERROR;
				CLANG_WARN_UNREACHABLE_CODE = YES;
				CLANG_WARN__DUPLICATE_METHOD_MATCH = YES;
				"CODE_SIGN_IDENTITY[sdk=iphoneos*]" = "iPhone Developer";
				COPY_PHASE_STRIP = NO;
				DEBUG_INFORMATION_FORMAT = "dwarf-with-dsym";
				ENABLE_NS_ASSERTIONS = NO;
				ENABLE_STRICT_OBJC_MSGSEND = YES;
				GCC_C_LANGUAGE_STANDARD = gnu99;
				GCC_NO_COMMON_BLOCKS = YES;
				GCC_WARN_64_TO_32_BIT_CONVERSION = YES;
				GCC_WARN_ABOUT_RETURN_TYPE = YES_ERROR;
				GCC_WARN_UNDECLARED_SELECTOR = YES;
				GCC_WARN_UNINITIALIZED_AUTOS = YES_AGGRESSIVE;
				GCC_WARN_UNUSED_FUNCTION = YES;
				GCC_WARN_UNUSED_VARIABLE = YES;
				IPHONEOS_DEPLOYMENT_TARGET = 8.3;
				MTL_ENABLE_DEBUG_INFO = NO;
				SDKROOT = iphoneos;
				TARGETED_DEVICE_FAMILY = "1,2";
				VALIDATE_PRODUCT = YES;
			};
			name = Release;
		};
		A77A10E81B0CD2C600035743 /* Debug */ = {
			isa = XCBuildConfiguration;
			baseConfigurationReference = 87DEA6C986333657F039CECF /* Pods-chrnword.debug.xcconfig */;
			buildSettings = {
				ASSETCATALOG_COMPILER_APPICON_NAME = AppIcon;
				GCC_PRECOMPILE_PREFIX_HEADER = YES;
				GCC_PREFIX_HEADER = chrnword/PrefixHeader.pch;
				INFOPLIST_FILE = chrnword/Info.plist;
				IPHONEOS_DEPLOYMENT_TARGET = 8.0;
				LD_RUNPATH_SEARCH_PATHS = "$(inherited) @executable_path/Frameworks";
				LIBRARY_SEARCH_PATHS = (
					"$(inherited)",
					"$(PROJECT_DIR)/chrnword/libs/SDWebImage",
				);
				OTHER_LDFLAGS = (
					"$(inherited)",
					"-ObjC",
					"-weak_library",
					"/usr/lib/libstdc++.6.0.9.dylib",
					"-l\"Pods-chrnword-AFNetworking\"",
					"-l\"Pods-chrnword-Kiwi\"",
					"-l\"Pods-chrnword-TesseractOCRiOS\"",
					"-l\"lept\"",
					"-l\"stdc++\"",
					"-l\"tesseract_all\"",
					"-framework",
					"\"CoreGraphics\"",
					"-framework",
					"\"Foundation\"",
					"-framework",
					"\"MobileCoreServices\"",
					"-framework",
					"\"Security\"",
					"-framework",
					"\"SystemConfiguration\"",
					"-framework",
					"\"UIKit\"",
					"-framework",
					"\"XCTest\"",
					"-framework",
					XCTest,
				);
				PRODUCT_NAME = "$(TARGET_NAME)";
			};
			name = Debug;
		};
		A77A10E91B0CD2C600035743 /* Release */ = {
			isa = XCBuildConfiguration;
			baseConfigurationReference = 7D930C8CE5B1C4182F30E0E4 /* Pods-chrnword.release.xcconfig */;
			buildSettings = {
				ASSETCATALOG_COMPILER_APPICON_NAME = AppIcon;
				GCC_PRECOMPILE_PREFIX_HEADER = YES;
				GCC_PREFIX_HEADER = chrnword/PrefixHeader.pch;
				INFOPLIST_FILE = chrnword/Info.plist;
				IPHONEOS_DEPLOYMENT_TARGET = 8.0;
				LD_RUNPATH_SEARCH_PATHS = "$(inherited) @executable_path/Frameworks";
				LIBRARY_SEARCH_PATHS = (
					"$(inherited)",
					"$(PROJECT_DIR)/chrnword/libs/SDWebImage",
				);
				OTHER_LDFLAGS = (
					"$(inherited)",
					"-ObjC",
					"-weak_library",
					"/usr/lib/libstdc++.6.0.9.dylib",
					"-l\"Pods-chrnword-AFNetworking\"",
					"-l\"Pods-chrnword-Kiwi\"",
					"-l\"Pods-chrnword-TesseractOCRiOS\"",
					"-l\"lept\"",
					"-l\"stdc++\"",
					"-l\"tesseract_all\"",
					"-framework",
					"\"CoreGraphics\"",
					"-framework",
					"\"Foundation\"",
					"-framework",
					"\"MobileCoreServices\"",
					"-framework",
					"\"Security\"",
					"-framework",
					"\"SystemConfiguration\"",
					"-framework",
					"\"UIKit\"",
					"-framework",
					"\"XCTest\"",
					"-framework",
					XCTest,
				);
				PRODUCT_NAME = "$(TARGET_NAME)";
			};
			name = Release;
		};
/* End XCBuildConfiguration section */

/* Begin XCConfigurationList section */
		A77A10BF1B0CD2C500035743 /* Build configuration list for PBXProject "chrnword" */ = {
			isa = XCConfigurationList;
			buildConfigurations = (
				A77A10E51B0CD2C600035743 /* Debug */,
				A77A10E61B0CD2C600035743 /* Release */,
			);
			defaultConfigurationIsVisible = 0;
			defaultConfigurationName = Release;
		};
		A77A10E71B0CD2C600035743 /* Build configuration list for PBXNativeTarget "chrnword" */ = {
			isa = XCConfigurationList;
			buildConfigurations = (
				A77A10E81B0CD2C600035743 /* Debug */,
				A77A10E91B0CD2C600035743 /* Release */,
			);
			defaultConfigurationIsVisible = 0;
			defaultConfigurationName = Release;
		};
/* End XCConfigurationList section */
	};
	rootObject = A77A10BC1B0CD2C500035743 /* Project object */;
}
